<?xml version="1.0" encoding="utf-8"?>
<Project ToolsVersion="4.0" xmlns="http://schemas.microsoft.com/developer/msbuild/2003">
  <ItemGroup>
    <Filter Include="Source Files">
      <UniqueIdentifier>{4FC737F1-C7A5-4376-A066-2A32D752A2FF}</UniqueIdentifier>
      <Extensions>c;cpp</Extensions>
    </Filter>
    <Filter Include="Header Files">
      <UniqueIdentifier>{93995380-89BD-4B04-88EB-625FBE52EBFB}</UniqueIdentifier>
      <Extensions>h;hpp</Extensions>
    </Filter>
    <Filter Include="Source Files\blake2">
      <UniqueIdentifier>{A6F0C8B1-2D3E-4F5A-9B7C-1E2D3F4A5B6C}</UniqueIdentifier>
    </Filter>
    <Filter Include="Header Files\blake2">
      <UniqueIdentifier>{B7F1D9C2-3E4F-5A6B-AC8D-2F3E4A5B6C7D}</UniqueIdentifier>
    </Filter>
  </ItemGroup>
  <ItemGroup>
    <ClCompile Include="argon2.c">
      <Filter>Source Files</Filter>
    </ClCompile>
    <ClCompile Include="core.c">
      <Filter>Source Files</Filter>
    </ClCompile>
    <ClCompile Include="encoding.c">
      <Filter>Source Files</Filter>
    </ClCompile>
    <ClCompile Include="ref.c">
      <Filter>Source Files</Filter>
    </ClCompile>
    <ClCompile Include="thread.c">
      <Filter>Source Files</Filter>
    </ClCompile>
    <ClCompile Include="blake2\blake2b.c">
      <Filter>Source Files\blake2</Filter>
    </ClCompile>
  </ItemGroup>
  <ItemGroup>
    <ClInclude Include="..\..\include\argon2\argon2.h">
      <Filter>Header Files</Filter>
    </ClInclude>
    <ClInclude Include="core.h">
      <Filter>Header Files</Filter>
    </ClInclude>
    <ClInclude Include="encoding.h">
      <Filter>Header Files</Filter>
    </ClInclude>
    <ClInclude Include="thread.h">
      <Filter>Header Files</Filter>
    </ClInclude>
    <ClInclude Include="blake2\blake2.h">
      <Filter>Header Files\blake2</Filter>
    </ClInclude>
    <ClInclude Include="blake2\blake2-impl.h">
      <Filter>Header Files\blake2</Filter>
    </ClInclude>
    <ClInclude Include="blake2\blamka-round-ref.h">
      <Filter>Header Files\blake2</Filter>
    </ClInclude>
  </ItemGroup>
</Project>
