
Microsoft Visual Studio Solution File, Format Version 9.00
# Visual Studio 2005
Project("{8BC9CEB8-8B4A-11D0-8D11-00A0C91BC942}") = "generic", "src\server\smsdrv\generic\generic.vcproj", "{9D5A0812-6D82-4B7B-A005-42B99DA3AF6C}"
	ProjectSection(ProjectDependencies) = postProject
		{F5D68B60-7556-4F1D-8A09-7CF188499DE0} = {F5D68B60-7556-4F1D-8A09-7CF188499DE0}
	EndProjectSection
EndProject
Project("{8BC9CEB8-8B4A-11D0-8D11-00A0C91BC942}") = "libnetxms", "src\libnetxms\libnetxms.vcproj", "{575AF913-788D-41BC-A76D-F049001F723C}"
EndProject
Project("{8BC9CEB8-8B4A-11D0-8D11-00A0C91BC942}") = "libnxcl", "src\libnxcl\libnxcl.vcproj", "{E9BBFA5F-4E82-4472-B0E9-3411C68024A7}"
	ProjectSection(ProjectDependencies) = postProject
		{575AF913-788D-41BC-A76D-F049001F723C} = {575AF913-788D-41BC-A76D-F049001F723C}
		{D4442741-5A7D-4E65-AE80-E0F61C076F8A} = {D4442741-5A7D-4E65-AE80-E0F61C076F8A}
	EndProjectSection
EndProject
Project("{8BC9CEB8-8B4A-11D0-8D11-00A0C91BC942}") = "libnxcscp", "src\libnxcscp\libnxcscp.vcproj", "{D4442741-5A7D-4E65-AE80-E0F61C076F8A}"
	ProjectSection(ProjectDependencies) = postProject
		{575AF913-788D-41BC-A76D-F049001F723C} = {575AF913-788D-41BC-A76D-F049001F723C}
	EndProjectSection
EndProject
Project("{8BC9CEB8-8B4A-11D0-8D11-00A0C91BC942}") = "libnxsl", "src\libnxsl\libnxsl.vcproj", "{2C5B51FD-907E-44E1-8C26-F9D4FBA7B6DC}"
	ProjectSection(ProjectDependencies) = postProject
		{575AF913-788D-41BC-A76D-F049001F723C} = {575AF913-788D-41BC-A76D-F049001F723C}
		{D4442741-5A7D-4E65-AE80-E0F61C076F8A} = {D4442741-5A7D-4E65-AE80-E0F61C076F8A}
	EndProjectSection
EndProject
Project("{8BC9CEB8-8B4A-11D0-8D11-00A0C91BC942}") = "libnxsnmp", "src\libnxsnmp\libnxsnmp.vcproj", "{E93D3191-F482-4682-8F46-18B63AACCAD1}"
	ProjectSection(ProjectDependencies) = postProject
		{575AF913-788D-41BC-A76D-F049001F723C} = {575AF913-788D-41BC-A76D-F049001F723C}
	EndProjectSection
EndProject
Project("{8BC9CEB8-8B4A-11D0-8D11-00A0C91BC942}") = "libnxsrv", "src\server\libnxsrv\libnxsrv.vcproj", "{F5D68B60-7556-4F1D-8A09-7CF188499DE0}"
	ProjectSection(ProjectDependencies) = postProject
		{575AF913-788D-41BC-A76D-F049001F723C} = {575AF913-788D-41BC-A76D-F049001F723C}
		{D4442741-5A7D-4E65-AE80-E0F61C076F8A} = {D4442741-5A7D-4E65-AE80-E0F61C076F8A}
	EndProjectSection
EndProject
Project("{8BC9CEB8-8B4A-11D0-8D11-00A0C91BC942}") = "mssql", "src\server\dbdrv\mssql\mssql.vcproj", "{4C502BA9-9867-495F-999B-C60760806BA0}"
	ProjectSection(ProjectDependencies) = postProject
		{575AF913-788D-41BC-A76D-F049001F723C} = {575AF913-788D-41BC-A76D-F049001F723C}
		{F5D68B60-7556-4F1D-8A09-7CF188499DE0} = {F5D68B60-7556-4F1D-8A09-7CF188499DE0}
	EndProjectSection
EndProject
Project("{8BC9CEB8-8B4A-11D0-8D11-00A0C91BC942}") = "mysql", "src\server\dbdrv\mysql\mysql.vcproj", "{5F4ACEB2-335B-4F2A-9727-4409C020828E}"
	ProjectSection(ProjectDependencies) = postProject
		{575AF913-788D-41BC-A76D-F049001F723C} = {575AF913-788D-41BC-A76D-F049001F723C}
		{F5D68B60-7556-4F1D-8A09-7CF188499DE0} = {F5D68B60-7556-4F1D-8A09-7CF188499DE0}
	EndProjectSection
EndProject
Project("{8BC9CEB8-8B4A-11D0-8D11-00A0C91BC942}") = "netxmsd", "src\server\netxmsd\netxmsd.vcproj", "{AE45257E-A829-4026-A3FD-A8E098F27932}"
	ProjectSection(ProjectDependencies) = postProject
		{575AF913-788D-41BC-A76D-F049001F723C} = {575AF913-788D-41BC-A76D-F049001F723C}
		{D4442741-5A7D-4E65-AE80-E0F61C076F8A} = {D4442741-5A7D-4E65-AE80-E0F61C076F8A}
		{E93D3191-F482-4682-8F46-18B63AACCAD1} = {E93D3191-F482-4682-8F46-18B63AACCAD1}
		{D42E8B93-7EEA-460A-B587-B5637E686AF8} = {D42E8B93-7EEA-460A-B587-B5637E686AF8}
	EndProjectSection
EndProject
Project("{8BC9CEB8-8B4A-11D0-8D11-00A0C91BC942}") = "nxaction", "src\server\tools\nxaction\nxaction.vcproj", "{D2814819-28C5-4D17-A139-242C5C9E3AEA}"
	ProjectSection(ProjectDependencies) = postProject
		{575AF913-788D-41BC-A76D-F049001F723C} = {575AF913-788D-41BC-A76D-F049001F723C}
		{D4442741-5A7D-4E65-AE80-E0F61C076F8A} = {D4442741-5A7D-4E65-AE80-E0F61C076F8A}
		{F5D68B60-7556-4F1D-8A09-7CF188499DE0} = {F5D68B60-7556-4F1D-8A09-7CF188499DE0}
	EndProjectSection
EndProject
Project("{8BC9CEB8-8B4A-11D0-8D11-00A0C91BC942}") = "nxadm", "src\server\tools\nxadm\nxadm.vcproj", "{F4CEEE75-50CF-4C4D-BC14-12B7489FAA46}"
	ProjectSection(ProjectDependencies) = postProject
		{575AF913-788D-41BC-A76D-F049001F723C} = {575AF913-788D-41BC-A76D-F049001F723C}
		{F5D68B60-7556-4F1D-8A09-7CF188499DE0} = {F5D68B60-7556-4F1D-8A09-7CF188499DE0}
	EndProjectSection
EndProject
Project("{8BC9CEB8-8B4A-11D0-8D11-00A0C91BC942}") = "nxagentd", "src\agent\core\nxagentd.vcproj", "{D9E73AB4-A9F5-495D-84C5-E575E777DE71}"
	ProjectSection(ProjectDependencies) = postProject
		{575AF913-788D-41BC-A76D-F049001F723C} = {575AF913-788D-41BC-A76D-F049001F723C}
		{D4442741-5A7D-4E65-AE80-E0F61C076F8A} = {D4442741-5A7D-4E65-AE80-E0F61C076F8A}
	EndProjectSection
EndProject
Project("{8BC9CEB8-8B4A-11D0-8D11-00A0C91BC942}") = "nxav", "src\console\nxav\nxav.vcproj", "{CA5FC53F-86D1-4292-8F8B-F6251F6EF7D9}"
	ProjectSection(ProjectDependencies) = postProject
		{575AF913-788D-41BC-A76D-F049001F723C} = {575AF913-788D-41BC-A76D-F049001F723C}
		{D4442741-5A7D-4E65-AE80-E0F61C076F8A} = {D4442741-5A7D-4E65-AE80-E0F61C076F8A}
		{F15D5845-A7D8-4C22-90E7-3CD9D58D4434} = {F15D5845-A7D8-4C22-90E7-3CD9D58D4434}
		{E9BBFA5F-4E82-4472-B0E9-3411C68024A7} = {E9BBFA5F-4E82-4472-B0E9-3411C68024A7}
	EndProjectSection
EndProject
Project("{8BC9CEB8-8B4A-11D0-8D11-00A0C91BC942}") = "nxcon", "src\console\win32\nxcon.vcproj", "{DD5E8D40-0BAB-47EF-98F1-9DF573D26EB0}"
	ProjectSection(ProjectDependencies) = postProject
		{575AF913-788D-41BC-A76D-F049001F723C} = {575AF913-788D-41BC-A76D-F049001F723C}
		{D4442741-5A7D-4E65-AE80-E0F61C076F8A} = {D4442741-5A7D-4E65-AE80-E0F61C076F8A}
		{F15D5845-A7D8-4C22-90E7-3CD9D58D4434} = {F15D5845-A7D8-4C22-90E7-3CD9D58D4434}
		{E9BBFA5F-4E82-4472-B0E9-3411C68024A7} = {E9BBFA5F-4E82-4472-B0E9-3411C68024A7}
		{E93D3191-F482-4682-8F46-18B63AACCAD1} = {E93D3191-F482-4682-8F46-18B63AACCAD1}
	EndProjectSection
EndProject
Project("{8BC9CEB8-8B4A-11D0-8D11-00A0C91BC942}") = "nxconfig", "src\server\tools\nxconfig\nxconfig.vcproj", "{76C44C18-C79D-4F6A-9D16-A0CED732E41A}"
	ProjectSection(ProjectDependencies) = postProject
		{575AF913-788D-41BC-A76D-F049001F723C} = {575AF913-788D-41BC-A76D-F049001F723C}
		{F5D68B60-7556-4F1D-8A09-7CF188499DE0} = {F5D68B60-7556-4F1D-8A09-7CF188499DE0}
	EndProjectSection
EndProject
Project("{8BC9CEB8-8B4A-11D0-8D11-00A0C91BC942}") = "nxcore", "src\server\core\nxcore.vcproj", "{D42E8B93-7EEA-460A-B587-B5637E686AF8}"
	ProjectSection(ProjectDependencies) = postProject
		{575AF913-788D-41BC-A76D-F049001F723C} = {575AF913-788D-41BC-A76D-F049001F723C}
		{D4442741-5A7D-4E65-AE80-E0F61C076F8A} = {D4442741-5A7D-4E65-AE80-E0F61C076F8A}
		{F5D68B60-7556-4F1D-8A09-7CF188499DE0} = {F5D68B60-7556-4F1D-8A09-7CF188499DE0}
		{E93D3191-F482-4682-8F46-18B63AACCAD1} = {E93D3191-F482-4682-8F46-18B63AACCAD1}
		{2C5B51FD-907E-44E1-8C26-F9D4FBA7B6DC} = {2C5B51FD-907E-44E1-8C26-F9D4FBA7B6DC}
	EndProjectSection
EndProject
Project("{8BC9CEB8-8B4A-11D0-8D11-00A0C91BC942}") = "nxdbmgr", "src\server\tools\nxdbmgr\nxdbmgr.vcproj", "{1DED5123-4E42-4007-8816-72AD82F7AD79}"
	ProjectSection(ProjectDependencies) = postProject
		{575AF913-788D-41BC-A76D-F049001F723C} = {575AF913-788D-41BC-A76D-F049001F723C}
		{F5D68B60-7556-4F1D-8A09-7CF188499DE0} = {F5D68B60-7556-4F1D-8A09-7CF188499DE0}
	EndProjectSection
EndProject
Project("{8BC9CEB8-8B4A-11D0-8D11-00A0C91BC942}") = "nxevent", "src\nxevent\nxevent.vcproj", "{29CB1E0C-6FDD-49A7-B18F-E883BF6463A7}"
	ProjectSection(ProjectDependencies) = postProject
		{575AF913-788D-41BC-A76D-F049001F723C} = {575AF913-788D-41BC-A76D-F049001F723C}
		{D4442741-5A7D-4E65-AE80-E0F61C076F8A} = {D4442741-5A7D-4E65-AE80-E0F61C076F8A}
		{E9BBFA5F-4E82-4472-B0E9-3411C68024A7} = {E9BBFA5F-4E82-4472-B0E9-3411C68024A7}
	EndProjectSection
EndProject
Project("{8BC9CEB8-8B4A-11D0-8D11-00A0C91BC942}") = "nxget", "src\server\tools\nxget\nxget.vcproj", "{DB7E1F59-259F-44EE-B757-B932AFDE8E14}"
	ProjectSection(ProjectDependencies) = postProject
		{575AF913-788D-41BC-A76D-F049001F723C} = {575AF913-788D-41BC-A76D-F049001F723C}
		{D4442741-5A7D-4E65-AE80-E0F61C076F8A} = {D4442741-5A7D-4E65-AE80-E0F61C076F8A}
		{F5D68B60-7556-4F1D-8A09-7CF188499DE0} = {F5D68B60-7556-4F1D-8A09-7CF188499DE0}
	EndProjectSection
EndProject
Project("{8BC9CEB8-8B4A-11D0-8D11-00A0C91BC942}") = "nxhttpd", "src\nxhttpd\nxhttpd.vcproj", "{723E2874-5E87-4DC6-B6D0-A7BD6878AD73}"
	ProjectSection(ProjectDependencies) = postProject
		{575AF913-788D-41BC-A76D-F049001F723C} = {575AF913-788D-41BC-A76D-F049001F723C}
		{E9BBFA5F-4E82-4472-B0E9-3411C68024A7} = {E9BBFA5F-4E82-4472-B0E9-3411C68024A7}
	EndProjectSection
EndProject
Project("{8BC9CEB8-8B4A-11D0-8D11-00A0C91BC942}") = "nxlexer", "src\console\nxlexer\nxlexer.vcproj", "{209BD804-A00A-4C46-893A-5B54872CB71A}"
	ProjectSection(ProjectDependencies) = postProject
		{575AF913-788D-41BC-A76D-F049001F723C} = {575AF913-788D-41BC-A76D-F049001F723C}
	EndProjectSection
EndProject
Project("{8BC9CEB8-8B4A-11D0-8D11-00A0C91BC942}") = "nxmibc", "src\nxmibc\nxmibc.vcproj", "{6D1FF1E6-F379-472B-A9C2-116CB93720C4}"
	ProjectSection(ProjectDependencies) = postProject
		{575AF913-788D-41BC-A76D-F049001F723C} = {575AF913-788D-41BC-A76D-F049001F723C}
		{E93D3191-F482-4682-8F46-18B63AACCAD1} = {E93D3191-F482-4682-8F46-18B63AACCAD1}
	EndProjectSection
EndProject
Project("{8BC9CEB8-8B4A-11D0-8D11-00A0C91BC942}") = "nxscript", "src\nxscript\nxscript.vcproj", "{CDAB092D-77A9-4196-A005-5A2C81DB4C9D}"
	ProjectSection(ProjectDependencies) = postProject
		{575AF913-788D-41BC-A76D-F049001F723C} = {575AF913-788D-41BC-A76D-F049001F723C}
		{2C5B51FD-907E-44E1-8C26-F9D4FBA7B6DC} = {2C5B51FD-907E-44E1-8C26-F9D4FBA7B6DC}
	EndProjectSection
EndProject
Project("{8BC9CEB8-8B4A-11D0-8D11-00A0C91BC942}") = "nxsnmpget", "src\server\tools\nxsnmpget\nxsnmpget.vcproj", "{2C61A879-219E-4A3E-929D-572C3DA66496}"
	ProjectSection(ProjectDependencies) = postProject
		{575AF913-788D-41BC-A76D-F049001F723C} = {575AF913-788D-41BC-A76D-F049001F723C}
		{E93D3191-F482-4682-8F46-18B63AACCAD1} = {E93D3191-F482-4682-8F46-18B63AACCAD1}
	EndProjectSection
EndProject
Project("{8BC9CEB8-8B4A-11D0-8D11-00A0C91BC942}") = "nxsnmpset", "src\server\tools\nxsnmpset\nxsnmpset.vcproj", "{4549CC7E-0D53-43F9-8503-BD0151FF72BD}"
	ProjectSection(ProjectDependencies) = postProject
		{575AF913-788D-41BC-A76D-F049001F723C} = {575AF913-788D-41BC-A76D-F049001F723C}
		{E93D3191-F482-4682-8F46-18B63AACCAD1} = {E93D3191-F482-4682-8F46-18B63AACCAD1}
	EndProjectSection
EndProject
Project("{8BC9CEB8-8B4A-11D0-8D11-00A0C91BC942}") = "nxsnmpwalk", "src\server\tools\nxsnmpwalk\nxsnmpwalk.vcproj", "{2E5D81D1-AE4E-4C77-BA92-4B287614B5CF}"
	ProjectSection(ProjectDependencies) = postProject
		{575AF913-788D-41BC-A76D-F049001F723C} = {575AF913-788D-41BC-A76D-F049001F723C}
		{E93D3191-F482-4682-8F46-18B63AACCAD1} = {E93D3191-F482-4682-8F46-18B63AACCAD1}
	EndProjectSection
EndProject
Project("{8BC9CEB8-8B4A-11D0-8D11-00A0C91BC942}") = "nxuilib", "src\console\nxuilib\nxuilib.vcproj", "{F15D5845-A7D8-4C22-90E7-3CD9D58D4434}"
	ProjectSection(ProjectDependencies) = postProject
		{575AF913-788D-41BC-A76D-F049001F723C} = {575AF913-788D-41BC-A76D-F049001F723C}
		{D4442741-5A7D-4E65-AE80-E0F61C076F8A} = {D4442741-5A7D-4E65-AE80-E0F61C076F8A}
		{E9BBFA5F-4E82-4472-B0E9-3411C68024A7} = {E9BBFA5F-4E82-4472-B0E9-3411C68024A7}
	EndProjectSection
EndProject
Project("{8BC9CEB8-8B4A-11D0-8D11-00A0C91BC942}") = "nxupload", "src\server\tools\nxupload\nxupload.vcproj", "{1F693537-E90E-4DBB-B52E-3C9DA363C17D}"
	ProjectSection(ProjectDependencies) = postProject
		{575AF913-788D-41BC-A76D-F049001F723C} = {575AF913-788D-41BC-A76D-F049001F723C}
		{D4442741-5A7D-4E65-AE80-E0F61C076F8A} = {D4442741-5A7D-4E65-AE80-E0F61C076F8A}
		{F5D68B60-7556-4F1D-8A09-7CF188499DE0} = {F5D68B60-7556-4F1D-8A09-7CF188499DE0}
	EndProjectSection
EndProject
Project("{8BC9CEB8-8B4A-11D0-8D11-00A0C91BC942}") = "odbc", "src\server\dbdrv\odbc\odbc.vcproj", "{B6473323-60DE-4AA2-A6B5-4C75645D98B3}"
	ProjectSection(ProjectDependencies) = postProject
		{575AF913-788D-41BC-A76D-F049001F723C} = {575AF913-788D-41BC-A76D-F049001F723C}
		{F5D68B60-7556-4F1D-8A09-7CF188499DE0} = {F5D68B60-7556-4F1D-8A09-7CF188499DE0}
	EndProjectSection
EndProject
Project("{8BC9CEB8-8B4A-11D0-8D11-00A0C91BC942}") = "pgsql", "src\server\dbdrv\pgsql\pgsql.vcproj", "{B7B37389-EDCB-4B18-9F48-3735BC404845}"
	ProjectSection(ProjectDependencies) = postProject
		{575AF913-788D-41BC-A76D-F049001F723C} = {575AF913-788D-41BC-A76D-F049001F723C}
		{F5D68B60-7556-4F1D-8A09-7CF188499DE0} = {F5D68B60-7556-4F1D-8A09-7CF188499DE0}
	EndProjectSection
EndProject
Project("{8BC9CEB8-8B4A-11D0-8D11-00A0C91BC942}") = "ping", "src\agent\subagents\ping\ping.vcproj", "{ACDD0B8C-EEFF-4118-8942-DAB887301A3C}"
	ProjectSection(ProjectDependencies) = postProject
		{575AF913-788D-41BC-A76D-F049001F723C} = {575AF913-788D-41BC-A76D-F049001F723C}
	EndProjectSection
EndProject
Project("{8BC9CEB8-8B4A-11D0-8D11-00A0C91BC942}") = "portcheck", "src\agent\subagents\portCheck\portcheck.vcproj", "{BA46A801-E8FD-4473-AE72-1E3762B4DB7A}"
	ProjectSection(ProjectDependencies) = postProject
		{575AF913-788D-41BC-A76D-F049001F723C} = {575AF913-788D-41BC-A76D-F049001F723C}
		{D4442741-5A7D-4E65-AE80-E0F61C076F8A} = {D4442741-5A7D-4E65-AE80-E0F61C076F8A}
	EndProjectSection
EndProject
Project("{8BC9CEB8-8B4A-11D0-8D11-00A0C91BC942}") = "skeleton", "src\agent\subagents\skeleton\skeleton.vcproj", "{CCC717B4-D99D-4628-9847-3A381B26A904}"
	ProjectSection(ProjectDependencies) = postProject
		{575AF913-788D-41BC-A76D-F049001F723C} = {575AF913-788D-41BC-A76D-F049001F723C}
	EndProjectSection
EndProject
Project("{8BC9CEB8-8B4A-11D0-8D11-00A0C91BC942}") = "sqlite", "src\server\dbdrv\sqlite\sqlite.vcproj", "{3A728D3A-54C8-472C-92A8-EE441F7C9D0D}"
	ProjectSection(ProjectDependencies) = postProject
		{575AF913-788D-41BC-A76D-F049001F723C} = {575AF913-788D-41BC-A76D-F049001F723C}
		{F5D68B60-7556-4F1D-8A09-7CF188499DE0} = {F5D68B60-7556-4F1D-8A09-7CF188499DE0}
	EndProjectSection
EndProject
Project("{8BC9CEB8-8B4A-11D0-8D11-00A0C91BC942}") = "ups", "src\agent\subagents\ups\ups.vcproj", "{07233C9C-0FB7-4FFE-AFA5-9126782EA047}"
	ProjectSection(ProjectDependencies) = postProject
		{575AF913-788D-41BC-A76D-F049001F723C} = {575AF913-788D-41BC-A76D-F049001F723C}
	EndProjectSection
EndProject
Project("{8BC9CEB8-8B4A-11D0-8D11-00A0C91BC942}") = "win9x", "src\agent\subagents\win9x\win9x.vcproj", "{04964C3B-8F20-4A27-A1A2-F97FB69F1300}"
	ProjectSection(ProjectDependencies) = postProject
		{575AF913-788D-41BC-A76D-F049001F723C} = {575AF913-788D-41BC-A76D-F049001F723C}
	EndProjectSection
EndProject
Project("{8BC9CEB8-8B4A-11D0-8D11-00A0C91BC942}") = "winnt", "src\agent\subagents\winnt\winnt.vcproj", "{C0C26467-13A6-4748-8304-47AF07B68CA7}"
	ProjectSection(ProjectDependencies) = postProject
		{575AF913-788D-41BC-A76D-F049001F723C} = {575AF913-788D-41BC-A76D-F049001F723C}
	EndProjectSection
EndProject
Project("{8BC9CEB8-8B4A-11D0-8D11-00A0C91BC942}") = "winperf", "src\agent\subagents\winperf\winperf.vcproj", "{CB740269-0944-40E2-B134-4C22DC35ECD6}"
	ProjectSection(ProjectDependencies) = postProject
		{575AF913-788D-41BC-A76D-F049001F723C} = {575AF913-788D-41BC-A76D-F049001F723C}
	EndProjectSection
EndProject
Global
	GlobalSection(SolutionConfigurationPlatforms) = preSolution
		Debug|Win32 = Debug|Win32
		Debug|x64 = Debug|x64
		Release|Win32 = Release|Win32
		Release|x64 = Release|x64
	EndGlobalSection
	GlobalSection(ProjectConfigurationPlatforms) = postSolution
		{9D5A0812-6D82-4B7B-A005-42B99DA3AF6C}.Debug|Win32.ActiveCfg = Debug|Win32
		{9D5A0812-6D82-4B7B-A005-42B99DA3AF6C}.Debug|Win32.Build.0 = Debug|Win32
		{9D5A0812-6D82-4B7B-A005-42B99DA3AF6C}.Debug|x64.ActiveCfg = Debug|x64
		{9D5A0812-6D82-4B7B-A005-42B99DA3AF6C}.Debug|x64.Build.0 = Debug|x64
		{9D5A0812-6D82-4B7B-A005-42B99DA3AF6C}.Release|Win32.ActiveCfg = Release|Win32
		{9D5A0812-6D82-4B7B-A005-42B99DA3AF6C}.Release|Win32.Build.0 = Release|Win32
		{9D5A0812-6D82-4B7B-A005-42B99DA3AF6C}.Release|x64.ActiveCfg = Release|x64
		{9D5A0812-6D82-4B7B-A005-42B99DA3AF6C}.Release|x64.Build.0 = Release|x64
		{575AF913-788D-41BC-A76D-F049001F723C}.Debug|Win32.ActiveCfg = Debug|Win32
		{575AF913-788D-41BC-A76D-F049001F723C}.Debug|Win32.Build.0 = Debug|Win32
		{575AF913-788D-41BC-A76D-F049001F723C}.Debug|x64.ActiveCfg = Debug|x64
		{575AF913-788D-41BC-A76D-F049001F723C}.Debug|x64.Build.0 = Debug|x64
		{575AF913-788D-41BC-A76D-F049001F723C}.Release|Win32.ActiveCfg = Release|Win32
		{575AF913-788D-41BC-A76D-F049001F723C}.Release|Win32.Build.0 = Release|Win32
		{575AF913-788D-41BC-A76D-F049001F723C}.Release|x64.ActiveCfg = Release|x64
		{575AF913-788D-41BC-A76D-F049001F723C}.Release|x64.Build.0 = Release|x64
		{E9BBFA5F-4E82-4472-B0E9-3411C68024A7}.Debug|Win32.ActiveCfg = Debug|Win32
		{E9BBFA5F-4E82-4472-B0E9-3411C68024A7}.Debug|Win32.Build.0 = Debug|Win32
		{E9BBFA5F-4E82-4472-B0E9-3411C68024A7}.Debug|x64.ActiveCfg = Debug|x64
		{E9BBFA5F-4E82-4472-B0E9-3411C68024A7}.Debug|x64.Build.0 = Debug|x64
		{E9BBFA5F-4E82-4472-B0E9-3411C68024A7}.Release|Win32.ActiveCfg = Release|Win32
		{E9BBFA5F-4E82-4472-B0E9-3411C68024A7}.Release|Win32.Build.0 = Release|Win32
		{E9BBFA5F-4E82-4472-B0E9-3411C68024A7}.Release|x64.ActiveCfg = Release|x64
		{E9BBFA5F-4E82-4472-B0E9-3411C68024A7}.Release|x64.Build.0 = Release|x64
		{D4442741-5A7D-4E65-AE80-E0F61C076F8A}.Debug|Win32.ActiveCfg = Debug|Win32
		{D4442741-5A7D-4E65-AE80-E0F61C076F8A}.Debug|Win32.Build.0 = Debug|Win32
		{D4442741-5A7D-4E65-AE80-E0F61C076F8A}.Debug|x64.ActiveCfg = Debug|x64
		{D4442741-5A7D-4E65-AE80-E0F61C076F8A}.Debug|x64.Build.0 = Debug|x64
		{D4442741-5A7D-4E65-AE80-E0F61C076F8A}.Release|Win32.ActiveCfg = Release|Win32
		{D4442741-5A7D-4E65-AE80-E0F61C076F8A}.Release|Win32.Build.0 = Release|Win32
		{D4442741-5A7D-4E65-AE80-E0F61C076F8A}.Release|x64.ActiveCfg = Release|x64
		{D4442741-5A7D-4E65-AE80-E0F61C076F8A}.Release|x64.Build.0 = Release|x64
		{2C5B51FD-907E-44E1-8C26-F9D4FBA7B6DC}.Debug|Win32.ActiveCfg = Debug|Win32
		{2C5B51FD-907E-44E1-8C26-F9D4FBA7B6DC}.Debug|Win32.Build.0 = Debug|Win32
		{2C5B51FD-907E-44E1-8C26-F9D4FBA7B6DC}.Debug|x64.ActiveCfg = Debug|x64
		{2C5B51FD-907E-44E1-8C26-F9D4FBA7B6DC}.Debug|x64.Build.0 = Debug|x64
		{2C5B51FD-907E-44E1-8C26-F9D4FBA7B6DC}.Release|Win32.ActiveCfg = Release|Win32
		{2C5B51FD-907E-44E1-8C26-F9D4FBA7B6DC}.Release|Win32.Build.0 = Release|Win32
		{2C5B51FD-907E-44E1-8C26-F9D4FBA7B6DC}.Release|x64.ActiveCfg = Release|x64
		{2C5B51FD-907E-44E1-8C26-F9D4FBA7B6DC}.Release|x64.Build.0 = Release|x64
		{E93D3191-F482-4682-8F46-18B63AACCAD1}.Debug|Win32.ActiveCfg = Debug|Win32
		{E93D3191-F482-4682-8F46-18B63AACCAD1}.Debug|Win32.Build.0 = Debug|Win32
		{E93D3191-F482-4682-8F46-18B63AACCAD1}.Debug|x64.ActiveCfg = Debug|x64
		{E93D3191-F482-4682-8F46-18B63AACCAD1}.Debug|x64.Build.0 = Debug|x64
		{E93D3191-F482-4682-8F46-18B63AACCAD1}.Release|Win32.ActiveCfg = Release|Win32
		{E93D3191-F482-4682-8F46-18B63AACCAD1}.Release|Win32.Build.0 = Release|Win32
		{E93D3191-F482-4682-8F46-18B63AACCAD1}.Release|x64.ActiveCfg = Release|x64
		{E93D3191-F482-4682-8F46-18B63AACCAD1}.Release|x64.Build.0 = Release|x64
		{F5D68B60-7556-4F1D-8A09-7CF188499DE0}.Debug|Win32.ActiveCfg = Debug|Win32
		{F5D68B60-7556-4F1D-8A09-7CF188499DE0}.Debug|Win32.Build.0 = Debug|Win32
		{F5D68B60-7556-4F1D-8A09-7CF188499DE0}.Debug|x64.ActiveCfg = Debug|x64
		{F5D68B60-7556-4F1D-8A09-7CF188499DE0}.Debug|x64.Build.0 = Debug|x64
		{F5D68B60-7556-4F1D-8A09-7CF188499DE0}.Release|Win32.ActiveCfg = Release|Win32
		{F5D68B60-7556-4F1D-8A09-7CF188499DE0}.Release|Win32.Build.0 = Release|Win32
		{F5D68B60-7556-4F1D-8A09-7CF188499DE0}.Release|x64.ActiveCfg = Release|x64
		{F5D68B60-7556-4F1D-8A09-7CF188499DE0}.Release|x64.Build.0 = Release|x64
		{4C502BA9-9867-495F-999B-C60760806BA0}.Debug|Win32.ActiveCfg = Debug|Win32
		{4C502BA9-9867-495F-999B-C60760806BA0}.Debug|Win32.Build.0 = Debug|Win32
		{4C502BA9-9867-495F-999B-C60760806BA0}.Debug|x64.ActiveCfg = Debug|x64
		{4C502BA9-9867-495F-999B-C60760806BA0}.Debug|x64.Build.0 = Debug|x64
		{4C502BA9-9867-495F-999B-C60760806BA0}.Release|Win32.ActiveCfg = Release|Win32
		{4C502BA9-9867-495F-999B-C60760806BA0}.Release|Win32.Build.0 = Release|Win32
		{4C502BA9-9867-495F-999B-C60760806BA0}.Release|x64.ActiveCfg = Release|x64
		{4C502BA9-9867-495F-999B-C60760806BA0}.Release|x64.Build.0 = Release|x64
		{5F4ACEB2-335B-4F2A-9727-4409C020828E}.Debug|Win32.ActiveCfg = Debug|Win32
		{5F4ACEB2-335B-4F2A-9727-4409C020828E}.Debug|Win32.Build.0 = Debug|Win32
		{5F4ACEB2-335B-4F2A-9727-4409C020828E}.Debug|x64.ActiveCfg = Debug|x64
		{5F4ACEB2-335B-4F2A-9727-4409C020828E}.Debug|x64.Build.0 = Debug|x64
		{5F4ACEB2-335B-4F2A-9727-4409C020828E}.Release|Win32.ActiveCfg = Release|Win32
		{5F4ACEB2-335B-4F2A-9727-4409C020828E}.Release|Win32.Build.0 = Release|Win32
		{5F4ACEB2-335B-4F2A-9727-4409C020828E}.Release|x64.ActiveCfg = Release|x64
		{5F4ACEB2-335B-4F2A-9727-4409C020828E}.Release|x64.Build.0 = Release|x64
		{AE45257E-A829-4026-A3FD-A8E098F27932}.Debug|Win32.ActiveCfg = Debug|Win32
		{AE45257E-A829-4026-A3FD-A8E098F27932}.Debug|Win32.Build.0 = Debug|Win32
		{AE45257E-A829-4026-A3FD-A8E098F27932}.Debug|x64.ActiveCfg = Debug|x64
		{AE45257E-A829-4026-A3FD-A8E098F27932}.Debug|x64.Build.0 = Debug|x64
		{AE45257E-A829-4026-A3FD-A8E098F27932}.Release|Win32.ActiveCfg = Release|Win32
		{AE45257E-A829-4026-A3FD-A8E098F27932}.Release|Win32.Build.0 = Release|Win32
		{AE45257E-A829-4026-A3FD-A8E098F27932}.Release|x64.ActiveCfg = Release|x64
		{AE45257E-A829-4026-A3FD-A8E098F27932}.Release|x64.Build.0 = Release|x64
		{D2814819-28C5-4D17-A139-242C5C9E3AEA}.Debug|Win32.ActiveCfg = Debug|Win32
		{D2814819-28C5-4D17-A139-242C5C9E3AEA}.Debug|Win32.Build.0 = Debug|Win32
		{D2814819-28C5-4D17-A139-242C5C9E3AEA}.Debug|x64.ActiveCfg = Debug|x64
		{D2814819-28C5-4D17-A139-242C5C9E3AEA}.Debug|x64.Build.0 = Debug|x64
		{D2814819-28C5-4D17-A139-242C5C9E3AEA}.Release|Win32.ActiveCfg = Release|Win32
		{D2814819-28C5-4D17-A139-242C5C9E3AEA}.Release|Win32.Build.0 = Release|Win32
		{D2814819-28C5-4D17-A139-242C5C9E3AEA}.Release|x64.ActiveCfg = Release|x64
		{D2814819-28C5-4D17-A139-242C5C9E3AEA}.Release|x64.Build.0 = Release|x64
		{F4CEEE75-50CF-4C4D-BC14-12B7489FAA46}.Debug|Win32.ActiveCfg = Debug|Win32
		{F4CEEE75-50CF-4C4D-BC14-12B7489FAA46}.Debug|Win32.Build.0 = Debug|Win32
		{F4CEEE75-50CF-4C4D-BC14-12B7489FAA46}.Debug|x64.ActiveCfg = Debug|x64
		{F4CEEE75-50CF-4C4D-BC14-12B7489FAA46}.Debug|x64.Build.0 = Debug|x64
		{F4CEEE75-50CF-4C4D-BC14-12B7489FAA46}.Release|Win32.ActiveCfg = Release|Win32
		{F4CEEE75-50CF-4C4D-BC14-12B7489FAA46}.Release|Win32.Build.0 = Release|Win32
		{F4CEEE75-50CF-4C4D-BC14-12B7489FAA46}.Release|x64.ActiveCfg = Release|x64
		{F4CEEE75-50CF-4C4D-BC14-12B7489FAA46}.Release|x64.Build.0 = Release|x64
		{D9E73AB4-A9F5-495D-84C5-E575E777DE71}.Debug|Win32.ActiveCfg = Debug|Win32
		{D9E73AB4-A9F5-495D-84C5-E575E777DE71}.Debug|Win32.Build.0 = Debug|Win32
		{D9E73AB4-A9F5-495D-84C5-E575E777DE71}.Debug|x64.ActiveCfg = Debug|x64
		{D9E73AB4-A9F5-495D-84C5-E575E777DE71}.Debug|x64.Build.0 = Debug|x64
		{D9E73AB4-A9F5-495D-84C5-E575E777DE71}.Release|Win32.ActiveCfg = Release|Win32
		{D9E73AB4-A9F5-495D-84C5-E575E777DE71}.Release|Win32.Build.0 = Release|Win32
		{D9E73AB4-A9F5-495D-84C5-E575E777DE71}.Release|x64.ActiveCfg = Release|x64
		{D9E73AB4-A9F5-495D-84C5-E575E777DE71}.Release|x64.Build.0 = Release|x64
		{CA5FC53F-86D1-4292-8F8B-F6251F6EF7D9}.Debug|Win32.ActiveCfg = Debug|Win32
		{CA5FC53F-86D1-4292-8F8B-F6251F6EF7D9}.Debug|Win32.Build.0 = Debug|Win32
		{CA5FC53F-86D1-4292-8F8B-F6251F6EF7D9}.Debug|x64.ActiveCfg = Debug|x64
		{CA5FC53F-86D1-4292-8F8B-F6251F6EF7D9}.Debug|x64.Build.0 = Debug|x64
		{CA5FC53F-86D1-4292-8F8B-F6251F6EF7D9}.Release|Win32.ActiveCfg = Release|Win32
		{CA5FC53F-86D1-4292-8F8B-F6251F6EF7D9}.Release|Win32.Build.0 = Release|Win32
		{CA5FC53F-86D1-4292-8F8B-F6251F6EF7D9}.Release|x64.ActiveCfg = Release|x64
		{CA5FC53F-86D1-4292-8F8B-F6251F6EF7D9}.Release|x64.Build.0 = Release|x64
		{DD5E8D40-0BAB-47EF-98F1-9DF573D26EB0}.Debug|Win32.ActiveCfg = Debug|Win32
		{DD5E8D40-0BAB-47EF-98F1-9DF573D26EB0}.Debug|Win32.Build.0 = Debug|Win32
		{DD5E8D40-0BAB-47EF-98F1-9DF573D26EB0}.Debug|x64.ActiveCfg = Debug|x64
		{DD5E8D40-0BAB-47EF-98F1-9DF573D26EB0}.Debug|x64.Build.0 = Debug|x64
		{DD5E8D40-0BAB-47EF-98F1-9DF573D26EB0}.Release|Win32.ActiveCfg = Release|Win32
		{DD5E8D40-0BAB-47EF-98F1-9DF573D26EB0}.Release|Win32.Build.0 = Release|Win32
		{DD5E8D40-0BAB-47EF-98F1-9DF573D26EB0}.Release|x64.ActiveCfg = Release|x64
		{DD5E8D40-0BAB-47EF-98F1-9DF573D26EB0}.Release|x64.Build.0 = Release|x64
		{76C44C18-C79D-4F6A-9D16-A0CED732E41A}.Debug|Win32.ActiveCfg = Debug|Win32
		{76C44C18-C79D-4F6A-9D16-A0CED732E41A}.Debug|Win32.Build.0 = Debug|Win32
		{76C44C18-C79D-4F6A-9D16-A0CED732E41A}.Debug|x64.ActiveCfg = Debug|x64
		{76C44C18-C79D-4F6A-9D16-A0CED732E41A}.Debug|x64.Build.0 = Debug|x64
		{76C44C18-C79D-4F6A-9D16-A0CED732E41A}.Release|Win32.ActiveCfg = Release|Win32
		{76C44C18-C79D-4F6A-9D16-A0CED732E41A}.Release|Win32.Build.0 = Release|Win32
		{76C44C18-C79D-4F6A-9D16-A0CED732E41A}.Release|x64.ActiveCfg = Release|x64
		{76C44C18-C79D-4F6A-9D16-A0CED732E41A}.Release|x64.Build.0 = Release|x64
		{D42E8B93-7EEA-460A-B587-B5637E686AF8}.Debug|Win32.ActiveCfg = Debug|Win32
		{D42E8B93-7EEA-460A-B587-B5637E686AF8}.Debug|Win32.Build.0 = Debug|Win32
		{D42E8B93-7EEA-460A-B587-B5637E686AF8}.Debug|x64.ActiveCfg = Debug|x64
		{D42E8B93-7EEA-460A-B587-B5637E686AF8}.Debug|x64.Build.0 = Debug|x64
		{D42E8B93-7EEA-460A-B587-B5637E686AF8}.Release|Win32.ActiveCfg = Release|Win32
		{D42E8B93-7EEA-460A-B587-B5637E686AF8}.Release|Win32.Build.0 = Release|Win32
		{D42E8B93-7EEA-460A-B587-B5637E686AF8}.Release|x64.ActiveCfg = Release|x64
		{D42E8B93-7EEA-460A-B587-B5637E686AF8}.Release|x64.Build.0 = Release|x64
		{1DED5123-4E42-4007-8816-72AD82F7AD79}.Debug|Win32.ActiveCfg = Debug|Win32
		{1DED5123-4E42-4007-8816-72AD82F7AD79}.Debug|Win32.Build.0 = Debug|Win32
		{1DED5123-4E42-4007-8816-72AD82F7AD79}.Debug|x64.ActiveCfg = Debug|x64
		{1DED5123-4E42-4007-8816-72AD82F7AD79}.Debug|x64.Build.0 = Debug|x64
		{1DED5123-4E42-4007-8816-72AD82F7AD79}.Release|Win32.ActiveCfg = Release|Win32
		{1DED5123-4E42-4007-8816-72AD82F7AD79}.Release|Win32.Build.0 = Release|Win32
		{1DED5123-4E42-4007-8816-72AD82F7AD79}.Release|x64.ActiveCfg = Release|x64
		{1DED5123-4E42-4007-8816-72AD82F7AD79}.Release|x64.Build.0 = Release|x64
		{29CB1E0C-6FDD-49A7-B18F-E883BF6463A7}.Debug|Win32.ActiveCfg = Debug|Win32
		{29CB1E0C-6FDD-49A7-B18F-E883BF6463A7}.Debug|Win32.Build.0 = Debug|Win32
		{29CB1E0C-6FDD-49A7-B18F-E883BF6463A7}.Debug|x64.ActiveCfg = Debug|x64
		{29CB1E0C-6FDD-49A7-B18F-E883BF6463A7}.Debug|x64.Build.0 = Debug|x64
		{29CB1E0C-6FDD-49A7-B18F-E883BF6463A7}.Release|Win32.ActiveCfg = Release|Win32
		{29CB1E0C-6FDD-49A7-B18F-E883BF6463A7}.Release|Win32.Build.0 = Release|Win32
		{29CB1E0C-6FDD-49A7-B18F-E883BF6463A7}.Release|x64.ActiveCfg = Release|x64
		{29CB1E0C-6FDD-49A7-B18F-E883BF6463A7}.Release|x64.Build.0 = Release|x64
		{DB7E1F59-259F-44EE-B757-B932AFDE8E14}.Debug|Win32.ActiveCfg = Debug|Win32
		{DB7E1F59-259F-44EE-B757-B932AFDE8E14}.Debug|Win32.Build.0 = Debug|Win32
		{DB7E1F59-259F-44EE-B757-B932AFDE8E14}.Debug|x64.ActiveCfg = Debug|x64
		{DB7E1F59-259F-44EE-B757-B932AFDE8E14}.Debug|x64.Build.0 = Debug|x64
		{DB7E1F59-259F-44EE-B757-B932AFDE8E14}.Release|Win32.ActiveCfg = Release|Win32
		{DB7E1F59-259F-44EE-B757-B932AFDE8E14}.Release|Win32.Build.0 = Release|Win32
		{DB7E1F59-259F-44EE-B757-B932AFDE8E14}.Release|x64.ActiveCfg = Release|x64
		{DB7E1F59-259F-44EE-B757-B932AFDE8E14}.Release|x64.Build.0 = Release|x64
		{723E2874-5E87-4DC6-B6D0-A7BD6878AD73}.Debug|Win32.ActiveCfg = Debug|Win32
		{723E2874-5E87-4DC6-B6D0-A7BD6878AD73}.Debug|Win32.Build.0 = Debug|Win32
		{723E2874-5E87-4DC6-B6D0-A7BD6878AD73}.Debug|x64.ActiveCfg = Debug|x64
		{723E2874-5E87-4DC6-B6D0-A7BD6878AD73}.Debug|x64.Build.0 = Debug|x64
		{723E2874-5E87-4DC6-B6D0-A7BD6878AD73}.Release|Win32.ActiveCfg = Release|Win32
		{723E2874-5E87-4DC6-B6D0-A7BD6878AD73}.Release|Win32.Build.0 = Release|Win32
		{723E2874-5E87-4DC6-B6D0-A7BD6878AD73}.Release|x64.ActiveCfg = Release|x64
		{723E2874-5E87-4DC6-B6D0-A7BD6878AD73}.Release|x64.Build.0 = Release|x64
		{209BD804-A00A-4C46-893A-5B54872CB71A}.Debug|Win32.ActiveCfg = Debug|Win32
		{209BD804-A00A-4C46-893A-5B54872CB71A}.Debug|Win32.Build.0 = Debug|Win32
		{209BD804-A00A-4C46-893A-5B54872CB71A}.Debug|x64.ActiveCfg = Debug|x64
		{209BD804-A00A-4C46-893A-5B54872CB71A}.Debug|x64.Build.0 = Debug|x64
		{209BD804-A00A-4C46-893A-5B54872CB71A}.Release|Win32.ActiveCfg = Release|Win32
		{209BD804-A00A-4C46-893A-5B54872CB71A}.Release|Win32.Build.0 = Release|Win32
		{209BD804-A00A-4C46-893A-5B54872CB71A}.Release|x64.ActiveCfg = Release|x64
		{209BD804-A00A-4C46-893A-5B54872CB71A}.Release|x64.Build.0 = Release|x64
		{6D1FF1E6-F379-472B-A9C2-116CB93720C4}.Debug|Win32.ActiveCfg = Debug|Win32
		{6D1FF1E6-F379-472B-A9C2-116CB93720C4}.Debug|Win32.Build.0 = Debug|Win32
		{6D1FF1E6-F379-472B-A9C2-116CB93720C4}.Debug|x64.ActiveCfg = Debug|x64
		{6D1FF1E6-F379-472B-A9C2-116CB93720C4}.Debug|x64.Build.0 = Debug|x64
		{6D1FF1E6-F379-472B-A9C2-116CB93720C4}.Release|Win32.ActiveCfg = Release|Win32
		{6D1FF1E6-F379-472B-A9C2-116CB93720C4}.Release|Win32.Build.0 = Release|Win32
		{6D1FF1E6-F379-472B-A9C2-116CB93720C4}.Release|x64.ActiveCfg = Release|x64
		{6D1FF1E6-F379-472B-A9C2-116CB93720C4}.Release|x64.Build.0 = Release|x64
		{CDAB092D-77A9-4196-A005-5A2C81DB4C9D}.Debug|Win32.ActiveCfg = Debug|Win32
		{CDAB092D-77A9-4196-A005-5A2C81DB4C9D}.Debug|Win32.Build.0 = Debug|Win32
		{CDAB092D-77A9-4196-A005-5A2C81DB4C9D}.Debug|x64.ActiveCfg = Debug|x64
		{CDAB092D-77A9-4196-A005-5A2C81DB4C9D}.Debug|x64.Build.0 = Debug|x64
		{CDAB092D-77A9-4196-A005-5A2C81DB4C9D}.Release|Win32.ActiveCfg = Release|Win32
		{CDAB092D-77A9-4196-A005-5A2C81DB4C9D}.Release|Win32.Build.0 = Release|Win32
		{CDAB092D-77A9-4196-A005-5A2C81DB4C9D}.Release|x64.ActiveCfg = Release|x64
		{CDAB092D-77A9-4196-A005-5A2C81DB4C9D}.Release|x64.Build.0 = Release|x64
		{2C61A879-219E-4A3E-929D-572C3DA66496}.Debug|Win32.ActiveCfg = Debug|Win32
		{2C61A879-219E-4A3E-929D-572C3DA66496}.Debug|Win32.Build.0 = Debug|Win32
		{2C61A879-219E-4A3E-929D-572C3DA66496}.Debug|x64.ActiveCfg = Debug|x64
		{2C61A879-219E-4A3E-929D-572C3DA66496}.Debug|x64.Build.0 = Debug|x64
		{2C61A879-219E-4A3E-929D-572C3DA66496}.Release|Win32.ActiveCfg = Release|Win32
		{2C61A879-219E-4A3E-929D-572C3DA66496}.Release|Win32.Build.0 = Release|Win32
		{2C61A879-219E-4A3E-929D-572C3DA66496}.Release|x64.ActiveCfg = Release|x64
		{2C61A879-219E-4A3E-929D-572C3DA66496}.Release|x64.Build.0 = Release|x64
		{4549CC7E-0D53-43F9-8503-BD0151FF72BD}.Debug|Win32.ActiveCfg = Debug|Win32
		{4549CC7E-0D53-43F9-8503-BD0151FF72BD}.Debug|Win32.Build.0 = Debug|Win32
		{4549CC7E-0D53-43F9-8503-BD0151FF72BD}.Debug|x64.ActiveCfg = Debug|x64
		{4549CC7E-0D53-43F9-8503-BD0151FF72BD}.Debug|x64.Build.0 = Debug|x64
		{4549CC7E-0D53-43F9-8503-BD0151FF72BD}.Release|Win32.ActiveCfg = Release|Win32
		{4549CC7E-0D53-43F9-8503-BD0151FF72BD}.Release|Win32.Build.0 = Release|Win32
		{4549CC7E-0D53-43F9-8503-BD0151FF72BD}.Release|x64.ActiveCfg = Release|x64
		{4549CC7E-0D53-43F9-8503-BD0151FF72BD}.Release|x64.Build.0 = Release|x64
		{2E5D81D1-AE4E-4C77-BA92-4B287614B5CF}.Debug|Win32.ActiveCfg = Debug|Win32
		{2E5D81D1-AE4E-4C77-BA92-4B287614B5CF}.Debug|Win32.Build.0 = Debug|Win32
		{2E5D81D1-AE4E-4C77-BA92-4B287614B5CF}.Debug|x64.ActiveCfg = Debug|x64
		{2E5D81D1-AE4E-4C77-BA92-4B287614B5CF}.Debug|x64.Build.0 = Debug|x64
		{2E5D81D1-AE4E-4C77-BA92-4B287614B5CF}.Release|Win32.ActiveCfg = Release|Win32
		{2E5D81D1-AE4E-4C77-BA92-4B287614B5CF}.Release|Win32.Build.0 = Release|Win32
		{2E5D81D1-AE4E-4C77-BA92-4B287614B5CF}.Release|x64.ActiveCfg = Release|x64
		{2E5D81D1-AE4E-4C77-BA92-4B287614B5CF}.Release|x64.Build.0 = Release|x64
		{F15D5845-A7D8-4C22-90E7-3CD9D58D4434}.Debug|Win32.ActiveCfg = Debug|Win32
		{F15D5845-A7D8-4C22-90E7-3CD9D58D4434}.Debug|Win32.Build.0 = Debug|Win32
		{F15D5845-A7D8-4C22-90E7-3CD9D58D4434}.Debug|x64.ActiveCfg = Debug|x64
		{F15D5845-A7D8-4C22-90E7-3CD9D58D4434}.Debug|x64.Build.0 = Debug|x64
		{F15D5845-A7D8-4C22-90E7-3CD9D58D4434}.Release|Win32.ActiveCfg = Release|Win32
		{F15D5845-A7D8-4C22-90E7-3CD9D58D4434}.Release|Win32.Build.0 = Release|Win32
		{F15D5845-A7D8-4C22-90E7-3CD9D58D4434}.Release|x64.ActiveCfg = Release|x64
		{F15D5845-A7D8-4C22-90E7-3CD9D58D4434}.Release|x64.Build.0 = Release|x64
		{1F693537-E90E-4DBB-B52E-3C9DA363C17D}.Debug|Win32.ActiveCfg = Debug|Win32
		{1F693537-E90E-4DBB-B52E-3C9DA363C17D}.Debug|Win32.Build.0 = Debug|Win32
		{1F693537-E90E-4DBB-B52E-3C9DA363C17D}.Debug|x64.ActiveCfg = Debug|x64
		{1F693537-E90E-4DBB-B52E-3C9DA363C17D}.Debug|x64.Build.0 = Debug|x64
		{1F693537-E90E-4DBB-B52E-3C9DA363C17D}.Release|Win32.ActiveCfg = Release|Win32
		{1F693537-E90E-4DBB-B52E-3C9DA363C17D}.Release|Win32.Build.0 = Release|Win32
		{1F693537-E90E-4DBB-B52E-3C9DA363C17D}.Release|x64.ActiveCfg = Release|x64
		{1F693537-E90E-4DBB-B52E-3C9DA363C17D}.Release|x64.Build.0 = Release|x64
		{B6473323-60DE-4AA2-A6B5-4C75645D98B3}.Debug|Win32.ActiveCfg = Debug|Win32
		{B6473323-60DE-4AA2-A6B5-4C75645D98B3}.Debug|Win32.Build.0 = Debug|Win32
		{B6473323-60DE-4AA2-A6B5-4C75645D98B3}.Debug|x64.ActiveCfg = Debug|x64
		{B6473323-60DE-4AA2-A6B5-4C75645D98B3}.Debug|x64.Build.0 = Debug|x64
		{B6473323-60DE-4AA2-A6B5-4C75645D98B3}.Release|Win32.ActiveCfg = Release|Win32
		{B6473323-60DE-4AA2-A6B5-4C75645D98B3}.Release|Win32.Build.0 = Release|Win32
		{B6473323-60DE-4AA2-A6B5-4C75645D98B3}.Release|x64.ActiveCfg = Release|x64
		{B6473323-60DE-4AA2-A6B5-4C75645D98B3}.Release|x64.Build.0 = Release|x64
		{B7B37389-EDCB-4B18-9F48-3735BC404845}.Debug|Win32.ActiveCfg = Debug|Win32
		{B7B37389-EDCB-4B18-9F48-3735BC404845}.Debug|Win32.Build.0 = Debug|Win32
		{B7B37389-EDCB-4B18-9F48-3735BC404845}.Debug|x64.ActiveCfg = Debug|x64
		{B7B37389-EDCB-4B18-9F48-3735BC404845}.Debug|x64.Build.0 = Debug|x64
		{B7B37389-EDCB-4B18-9F48-3735BC404845}.Release|Win32.ActiveCfg = Release|Win32
		{B7B37389-EDCB-4B18-9F48-3735BC404845}.Release|Win32.Build.0 = Release|Win32
		{B7B37389-EDCB-4B18-9F48-3735BC404845}.Release|x64.ActiveCfg = Release|x64
		{B7B37389-EDCB-4B18-9F48-3735BC404845}.Release|x64.Build.0 = Release|x64
		{ACDD0B8C-EEFF-4118-8942-DAB887301A3C}.Debug|Win32.ActiveCfg = Debug|Win32
		{ACDD0B8C-EEFF-4118-8942-DAB887301A3C}.Debug|Win32.Build.0 = Debug|Win32
		{ACDD0B8C-EEFF-4118-8942-DAB887301A3C}.Debug|x64.ActiveCfg = Debug|x64
		{ACDD0B8C-EEFF-4118-8942-DAB887301A3C}.Debug|x64.Build.0 = Debug|x64
		{ACDD0B8C-EEFF-4118-8942-DAB887301A3C}.Release|Win32.ActiveCfg = Release|Win32
		{ACDD0B8C-EEFF-4118-8942-DAB887301A3C}.Release|Win32.Build.0 = Release|Win32
		{ACDD0B8C-EEFF-4118-8942-DAB887301A3C}.Release|x64.ActiveCfg = Release|x64
		{ACDD0B8C-EEFF-4118-8942-DAB887301A3C}.Release|x64.Build.0 = Release|x64
		{BA46A801-E8FD-4473-AE72-1E3762B4DB7A}.Debug|Win32.ActiveCfg = Debug|Win32
		{BA46A801-E8FD-4473-AE72-1E3762B4DB7A}.Debug|Win32.Build.0 = Debug|Win32
		{BA46A801-E8FD-4473-AE72-1E3762B4DB7A}.Debug|x64.ActiveCfg = Debug|x64
		{BA46A801-E8FD-4473-AE72-1E3762B4DB7A}.Debug|x64.Build.0 = Debug|x64
		{BA46A801-E8FD-4473-AE72-1E3762B4DB7A}.Release|Win32.ActiveCfg = Release|Win32
		{BA46A801-E8FD-4473-AE72-1E3762B4DB7A}.Release|Win32.Build.0 = Release|Win32
		{BA46A801-E8FD-4473-AE72-1E3762B4DB7A}.Release|x64.ActiveCfg = Release|x64
		{BA46A801-E8FD-4473-AE72-1E3762B4DB7A}.Release|x64.Build.0 = Release|x64
		{CCC717B4-D99D-4628-9847-3A381B26A904}.Debug|Win32.ActiveCfg = Debug|Win32
		{CCC717B4-D99D-4628-9847-3A381B26A904}.Debug|Win32.Build.0 = Debug|Win32
		{CCC717B4-D99D-4628-9847-3A381B26A904}.Debug|x64.ActiveCfg = Debug|x64
		{CCC717B4-D99D-4628-9847-3A381B26A904}.Debug|x64.Build.0 = Debug|x64
		{CCC717B4-D99D-4628-9847-3A381B26A904}.Release|Win32.ActiveCfg = Release|Win32
		{CCC717B4-D99D-4628-9847-3A381B26A904}.Release|Win32.Build.0 = Release|Win32
		{CCC717B4-D99D-4628-9847-3A381B26A904}.Release|x64.ActiveCfg = Release|x64
		{CCC717B4-D99D-4628-9847-3A381B26A904}.Release|x64.Build.0 = Release|x64
		{3A728D3A-54C8-472C-92A8-EE441F7C9D0D}.Debug|Win32.ActiveCfg = Debug|Win32
		{3A728D3A-54C8-472C-92A8-EE441F7C9D0D}.Debug|Win32.Build.0 = Debug|Win32
		{3A728D3A-54C8-472C-92A8-EE441F7C9D0D}.Debug|x64.ActiveCfg = Debug|x64
		{3A728D3A-54C8-472C-92A8-EE441F7C9D0D}.Debug|x64.Build.0 = Debug|x64
		{3A728D3A-54C8-472C-92A8-EE441F7C9D0D}.Release|Win32.ActiveCfg = Release|Win32
		{3A728D3A-54C8-472C-92A8-EE441F7C9D0D}.Release|Win32.Build.0 = Release|Win32
		{3A728D3A-54C8-472C-92A8-EE441F7C9D0D}.Release|x64.ActiveCfg = Release|x64
		{3A728D3A-54C8-472C-92A8-EE441F7C9D0D}.Release|x64.Build.0 = Release|x64
		{07233C9C-0FB7-4FFE-AFA5-9126782EA047}.Debug|Win32.ActiveCfg = Debug|Win32
		{07233C9C-0FB7-4FFE-AFA5-9126782EA047}.Debug|Win32.Build.0 = Debug|Win32
		{07233C9C-0FB7-4FFE-AFA5-9126782EA047}.Debug|x64.ActiveCfg = Debug|x64
		{07233C9C-0FB7-4FFE-AFA5-9126782EA047}.Debug|x64.Build.0 = Debug|x64
		{07233C9C-0FB7-4FFE-AFA5-9126782EA047}.Release|Win32.ActiveCfg = Release|Win32
		{07233C9C-0FB7-4FFE-AFA5-9126782EA047}.Release|Win32.Build.0 = Release|Win32
		{07233C9C-0FB7-4FFE-AFA5-9126782EA047}.Release|x64.ActiveCfg = Release|x64
		{07233C9C-0FB7-4FFE-AFA5-9126782EA047}.Release|x64.Build.0 = Release|x64
		{04964C3B-8F20-4A27-A1A2-F97FB69F1300}.Debug|Win32.ActiveCfg = Debug|Win32
		{04964C3B-8F20-4A27-A1A2-F97FB69F1300}.Debug|Win32.Build.0 = Debug|Win32
		{04964C3B-8F20-4A27-A1A2-F97FB69F1300}.Debug|x64.ActiveCfg = Debug|x64
		{04964C3B-8F20-4A27-A1A2-F97FB69F1300}.Debug|x64.Build.0 = Debug|x64
		{04964C3B-8F20-4A27-A1A2-F97FB69F1300}.Release|Win32.ActiveCfg = Release|Win32
		{04964C3B-8F20-4A27-A1A2-F97FB69F1300}.Release|Win32.Build.0 = Release|Win32
		{04964C3B-8F20-4A27-A1A2-F97FB69F1300}.Release|x64.ActiveCfg = Release|x64
		{04964C3B-8F20-4A27-A1A2-F97FB69F1300}.Release|x64.Build.0 = Release|x64
		{C0C26467-13A6-4748-8304-47AF07B68CA7}.Debug|Win32.ActiveCfg = Debug|Win32
		{C0C26467-13A6-4748-8304-47AF07B68CA7}.Debug|Win32.Build.0 = Debug|Win32
		{C0C26467-13A6-4748-8304-47AF07B68CA7}.Debug|x64.ActiveCfg = Debug|x64
		{C0C26467-13A6-4748-8304-47AF07B68CA7}.Debug|x64.Build.0 = Debug|x64
		{C0C26467-13A6-4748-8304-47AF07B68CA7}.Release|Win32.ActiveCfg = Release|Win32
		{C0C26467-13A6-4748-8304-47AF07B68CA7}.Release|Win32.Build.0 = Release|Win32
		{C0C26467-13A6-4748-8304-47AF07B68CA7}.Release|x64.ActiveCfg = Release|x64
		{C0C26467-13A6-4748-8304-47AF07B68CA7}.Release|x64.Build.0 = Release|x64
		{CB740269-0944-40E2-B134-4C22DC35ECD6}.Debug|Win32.ActiveCfg = Debug|Win32
		{CB740269-0944-40E2-B134-4C22DC35ECD6}.Debug|Win32.Build.0 = Debug|Win32
		{CB740269-0944-40E2-B134-4C22DC35ECD6}.Debug|x64.ActiveCfg = Debug|x64
		{CB740269-0944-40E2-B134-4C22DC35ECD6}.Debug|x64.Build.0 = Debug|x64
		{CB740269-0944-40E2-B134-4C22DC35ECD6}.Release|Win32.ActiveCfg = Release|Win32
		{CB740269-0944-40E2-B134-4C22DC35ECD6}.Release|Win32.Build.0 = Release|Win32
		{CB740269-0944-40E2-B134-4C22DC35ECD6}.Release|x64.ActiveCfg = Release|x64
		{CB740269-0944-40E2-B134-4C22DC35ECD6}.Release|x64.Build.0 = Release|x64
	EndGlobalSection
	GlobalSection(SolutionProperties) = preSolution
		HideSolutionNode = FALSE
	EndGlobalSection
EndGlobal
