
Microsoft Visual Studio Solution File, Format Version 9.00
# Visual Studio 2005
Project("{8BC9CEB8-8B4A-11D0-8D11-00A0C91BC942}") = "libexpat", "src\libexpat\libexpat\libexpat.vcproj", "{6A88EF62-C4F2-4295-A833-549DAE4DF5ED}"
EndProject
Project("{8BC9CEB8-8B4A-11D0-8D11-00A0C91BC942}") = "libnetxms", "src\libnetxms\libnetxms.vcproj", "{B1745870-F3ED-4ACB-B813-0C4F47EF0793}"
	ProjectSection(ProjectDependencies) = postProject
		{406AE5C7-343D-4C88-B8F3-84E46255B830} = {406AE5C7-343D-4C88-B8F3-84E46255B830}
		{6A88EF62-C4F2-4295-A833-549DAE4DF5ED} = {6A88EF62-C4F2-4295-A833-549DAE4DF5ED}
	EndProjectSection
EndProject
Project("{8BC9CEB8-8B4A-11D0-8D11-00A0C91BC942}") = "libnetxmsw", "src\libnetxms\libnetxmsw.vcproj", "{AEB182ED-7F5C-4F5A-BCE1-9A38E98579BA}"
	ProjectSection(ProjectDependencies) = postProject
		{6A88EF62-C4F2-4295-A833-549DAE4DF5ED} = {6A88EF62-C4F2-4295-A833-549DAE4DF5ED}
		{406AE5C7-343D-4C88-B8F3-84E46255B830} = {406AE5C7-343D-4C88-B8F3-84E46255B830}
	EndProjectSection
EndProject
Project("{8BC9CEB8-8B4A-11D0-8D11-00A0C91BC942}") = "libnxlp", "src\libnxlp\libnxlp.vcproj", "{64EFC0C2-C67B-41F6-851D-F11DAB27A60B}"
	ProjectSection(ProjectDependencies) = postProject
		{B1745870-F3ED-4ACB-B813-0C4F47EF0793} = {B1745870-F3ED-4ACB-B813-0C4F47EF0793}
		{406AE5C7-343D-4C88-B8F3-84E46255B830} = {406AE5C7-343D-4C88-B8F3-84E46255B830}
		{6A88EF62-C4F2-4295-A833-549DAE4DF5ED} = {6A88EF62-C4F2-4295-A833-549DAE4DF5ED}
	EndProjectSection
EndProject
Project("{8BC9CEB8-8B4A-11D0-8D11-00A0C91BC942}") = "nxagentd", "src\agent\core\nxagentd.vcproj", "{57598B02-3295-4FE8-9322-94CE871CC84D}"
	ProjectSection(ProjectDependencies) = postProject
		{B1745870-F3ED-4ACB-B813-0C4F47EF0793} = {B1745870-F3ED-4ACB-B813-0C4F47EF0793}
		{F3E29541-3A0E-45EC-8BEC-E193F2401622} = {F3E29541-3A0E-45EC-8BEC-E193F2401622}
	EndProjectSection
EndProject
Project("{2150E333-8FDC-42A3-9474-1A3956D46DE8}") = "subagents", "subagents", "{451F583D-C2DB-4414-870C-7FA0189BE7DD}"
EndProject
Project("{2150E333-8FDC-42A3-9474-1A3956D46DE8}") = "common", "common", "{71683564-472B-4216-BA74-0F34BC843D92}"
EndProject
Project("{2150E333-8FDC-42A3-9474-1A3956D46DE8}") = "agent", "agent", "{8BC9D64D-347C-41BE-A506-D21C8FB72D56}"
EndProject
Project("{2150E333-8FDC-42A3-9474-1A3956D46DE8}") = "server", "server", "{B93920F5-65F4-4531-B87E-A5B357AF2476}"
EndProject
Project("{2150E333-8FDC-42A3-9474-1A3956D46DE8}") = "snmp", "snmp", "{268BC97D-BFC6-4BD7-BF78-E6AC1D8BA37E}"
EndProject
Project("{8BC9CEB8-8B4A-11D0-8D11-00A0C91BC942}") = "winnt", "src\agent\subagents\winnt\winnt.vcproj", "{E95263B5-A248-4163-95F3-E33CA679AEB3}"
	ProjectSection(ProjectDependencies) = postProject
		{B1745870-F3ED-4ACB-B813-0C4F47EF0793} = {B1745870-F3ED-4ACB-B813-0C4F47EF0793}
	EndProjectSection
EndProject
Project("{8BC9CEB8-8B4A-11D0-8D11-00A0C91BC942}") = "winperf", "src\agent\subagents\winperf\winperf.vcproj", "{EE54BC06-6B0F-4B91-9FC6-A5BB9ECBE577}"
	ProjectSection(ProjectDependencies) = postProject
		{B1745870-F3ED-4ACB-B813-0C4F47EF0793} = {B1745870-F3ED-4ACB-B813-0C4F47EF0793}
	EndProjectSection
EndProject
Project("{8BC9CEB8-8B4A-11D0-8D11-00A0C91BC942}") = "wmi", "src\agent\subagents\wmi\wmi.vcproj", "{4E190DD5-70DA-41EC-8D05-5EE8D74F3709}"
	ProjectSection(ProjectDependencies) = postProject
		{B1745870-F3ED-4ACB-B813-0C4F47EF0793} = {B1745870-F3ED-4ACB-B813-0C4F47EF0793}
	EndProjectSection
EndProject
Project("{8BC9CEB8-8B4A-11D0-8D11-00A0C91BC942}") = "ups", "src\agent\subagents\ups\ups.vcproj", "{53A73D5F-C7E2-449E-A222-F2D78C85D514}"
	ProjectSection(ProjectDependencies) = postProject
		{B1745870-F3ED-4ACB-B813-0C4F47EF0793} = {B1745870-F3ED-4ACB-B813-0C4F47EF0793}
	EndProjectSection
EndProject
Project("{8BC9CEB8-8B4A-11D0-8D11-00A0C91BC942}") = "sms", "src\agent\subagents\sms\sms.vcproj", "{DE47D07A-C81B-4772-86D4-13389F263923}"
	ProjectSection(ProjectDependencies) = postProject
		{B1745870-F3ED-4ACB-B813-0C4F47EF0793} = {B1745870-F3ED-4ACB-B813-0C4F47EF0793}
	EndProjectSection
EndProject
Project("{8BC9CEB8-8B4A-11D0-8D11-00A0C91BC942}") = "portcheck", "src\agent\subagents\portcheck\portcheck.vcproj", "{F66A27F0-2943-4A16-ACC7-B450314B5163}"
	ProjectSection(ProjectDependencies) = postProject
		{406AE5C7-343D-4C88-B8F3-84E46255B830} = {406AE5C7-343D-4C88-B8F3-84E46255B830}
		{B1745870-F3ED-4ACB-B813-0C4F47EF0793} = {B1745870-F3ED-4ACB-B813-0C4F47EF0793}
	EndProjectSection
EndProject
Project("{8BC9CEB8-8B4A-11D0-8D11-00A0C91BC942}") = "ping", "src\agent\subagents\ping\ping.vcproj", "{C5CCF5DE-152E-40F3-AC6C-C5E54BB7C45F}"
	ProjectSection(ProjectDependencies) = postProject
		{B1745870-F3ED-4ACB-B813-0C4F47EF0793} = {B1745870-F3ED-4ACB-B813-0C4F47EF0793}
	EndProjectSection
EndProject
Project("{8BC9CEB8-8B4A-11D0-8D11-00A0C91BC942}") = "odbcquery", "src\agent\subagents\odbcquery\odbcquery.vcproj", "{1A2D2691-D9D4-4078-BBC4-A53DAF086D0C}"
	ProjectSection(ProjectDependencies) = postProject
		{B1745870-F3ED-4ACB-B813-0C4F47EF0793} = {B1745870-F3ED-4ACB-B813-0C4F47EF0793}
	EndProjectSection
EndProject
Project("{8BC9CEB8-8B4A-11D0-8D11-00A0C91BC942}") = "logwatch", "src\agent\subagents\logwatch\logwatch.vcproj", "{F8A8749E-E539-4A3B-A21C-2C5C86AE33EA}"
	ProjectSection(ProjectDependencies) = postProject
		{B1745870-F3ED-4ACB-B813-0C4F47EF0793} = {B1745870-F3ED-4ACB-B813-0C4F47EF0793}
		{64EFC0C2-C67B-41F6-851D-F11DAB27A60B} = {64EFC0C2-C67B-41F6-851D-F11DAB27A60B}
	EndProjectSection
EndProject
Project("{8BC9CEB8-8B4A-11D0-8D11-00A0C91BC942}") = "ecs", "src\agent\subagents\ecs\ecs.vcproj", "{BBE9028E-725C-45C6-97C9-BFC443F19DB6}"
	ProjectSection(ProjectDependencies) = postProject
		{B1745870-F3ED-4ACB-B813-0C4F47EF0793} = {B1745870-F3ED-4ACB-B813-0C4F47EF0793}
	EndProjectSection
EndProject
Project("{2150E333-8FDC-42A3-9474-1A3956D46DE8}") = "client", "client", "{E431F5D5-AAD8-4315-928A-23F86969DB35}"
EndProject
Project("{8BC9CEB8-8B4A-11D0-8D11-00A0C91BC942}") = "libnxmap", "src\libnxmap\libnxmap.vcproj", "{AB386821-B630-49F5-95C3-677B9DCE1270}"
	ProjectSection(ProjectDependencies) = postProject
		{B1745870-F3ED-4ACB-B813-0C4F47EF0793} = {B1745870-F3ED-4ACB-B813-0C4F47EF0793}
	EndProjectSection
EndProject
Project("{8BC9CEB8-8B4A-11D0-8D11-00A0C91BC942}") = "libnxmapw", "src\libnxmap\libnxmapw.vcproj", "{0A5E80F3-485D-40C8-BE1E-9D7EE744DB8B}"
	ProjectSection(ProjectDependencies) = postProject
		{AEB182ED-7F5C-4F5A-BCE1-9A38E98579BA} = {AEB182ED-7F5C-4F5A-BCE1-9A38E98579BA}
	EndProjectSection
EndProject
Project("{8BC9CEB8-8B4A-11D0-8D11-00A0C91BC942}") = "libnxcl", "src\libnxcl\libnxcl.vcproj", "{3CB9B8C6-E6BF-4002-A61A-7A21FEADB531}"
	ProjectSection(ProjectDependencies) = postProject
		{AB386821-B630-49F5-95C3-677B9DCE1270} = {AB386821-B630-49F5-95C3-677B9DCE1270}
		{B1745870-F3ED-4ACB-B813-0C4F47EF0793} = {B1745870-F3ED-4ACB-B813-0C4F47EF0793}
	EndProjectSection
EndProject
Project("{8BC9CEB8-8B4A-11D0-8D11-00A0C91BC942}") = "libnxclw", "src\libnxcl\libnxclw.vcproj", "{3CB9B8C6-E6BF-4002-A61A-7A21FEADB532}"
	ProjectSection(ProjectDependencies) = postProject
		{AEB182ED-7F5C-4F5A-BCE1-9A38E98579BA} = {AEB182ED-7F5C-4F5A-BCE1-9A38E98579BA}
		{0A5E80F3-485D-40C8-BE1E-9D7EE744DB8B} = {0A5E80F3-485D-40C8-BE1E-9D7EE744DB8B}
	EndProjectSection
EndProject
Project("{2150E333-8FDC-42A3-9474-1A3956D46DE8}") = "tools", "tools", "{39BF23C9-D903-4C20-8E88-19533A745625}"
EndProject
Project("{8BC9CEB8-8B4A-11D0-8D11-00A0C91BC942}") = "nxalarm", "src\client\nxalarm\nxalarm.vcproj", "{F9FFAAE9-D669-451E-B9EF-18BC8AD37FAB}"
	ProjectSection(ProjectDependencies) = postProject
		{B1745870-F3ED-4ACB-B813-0C4F47EF0793} = {B1745870-F3ED-4ACB-B813-0C4F47EF0793}
		{3CB9B8C6-E6BF-4002-A61A-7A21FEADB531} = {3CB9B8C6-E6BF-4002-A61A-7A21FEADB531}
	EndProjectSection
EndProject
Project("{8BC9CEB8-8B4A-11D0-8D11-00A0C91BC942}") = "nxevent", "src\client\nxevent\nxevent.vcproj", "{C7A460E8-12A8-4FC7-9F59-C9C5CE17ED20}"
	ProjectSection(ProjectDependencies) = postProject
		{B1745870-F3ED-4ACB-B813-0C4F47EF0793} = {B1745870-F3ED-4ACB-B813-0C4F47EF0793}
		{3CB9B8C6-E6BF-4002-A61A-7A21FEADB531} = {3CB9B8C6-E6BF-4002-A61A-7A21FEADB531}
	EndProjectSection
EndProject
Project("{8BC9CEB8-8B4A-11D0-8D11-00A0C91BC942}") = "nxpush", "src\client\nxpush\nxpush.vcproj", "{B8671BF7-94E1-4615-A8C2-F5C78DB8C515}"
	ProjectSection(ProjectDependencies) = postProject
		{B1745870-F3ED-4ACB-B813-0C4F47EF0793} = {B1745870-F3ED-4ACB-B813-0C4F47EF0793}
		{3CB9B8C6-E6BF-4002-A61A-7A21FEADB531} = {3CB9B8C6-E6BF-4002-A61A-7A21FEADB531}
	EndProjectSection
EndProject
Project("{8BC9CEB8-8B4A-11D0-8D11-00A0C91BC942}") = "nxsms", "src\client\nxsms\nxsms.vcproj", "{B0A70A32-A8F0-4071-8044-FDA3C834A5C5}"
	ProjectSection(ProjectDependencies) = postProject
		{B1745870-F3ED-4ACB-B813-0C4F47EF0793} = {B1745870-F3ED-4ACB-B813-0C4F47EF0793}
		{3CB9B8C6-E6BF-4002-A61A-7A21FEADB531} = {3CB9B8C6-E6BF-4002-A61A-7A21FEADB531}
	EndProjectSection
EndProject
Project("{8BC9CEB8-8B4A-11D0-8D11-00A0C91BC942}") = "libnxsnmp", "src\snmp\libnxsnmp\libnxsnmp.vcproj", "{7DC90EE4-E31C-4F12-8F1E-81F10E9099FB}"
	ProjectSection(ProjectDependencies) = postProject
		{B1745870-F3ED-4ACB-B813-0C4F47EF0793} = {B1745870-F3ED-4ACB-B813-0C4F47EF0793}
		{E7410EB4-3355-4C83-8E05-D2877581CDA1} = {E7410EB4-3355-4C83-8E05-D2877581CDA1}
	EndProjectSection
EndProject
Project("{8BC9CEB8-8B4A-11D0-8D11-00A0C91BC942}") = "nxzlib", "src\zlib\nxzlib.vcproj", "{E7410EB4-3355-4C83-8E05-D2877581CDA1}"
EndProject
Project("{8BC9CEB8-8B4A-11D0-8D11-00A0C91BC942}") = "nxsnmpget", "src\snmp\nxsnmpget\nxsnmpget.vcproj", "{0A4CE471-020A-42C6-91C0-DFEFA7E815E0}"
	ProjectSection(ProjectDependencies) = postProject
		{B1745870-F3ED-4ACB-B813-0C4F47EF0793} = {B1745870-F3ED-4ACB-B813-0C4F47EF0793}
		{7DC90EE4-E31C-4F12-8F1E-81F10E9099FB} = {7DC90EE4-E31C-4F12-8F1E-81F10E9099FB}
	EndProjectSection
EndProject
Project("{8BC9CEB8-8B4A-11D0-8D11-00A0C91BC942}") = "libnxsnmpw", "src\snmp\libnxsnmp\libnxsnmpw.vcproj", "{7DC90EE4-E31C-4F12-8F1E-81F10E9099FC}"
	ProjectSection(ProjectDependencies) = postProject
		{E7410EB4-3355-4C83-8E05-D2877581CDA1} = {E7410EB4-3355-4C83-8E05-D2877581CDA1}
		{AEB182ED-7F5C-4F5A-BCE1-9A38E98579BA} = {AEB182ED-7F5C-4F5A-BCE1-9A38E98579BA}
	EndProjectSection
EndProject
Project("{8BC9CEB8-8B4A-11D0-8D11-00A0C91BC942}") = "nxsnmpset", "src\snmp\nxsnmpset\nxsnmpset.vcproj", "{9EA98E79-EB7D-4F6C-8105-AC7B231ABB10}"
	ProjectSection(ProjectDependencies) = postProject
		{B1745870-F3ED-4ACB-B813-0C4F47EF0793} = {B1745870-F3ED-4ACB-B813-0C4F47EF0793}
		{7DC90EE4-E31C-4F12-8F1E-81F10E9099FB} = {7DC90EE4-E31C-4F12-8F1E-81F10E9099FB}
	EndProjectSection
EndProject
Project("{8BC9CEB8-8B4A-11D0-8D11-00A0C91BC942}") = "nxsnmpwalk", "src\snmp\nxsnmpwalk\nxsnmpwalk.vcproj", "{5FA3AADC-3AD7-4B17-A581-D5E02DE17727}"
	ProjectSection(ProjectDependencies) = postProject
		{B1745870-F3ED-4ACB-B813-0C4F47EF0793} = {B1745870-F3ED-4ACB-B813-0C4F47EF0793}
		{7DC90EE4-E31C-4F12-8F1E-81F10E9099FB} = {7DC90EE4-E31C-4F12-8F1E-81F10E9099FB}
	EndProjectSection
EndProject
Project("{8BC9CEB8-8B4A-11D0-8D11-00A0C91BC942}") = "nxmibc", "src\snmp\nxmibc\nxmibc.vcproj", "{9F722C62-78FD-4D8C-A7C7-2815B09F1943}"
	ProjectSection(ProjectDependencies) = postProject
		{B1745870-F3ED-4ACB-B813-0C4F47EF0793} = {B1745870-F3ED-4ACB-B813-0C4F47EF0793}
		{7DC90EE4-E31C-4F12-8F1E-81F10E9099FB} = {7DC90EE4-E31C-4F12-8F1E-81F10E9099FB}
	EndProjectSection
EndProject
Project("{8BC9CEB8-8B4A-11D0-8D11-00A0C91BC942}") = "libnxsrv", "src\server\libnxsrv\libnxsrv.vcproj", "{CB89D905-C8BE-4027-B2D8-F96C245E9160}"
	ProjectSection(ProjectDependencies) = postProject
		{7DC90EE4-E31C-4F12-8F1E-81F10E9099FC} = {7DC90EE4-E31C-4F12-8F1E-81F10E9099FC}
		{AEB182ED-7F5C-4F5A-BCE1-9A38E98579BA} = {AEB182ED-7F5C-4F5A-BCE1-9A38E98579BA}
	EndProjectSection
EndProject
Project("{8BC9CEB8-8B4A-11D0-8D11-00A0C91BC942}") = "nxcore", "src\server\core\nxcore.vcproj", "{3B172035-5EEC-45A3-8471-2C390B7ED683}"
	ProjectSection(ProjectDependencies) = postProject
		{CB89D905-C8BE-4027-B2D8-F96C245E9160} = {CB89D905-C8BE-4027-B2D8-F96C245E9160}
		{64EFC0C2-C67B-41F6-851D-F11DAB27A60B} = {64EFC0C2-C67B-41F6-851D-F11DAB27A60B}
		{AEB182ED-7F5C-4F5A-BCE1-9A38E98579BA} = {AEB182ED-7F5C-4F5A-BCE1-9A38E98579BA}
		{96EF0643-89FD-47CD-B82E-9F7D1DAF35EC} = {96EF0643-89FD-47CD-B82E-9F7D1DAF35EC}
		{0A5E80F3-485D-40C8-BE1E-9D7EE744DB8B} = {0A5E80F3-485D-40C8-BE1E-9D7EE744DB8B}
		{7DC90EE4-E31C-4F12-8F1E-81F10E9099FC} = {7DC90EE4-E31C-4F12-8F1E-81F10E9099FC}
		{406AE5C7-343D-4C88-B8F3-84E46255B830} = {406AE5C7-343D-4C88-B8F3-84E46255B830}
		{B2988503-1921-4B9F-BBC1-5E5CF62F335E} = {B2988503-1921-4B9F-BBC1-5E5CF62F335E}
	EndProjectSection
EndProject
Project("{2150E333-8FDC-42A3-9474-1A3956D46DE8}") = "nxsl", "nxsl", "{CE0DA89E-CF0C-452C-9C33-75A143355BDC}"
EndProject
Project("{8BC9CEB8-8B4A-11D0-8D11-00A0C91BC942}") = "libnxsl", "src\libnxsl\libnxsl.vcproj", "{B2988503-1921-4B9F-BBC1-5E5CF62F335E}"
	ProjectSection(ProjectDependencies) = postProject
		{AEB182ED-7F5C-4F5A-BCE1-9A38E98579BA} = {AEB182ED-7F5C-4F5A-BCE1-9A38E98579BA}
		{406AE5C7-343D-4C88-B8F3-84E46255B830} = {406AE5C7-343D-4C88-B8F3-84E46255B830}
	EndProjectSection
EndProject
Project("{8BC9CEB8-8B4A-11D0-8D11-00A0C91BC942}") = "nxscript", "src\nxscript\nxscript.vcproj", "{BA263F92-D5A9-4F26-9606-5A1C1495FEA5}"
	ProjectSection(ProjectDependencies) = postProject
		{AEB182ED-7F5C-4F5A-BCE1-9A38E98579BA} = {AEB182ED-7F5C-4F5A-BCE1-9A38E98579BA}
		{B2988503-1921-4B9F-BBC1-5E5CF62F335E} = {B2988503-1921-4B9F-BBC1-5E5CF62F335E}
	EndProjectSection
EndProject
Project("{8BC9CEB8-8B4A-11D0-8D11-00A0C91BC942}") = "netxmsd", "src\server\netxmsd\netxmsd.vcproj", "{E417A0C4-41F1-4F87-8C33-8526ECB1F8AF}"
	ProjectSection(ProjectDependencies) = postProject
		{AEB182ED-7F5C-4F5A-BCE1-9A38E98579BA} = {AEB182ED-7F5C-4F5A-BCE1-9A38E98579BA}
		{CB89D905-C8BE-4027-B2D8-F96C245E9160} = {CB89D905-C8BE-4027-B2D8-F96C245E9160}
		{3B172035-5EEC-45A3-8471-2C390B7ED683} = {3B172035-5EEC-45A3-8471-2C390B7ED683}
	EndProjectSection
EndProject
Project("{2150E333-8FDC-42A3-9474-1A3956D46DE8}") = "tools", "tools", "{64482674-7B36-4A14-A612-247333174315}"
EndProject
Project("{8BC9CEB8-8B4A-11D0-8D11-00A0C91BC942}") = "nxaction", "src\server\tools\nxaction\nxaction.vcproj", "{BF5CE6BA-C84A-4448-B1B7-1B355AC77D12}"
	ProjectSection(ProjectDependencies) = postProject
		{AEB182ED-7F5C-4F5A-BCE1-9A38E98579BA} = {AEB182ED-7F5C-4F5A-BCE1-9A38E98579BA}
		{CB89D905-C8BE-4027-B2D8-F96C245E9160} = {CB89D905-C8BE-4027-B2D8-F96C245E9160}
	EndProjectSection
EndProject
Project("{8BC9CEB8-8B4A-11D0-8D11-00A0C91BC942}") = "nxadm", "src\server\tools\nxadm\nxadm.vcproj", "{67E35735-2115-45FF-9E93-EE67AF5C9C2C}"
	ProjectSection(ProjectDependencies) = postProject
		{B1745870-F3ED-4ACB-B813-0C4F47EF0793} = {B1745870-F3ED-4ACB-B813-0C4F47EF0793}
	EndProjectSection
EndProject
Project("{8BC9CEB8-8B4A-11D0-8D11-00A0C91BC942}") = "nxget", "src\server\tools\nxget\nxget.vcproj", "{1AC3C8D1-E309-4327-9E17-0E4CE0FC68CF}"
	ProjectSection(ProjectDependencies) = postProject
		{CB89D905-C8BE-4027-B2D8-F96C245E9160} = {CB89D905-C8BE-4027-B2D8-F96C245E9160}
		{AEB182ED-7F5C-4F5A-BCE1-9A38E98579BA} = {AEB182ED-7F5C-4F5A-BCE1-9A38E98579BA}
	EndProjectSection
EndProject
Project("{8BC9CEB8-8B4A-11D0-8D11-00A0C91BC942}") = "nxupload", "src\server\tools\nxupload\nxupload.vcproj", "{DA863269-ED58-4910-AA6A-2572A3EE745D}"
	ProjectSection(ProjectDependencies) = postProject
		{AEB182ED-7F5C-4F5A-BCE1-9A38E98579BA} = {AEB182ED-7F5C-4F5A-BCE1-9A38E98579BA}
		{CB89D905-C8BE-4027-B2D8-F96C245E9160} = {CB89D905-C8BE-4027-B2D8-F96C245E9160}
	EndProjectSection
EndProject
Project("{8BC9CEB8-8B4A-11D0-8D11-00A0C91BC942}") = "nxdbmgr", "src\server\tools\nxdbmgr\nxdbmgr.vcproj", "{4940613E-A11C-4259-95C8-8D23217EE60E}"
	ProjectSection(ProjectDependencies) = postProject
		{AEB182ED-7F5C-4F5A-BCE1-9A38E98579BA} = {AEB182ED-7F5C-4F5A-BCE1-9A38E98579BA}
		{87CAA25D-991E-45E1-BB69-337D45121F19} = {87CAA25D-991E-45E1-BB69-337D45121F19}
		{CB89D905-C8BE-4027-B2D8-F96C245E9160} = {CB89D905-C8BE-4027-B2D8-F96C245E9160}
		{0A5E80F3-485D-40C8-BE1E-9D7EE744DB8B} = {0A5E80F3-485D-40C8-BE1E-9D7EE744DB8B}
		{96EF0643-89FD-47CD-B82E-9F7D1DAF35EC} = {96EF0643-89FD-47CD-B82E-9F7D1DAF35EC}
	EndProjectSection
EndProject
Project("{2150E333-8FDC-42A3-9474-1A3956D46DE8}") = "smsdrv", "smsdrv", "{5818CCA9-B585-44B8-B29E-98B1DC278A3C}"
EndProject
Project("{8BC9CEB8-8B4A-11D0-8D11-00A0C91BC942}") = "generic", "src\server\smsdrv\generic\generic.vcproj", "{41A5009F-4467-4D89-A171-5A919FEFE16E}"
	ProjectSection(ProjectDependencies) = postProject
		{CB89D905-C8BE-4027-B2D8-F96C245E9160} = {CB89D905-C8BE-4027-B2D8-F96C245E9160}
		{AEB182ED-7F5C-4F5A-BCE1-9A38E98579BA} = {AEB182ED-7F5C-4F5A-BCE1-9A38E98579BA}
	EndProjectSection
EndProject
Project("{8BC9CEB8-8B4A-11D0-8D11-00A0C91BC942}") = "nxagent", "src\server\smsdrv\nxagent\nxagent.vcproj", "{C317231C-B984-4423-ACF2-C19DE8B6AA3F}"
	ProjectSection(ProjectDependencies) = postProject
		{AEB182ED-7F5C-4F5A-BCE1-9A38E98579BA} = {AEB182ED-7F5C-4F5A-BCE1-9A38E98579BA}
		{CB89D905-C8BE-4027-B2D8-F96C245E9160} = {CB89D905-C8BE-4027-B2D8-F96C245E9160}
	EndProjectSection
EndProject
Project("{2150E333-8FDC-42A3-9474-1A3956D46DE8}") = "windows", "windows", "{69EC5B74-D466-422E-B8D1-1386B0421D54}"
EndProject
Project("{8BC9CEB8-8B4A-11D0-8D11-00A0C91BC942}") = "nxlexer", "src\client\nxlexer\nxlexer.vcproj", "{F0FAC738-1BC6-46A5-A54A-8D7F2219302D}"
	ProjectSection(ProjectDependencies) = postProject
		{B1745870-F3ED-4ACB-B813-0C4F47EF0793} = {B1745870-F3ED-4ACB-B813-0C4F47EF0793}
		{8E5A517B-93AB-4EA8-BB53-AE6346756343} = {8E5A517B-93AB-4EA8-BB53-AE6346756343}
	EndProjectSection
EndProject
Project("{8BC9CEB8-8B4A-11D0-8D11-00A0C91BC942}") = "scilexer", "src\client\scilexer\scilexer.vcproj", "{8E5A517B-93AB-4EA8-BB53-AE6346756343}"
EndProject
Project("{8BC9CEB8-8B4A-11D0-8D11-00A0C91BC942}") = "nxuilib", "src\client\windows\nxuilib\nxuilib.vcproj", "{BECC966D-AFC8-48F6-97B1-2FE92062D7B4}"
	ProjectSection(ProjectDependencies) = postProject
		{3CB9B8C6-E6BF-4002-A61A-7A21FEADB532} = {3CB9B8C6-E6BF-4002-A61A-7A21FEADB532}
		{AEB182ED-7F5C-4F5A-BCE1-9A38E98579BA} = {AEB182ED-7F5C-4F5A-BCE1-9A38E98579BA}
	EndProjectSection
EndProject
Project("{8BC9CEB8-8B4A-11D0-8D11-00A0C91BC942}") = "nxav", "src\client\windows\nxav\nxav.vcproj", "{23F22F68-D562-4E80-8267-9F1DD9398357}"
	ProjectSection(ProjectDependencies) = postProject
		{BECC966D-AFC8-48F6-97B1-2FE92062D7B4} = {BECC966D-AFC8-48F6-97B1-2FE92062D7B4}
		{3CB9B8C6-E6BF-4002-A61A-7A21FEADB532} = {3CB9B8C6-E6BF-4002-A61A-7A21FEADB532}
		{AEB182ED-7F5C-4F5A-BCE1-9A38E98579BA} = {AEB182ED-7F5C-4F5A-BCE1-9A38E98579BA}
	EndProjectSection
EndProject
Project("{8BC9CEB8-8B4A-11D0-8D11-00A0C91BC942}") = "nxnotify", "src\client\windows\nxnotify\nxnotify.vcproj", "{169A4446-A035-4CF7-8377-3C517ADF0C50}"
	ProjectSection(ProjectDependencies) = postProject
		{BECC966D-AFC8-48F6-97B1-2FE92062D7B4} = {BECC966D-AFC8-48F6-97B1-2FE92062D7B4}
		{3CB9B8C6-E6BF-4002-A61A-7A21FEADB532} = {3CB9B8C6-E6BF-4002-A61A-7A21FEADB532}
		{AEB182ED-7F5C-4F5A-BCE1-9A38E98579BA} = {AEB182ED-7F5C-4F5A-BCE1-9A38E98579BA}
	EndProjectSection
EndProject
Project("{8BC9CEB8-8B4A-11D0-8D11-00A0C91BC942}") = "nxcon", "src\client\windows\nxcon\nxcon.vcproj", "{956DD617-0939-4B25-B8D0-E10AA645064E}"
	ProjectSection(ProjectDependencies) = postProject
		{BECC966D-AFC8-48F6-97B1-2FE92062D7B4} = {BECC966D-AFC8-48F6-97B1-2FE92062D7B4}
		{3CB9B8C6-E6BF-4002-A61A-7A21FEADB532} = {3CB9B8C6-E6BF-4002-A61A-7A21FEADB532}
		{7DC90EE4-E31C-4F12-8F1E-81F10E9099FC} = {7DC90EE4-E31C-4F12-8F1E-81F10E9099FC}
		{AEB182ED-7F5C-4F5A-BCE1-9A38E98579BA} = {AEB182ED-7F5C-4F5A-BCE1-9A38E98579BA}
		{0A5E80F3-485D-40C8-BE1E-9D7EE744DB8B} = {0A5E80F3-485D-40C8-BE1E-9D7EE744DB8B}
	EndProjectSection
EndProject
Project("{8BC9CEB8-8B4A-11D0-8D11-00A0C91BC942}") = "nxlptest", "src\nxlptest\nxlptest.vcproj", "{1EA79FC6-F395-43DF-9E3C-2030CA05ED1D}"
	ProjectSection(ProjectDependencies) = postProject
		{64EFC0C2-C67B-41F6-851D-F11DAB27A60B} = {64EFC0C2-C67B-41F6-851D-F11DAB27A60B}
		{B1745870-F3ED-4ACB-B813-0C4F47EF0793} = {B1745870-F3ED-4ACB-B813-0C4F47EF0793}
	EndProjectSection
EndProject
Project("{8BC9CEB8-8B4A-11D0-8D11-00A0C91BC942}") = "nxsqlite", "src\sqlite\nxsqlite.vcproj", "{87CAA25D-991E-45E1-BB69-337D45121F19}"
EndProject
Project("{8BC9CEB8-8B4A-11D0-8D11-00A0C91BC942}") = "libnxmb", "src\libnxmb\libnxmb.vcproj", "{DAA82F5C-1144-4DC0-A2E8-5253068565F1}"
	ProjectSection(ProjectDependencies) = postProject
		{B1745870-F3ED-4ACB-B813-0C4F47EF0793} = {B1745870-F3ED-4ACB-B813-0C4F47EF0793}
	EndProjectSection
EndProject
Project("{8BC9CEB8-8B4A-11D0-8D11-00A0C91BC942}") = "nxencpasswd", "src\server\tools\nxencpasswd\nxencpasswd.vcproj", "{49F5280F-147B-46D0-98BF-931F0646CF82}"
	ProjectSection(ProjectDependencies) = postProject
		{B1745870-F3ED-4ACB-B813-0C4F47EF0793} = {B1745870-F3ED-4ACB-B813-0C4F47EF0793}
	EndProjectSection
EndProject
Project("{2150E333-8FDC-42A3-9474-1A3956D46DE8}") = "db", "db", "{2AD11F39-3F76-4269-A6E9-4B9A294F8F48}"
EndProject
Project("{2150E333-8FDC-42A3-9474-1A3956D46DE8}") = "dbdrv", "dbdrv", "{44417A1C-341A-4D06-8F86-1D8027A10FF3}"
EndProject
Project("{8BC9CEB8-8B4A-11D0-8D11-00A0C91BC942}") = "libnxdb", "src\db\libnxdb\libnxdb.vcproj", "{F3E29541-3A0E-45EC-8BEC-E193F2401622}"
	ProjectSection(ProjectDependencies) = postProject
		{B1745870-F3ED-4ACB-B813-0C4F47EF0793} = {B1745870-F3ED-4ACB-B813-0C4F47EF0793}
	EndProjectSection
EndProject
Project("{8BC9CEB8-8B4A-11D0-8D11-00A0C91BC942}") = "mssql", "src\db\dbdrv\mssql\mssql.vcproj", "{A429ACFD-1E61-4EE4-8391-15DBA65B0EF0}"
	ProjectSection(ProjectDependencies) = postProject
		{B1745870-F3ED-4ACB-B813-0C4F47EF0793} = {B1745870-F3ED-4ACB-B813-0C4F47EF0793}
	EndProjectSection
EndProject
Project("{8BC9CEB8-8B4A-11D0-8D11-00A0C91BC942}") = "mysql", "src\db\dbdrv\mysql\mysql.vcproj", "{7BEDC9BF-E345-4BD6-B063-C3564963036E}"
	ProjectSection(ProjectDependencies) = postProject
		{B1745870-F3ED-4ACB-B813-0C4F47EF0793} = {B1745870-F3ED-4ACB-B813-0C4F47EF0793}
	EndProjectSection
EndProject
Project("{8BC9CEB8-8B4A-11D0-8D11-00A0C91BC942}") = "odbc", "src\db\dbdrv\odbc\odbc.vcproj", "{AA515A35-366D-4EBF-A927-A017A841C48D}"
	ProjectSection(ProjectDependencies) = postProject
		{B1745870-F3ED-4ACB-B813-0C4F47EF0793} = {B1745870-F3ED-4ACB-B813-0C4F47EF0793}
	EndProjectSection
EndProject
Project("{8BC9CEB8-8B4A-11D0-8D11-00A0C91BC942}") = "oracle", "src\db\dbdrv\oracle\oracle.vcproj", "{2A650435-027D-4722-B6E8-CCE730E2E963}"
	ProjectSection(ProjectDependencies) = postProject
		{B1745870-F3ED-4ACB-B813-0C4F47EF0793} = {B1745870-F3ED-4ACB-B813-0C4F47EF0793}
	EndProjectSection
EndProject
Project("{8BC9CEB8-8B4A-11D0-8D11-00A0C91BC942}") = "pgsql", "src\db\dbdrv\pgsql\pgsql.vcproj", "{4D92E883-1776-4012-A5C0-439104DE3441}"
	ProjectSection(ProjectDependencies) = postProject
		{B1745870-F3ED-4ACB-B813-0C4F47EF0793} = {B1745870-F3ED-4ACB-B813-0C4F47EF0793}
	EndProjectSection
EndProject
Project("{8BC9CEB8-8B4A-11D0-8D11-00A0C91BC942}") = "sqlite", "src\db\dbdrv\sqlite\sqlite.vcproj", "{AA18FD4D-7B01-4932-BA04-B0F54F001F66}"
	ProjectSection(ProjectDependencies) = postProject
		{87CAA25D-991E-45E1-BB69-337D45121F19} = {87CAA25D-991E-45E1-BB69-337D45121F19}
		{B1745870-F3ED-4ACB-B813-0C4F47EF0793} = {B1745870-F3ED-4ACB-B813-0C4F47EF0793}
	EndProjectSection
EndProject
Project("{8BC9CEB8-8B4A-11D0-8D11-00A0C91BC942}") = "nxconfig", "src\server\tools\nxconfig\nxconfig.vcproj", "{A76CCCF5-D70B-4307-B84C-219289CEAA6D}"
	ProjectSection(ProjectDependencies) = postProject
		{96EF0643-89FD-47CD-B82E-9F7D1DAF35EC} = {96EF0643-89FD-47CD-B82E-9F7D1DAF35EC}
		{AEB182ED-7F5C-4F5A-BCE1-9A38E98579BA} = {AEB182ED-7F5C-4F5A-BCE1-9A38E98579BA}
	EndProjectSection
EndProject
Project("{8BC9CEB8-8B4A-11D0-8D11-00A0C91BC942}") = "nxcptest", "src\tools\nxcptest\nxcptest.vcproj", "{418E47B0-3E78-4820-A101-CA9C4439F9AB}"
	ProjectSection(ProjectDependencies) = postProject
		{B1745870-F3ED-4ACB-B813-0C4F47EF0793} = {B1745870-F3ED-4ACB-B813-0C4F47EF0793}
	EndProjectSection
EndProject
Project("{2150E333-8FDC-42A3-9474-1A3956D46DE8}") = "flow analyzer", "flow analyzer", "{89B3A66E-5853-4B14-A5E3-9E4C6524BE65}"
EndProject
Project("{8BC9CEB8-8B4A-11D0-8D11-00A0C91BC942}") = "libipfix", "src\flow_analyzer\libipfix\libipfix.vcproj", "{2DEF303B-5FEF-4F5E-87C4-FB7895058F59}"
	ProjectSection(ProjectDependencies) = postProject
		{B1745870-F3ED-4ACB-B813-0C4F47EF0793} = {B1745870-F3ED-4ACB-B813-0C4F47EF0793}
	EndProjectSection
EndProject
Project("{8BC9CEB8-8B4A-11D0-8D11-00A0C91BC942}") = "nxflowd", "src\flow_analyzer\nxflowd\nxflowd.vcproj", "{D7F709ED-7483-49F0-8B17-ABB705606FEA}"
	ProjectSection(ProjectDependencies) = postProject
		{B1745870-F3ED-4ACB-B813-0C4F47EF0793} = {B1745870-F3ED-4ACB-B813-0C4F47EF0793}
		{F3E29541-3A0E-45EC-8BEC-E193F2401622} = {F3E29541-3A0E-45EC-8BEC-E193F2401622}
		{2DEF303B-5FEF-4F5E-87C4-FB7895058F59} = {2DEF303B-5FEF-4F5E-87C4-FB7895058F59}
	EndProjectSection
EndProject
Project("{8BC9CEB8-8B4A-11D0-8D11-00A0C91BC942}") = "db2", "src\db\dbdrv\db2\db2.vcproj", "{297D9A45-B928-4470-91B5-0E07A20C2405}"
	ProjectSection(ProjectDependencies) = postProject
		{B1745870-F3ED-4ACB-B813-0C4F47EF0793} = {B1745870-F3ED-4ACB-B813-0C4F47EF0793}
	EndProjectSection
EndProject
Project("{8BC9CEB8-8B4A-11D0-8D11-00A0C91BC942}") = "nxap", "src\server\tools\nxap\nxap.vcproj", "{36749C31-C8C6-4DD2-A11C-E41ED86927C7}"
	ProjectSection(ProjectDependencies) = postProject
		{CB89D905-C8BE-4027-B2D8-F96C245E9160} = {CB89D905-C8BE-4027-B2D8-F96C245E9160}
		{AEB182ED-7F5C-4F5A-BCE1-9A38E98579BA} = {AEB182ED-7F5C-4F5A-BCE1-9A38E98579BA}
	EndProjectSection
EndProject
Project("{8BC9CEB8-8B4A-11D0-8D11-00A0C91BC942}") = "libtre", "src\libtre\libtre.vcproj", "{406AE5C7-343D-4C88-B8F3-84E46255B830}"
EndProject
Project("{8BC9CEB8-8B4A-11D0-8D11-00A0C91BC942}") = "libnxdbw", "src\db\libnxdb\libnxdbw.vcproj", "{96EF0643-89FD-47CD-B82E-9F7D1DAF35EC}"
	ProjectSection(ProjectDependencies) = postProject
		{AEB182ED-7F5C-4F5A-BCE1-9A38E98579BA} = {AEB182ED-7F5C-4F5A-BCE1-9A38E98579BA}
	EndProjectSection
EndProject
Project("{8BC9CEB8-8B4A-11D0-8D11-00A0C91BC942}") = "nxagentd-unicode", "src\agent\core\nxagentd-unicode.vcproj", "{80C83532-77BE-4606-9DFE-58073FC27CF9}"
	ProjectSection(ProjectDependencies) = postProject
		{AEB182ED-7F5C-4F5A-BCE1-9A38E98579BA} = {AEB182ED-7F5C-4F5A-BCE1-9A38E98579BA}
	EndProjectSection
EndProject
Project("{2150E333-8FDC-42A3-9474-1A3956D46DE8}") = "drivers", "drivers", "{53997B2A-D94C-428C-816D-938C297A1866}"
EndProject
Project("{8BC9CEB8-8B4A-11D0-8D11-00A0C91BC942}") = "baystack", "src\server\drivers\baystack\baystack.vcproj", "{13A91F2E-A17B-4ABA-B5B2-285807BD7832}"
	ProjectSection(ProjectDependencies) = postProject
		{DA651576-4E4F-448C-A0A3-9EDD15C81078} = {DA651576-4E4F-448C-A0A3-9EDD15C81078}
		{CB89D905-C8BE-4027-B2D8-F96C245E9160} = {CB89D905-C8BE-4027-B2D8-F96C245E9160}
		{7DC90EE4-E31C-4F12-8F1E-81F10E9099FC} = {7DC90EE4-E31C-4F12-8F1E-81F10E9099FC}
		{AEB182ED-7F5C-4F5A-BCE1-9A38E98579BA} = {AEB182ED-7F5C-4F5A-BCE1-9A38E98579BA}
	EndProjectSection
EndProject
Project("{8BC9CEB8-8B4A-11D0-8D11-00A0C91BC942}") = "ers8000", "src\server\drivers\ers8000\ers8000.vcproj", "{076E6815-4B6B-4F1E-A36C-CD3DD26EA5AC}"
	ProjectSection(ProjectDependencies) = postProject
		{AEB182ED-7F5C-4F5A-BCE1-9A38E98579BA} = {AEB182ED-7F5C-4F5A-BCE1-9A38E98579BA}
		{7DC90EE4-E31C-4F12-8F1E-81F10E9099FC} = {7DC90EE4-E31C-4F12-8F1E-81F10E9099FC}
		{CB89D905-C8BE-4027-B2D8-F96C245E9160} = {CB89D905-C8BE-4027-B2D8-F96C245E9160}
		{DA651576-4E4F-448C-A0A3-9EDD15C81078} = {DA651576-4E4F-448C-A0A3-9EDD15C81078}
	EndProjectSection
EndProject
Project("{2150E333-8FDC-42A3-9474-1A3956D46DE8}") = "lib", "lib", "{D73BB67D-032B-4FB7-AEB8-5795B246A072}"
EndProject
Project("{8BC9CEB8-8B4A-11D0-8D11-00A0C91BC942}") = "avaya-ers", "src\server\drivers\lib\avaya-ers\avaya-ers.vcproj", "{DA651576-4E4F-448C-A0A3-9EDD15C81078}"
	ProjectSection(ProjectDependencies) = postProject
		{AEB182ED-7F5C-4F5A-BCE1-9A38E98579BA} = {AEB182ED-7F5C-4F5A-BCE1-9A38E98579BA}
		{7DC90EE4-E31C-4F12-8F1E-81F10E9099FC} = {7DC90EE4-E31C-4F12-8F1E-81F10E9099FC}
		{CB89D905-C8BE-4027-B2D8-F96C245E9160} = {CB89D905-C8BE-4027-B2D8-F96C245E9160}
	EndProjectSection
EndProject
Project("{8BC9CEB8-8B4A-11D0-8D11-00A0C91BC942}") = "cisco", "src\server\drivers\lib\cisco\cisco.vcproj", "{375F95BD-EFBA-4AA3-8DA3-E79779A12896}"
	ProjectSection(ProjectDependencies) = postProject
		{CB89D905-C8BE-4027-B2D8-F96C245E9160} = {CB89D905-C8BE-4027-B2D8-F96C245E9160}
		{7DC90EE4-E31C-4F12-8F1E-81F10E9099FC} = {7DC90EE4-E31C-4F12-8F1E-81F10E9099FC}
		{AEB182ED-7F5C-4F5A-BCE1-9A38E98579BA} = {AEB182ED-7F5C-4F5A-BCE1-9A38E98579BA}
	EndProjectSection
EndProject
Project("{8BC9CEB8-8B4A-11D0-8D11-00A0C91BC942}") = "cat2900xl", "src\server\drivers\cat2900xl\cat2900xl.vcproj", "{FEEF505B-75AE-4E52-8177-51FFC4AB2ED2}"
	ProjectSection(ProjectDependencies) = postProject
		{CB89D905-C8BE-4027-B2D8-F96C245E9160} = {CB89D905-C8BE-4027-B2D8-F96C245E9160}
		{7DC90EE4-E31C-4F12-8F1E-81F10E9099FC} = {7DC90EE4-E31C-4F12-8F1E-81F10E9099FC}
		{AEB182ED-7F5C-4F5A-BCE1-9A38E98579BA} = {AEB182ED-7F5C-4F5A-BCE1-9A38E98579BA}
		{375F95BD-EFBA-4AA3-8DA3-E79779A12896} = {375F95BD-EFBA-4AA3-8DA3-E79779A12896}
	EndProjectSection
EndProject
Project("{8BC9CEB8-8B4A-11D0-8D11-00A0C91BC942}") = "portech", "src\server\smsdrv\portech\portech.vcproj", "{7D0A15A1-7F6E-480D-9926-13BB6DAA0E10}"
	ProjectSection(ProjectDependencies) = postProject
		{CB89D905-C8BE-4027-B2D8-F96C245E9160} = {CB89D905-C8BE-4027-B2D8-F96C245E9160}
		{AEB182ED-7F5C-4F5A-BCE1-9A38E98579BA} = {AEB182ED-7F5C-4F5A-BCE1-9A38E98579BA}
	EndProjectSection
EndProject
Project("{8BC9CEB8-8B4A-11D0-8D11-00A0C91BC942}") = "netscreen", "src\server\drivers\netscreen\netscreen.vcproj", "{500DE9BF-6FC1-4ACB-91A9-308BA1D37F37}"
	ProjectSection(ProjectDependencies) = postProject
		{CB89D905-C8BE-4027-B2D8-F96C245E9160} = {CB89D905-C8BE-4027-B2D8-F96C245E9160}
		{7DC90EE4-E31C-4F12-8F1E-81F10E9099FC} = {7DC90EE4-E31C-4F12-8F1E-81F10E9099FC}
		{AEB182ED-7F5C-4F5A-BCE1-9A38E98579BA} = {AEB182ED-7F5C-4F5A-BCE1-9A38E98579BA}
	EndProjectSection
EndProject
Project("{8BC9CEB8-8B4A-11D0-8D11-00A0C91BC942}") = "informix", "src\db\dbdrv\informix\informix.vcproj", "{7DE4A043-48B8-4D66-8D3F-8CF5C757EEB5}"
	ProjectSection(ProjectDependencies) = postProject
		{B1745870-F3ED-4ACB-B813-0C4F47EF0793} = {B1745870-F3ED-4ACB-B813-0C4F47EF0793}
	EndProjectSection
EndProject
Project("{8BC9CEB8-8B4A-11D0-8D11-00A0C91BC942}") = "informix", "src\agent\subagents\informix\informix.vcproj", "{12F5AF3E-A688-4852-A0ED-921D0E088AC4}"
	ProjectSection(ProjectDependencies) = postProject
		{F3E29541-3A0E-45EC-8BEC-E193F2401622} = {F3E29541-3A0E-45EC-8BEC-E193F2401622}
		{B1745870-F3ED-4ACB-B813-0C4F47EF0793} = {B1745870-F3ED-4ACB-B813-0C4F47EF0793}
	EndProjectSection
EndProject
Project("{8BC9CEB8-8B4A-11D0-8D11-00A0C91BC942}") = "dbemu", "src\server\smsdrv\dbemu\dbemu.vcproj", "{912783D2-CF6F-4040-B564-4E2436EB0827}"
	ProjectSection(ProjectDependencies) = postProject
		{CB89D905-C8BE-4027-B2D8-F96C245E9160} = {CB89D905-C8BE-4027-B2D8-F96C245E9160}
		{AEB182ED-7F5C-4F5A-BCE1-9A38E98579BA} = {AEB182ED-7F5C-4F5A-BCE1-9A38E98579BA}
		{96EF0643-89FD-47CD-B82E-9F7D1DAF35EC} = {96EF0643-89FD-47CD-B82E-9F7D1DAF35EC}
	EndProjectSection
EndProject
Project("{8BC9CEB8-8B4A-11D0-8D11-00A0C91BC942}") = "nxinstall", "src\nxinstall\nxinstall.vcproj", "{C177FB94-66E8-424E-BDBE-A96C75D2672C}"
	ProjectSection(ProjectDependencies) = postProject
		{AEB182ED-7F5C-4F5A-BCE1-9A38E98579BA} = {AEB182ED-7F5C-4F5A-BCE1-9A38E98579BA}
		{B2988503-1921-4B9F-BBC1-5E5CF62F335E} = {B2988503-1921-4B9F-BBC1-5E5CF62F335E}
	EndProjectSection
EndProject
Project("{8BC9CEB8-8B4A-11D0-8D11-00A0C91BC942}") = "catalyst", "src\server\drivers\catalyst\catalyst.vcproj", "{F343CDCB-1DB5-4563-86DF-6AF1596090B2}"
	ProjectSection(ProjectDependencies) = postProject
		{375F95BD-EFBA-4AA3-8DA3-E79779A12896} = {375F95BD-EFBA-4AA3-8DA3-E79779A12896}
		{AEB182ED-7F5C-4F5A-BCE1-9A38E98579BA} = {AEB182ED-7F5C-4F5A-BCE1-9A38E98579BA}
		{7DC90EE4-E31C-4F12-8F1E-81F10E9099FC} = {7DC90EE4-E31C-4F12-8F1E-81F10E9099FC}
		{CB89D905-C8BE-4027-B2D8-F96C245E9160} = {CB89D905-C8BE-4027-B2D8-F96C245E9160}
	EndProjectSection
EndProject
Project("{8BC9CEB8-8B4A-11D0-8D11-00A0C91BC942}") = "oracle", "src\agent\subagents\oracle\oracle.vcproj", "{90B762AB-B7BA-42D6-9819-C687AB3F59D0}"
	ProjectSection(ProjectDependencies) = postProject
		{F3E29541-3A0E-45EC-8BEC-E193F2401622} = {F3E29541-3A0E-45EC-8BEC-E193F2401622}
		{B1745870-F3ED-4ACB-B813-0C4F47EF0793} = {B1745870-F3ED-4ACB-B813-0C4F47EF0793}
	EndProjectSection
EndProject
Project("{2150E333-8FDC-42A3-9474-1A3956D46DE8}") = "tools", "tools", "{896A7CDA-423A-460A-83E2-6ED37DAE187C}"
EndProject
Project("{8BC9CEB8-8B4A-11D0-8D11-00A0C91BC942}") = "nxapush", "src\agent\tools\nxapush\nxapush.vcproj", "{68B9F17F-A292-4DAB-8EA9-B87473BB0436}"
	ProjectSection(ProjectDependencies) = postProject
		{B1745870-F3ED-4ACB-B813-0C4F47EF0793} = {B1745870-F3ED-4ACB-B813-0C4F47EF0793}
	EndProjectSection
EndProject
Project("{8BC9CEB8-8B4A-11D0-8D11-00A0C91BC942}") = "procurve", "src\server\drivers\procurve\procurve.vcproj", "{B51F1406-AF43-4396-96C0-31176DDAA3FB}"
	ProjectSection(ProjectDependencies) = postProject
		{CB89D905-C8BE-4027-B2D8-F96C245E9160} = {CB89D905-C8BE-4027-B2D8-F96C245E9160}
		{7DC90EE4-E31C-4F12-8F1E-81F10E9099FC} = {7DC90EE4-E31C-4F12-8F1E-81F10E9099FC}
		{AEB182ED-7F5C-4F5A-BCE1-9A38E98579BA} = {AEB182ED-7F5C-4F5A-BCE1-9A38E98579BA}
	EndProjectSection
EndProject
Global
	GlobalSection(SolutionConfigurationPlatforms) = preSolution
		Debug|Win32 = Debug|Win32
		Debug|x64 = Debug|x64
		Release|Win32 = Release|Win32
		Release|x64 = Release|x64
	EndGlobalSection
	GlobalSection(ProjectConfigurationPlatforms) = postSolution
		{6A88EF62-C4F2-4295-A833-549DAE4DF5ED}.Debug|Win32.ActiveCfg = Debug|Win32
		{6A88EF62-C4F2-4295-A833-549DAE4DF5ED}.Debug|Win32.Build.0 = Debug|Win32
		{6A88EF62-C4F2-4295-A833-549DAE4DF5ED}.Debug|x64.ActiveCfg = Debug|x64
		{6A88EF62-C4F2-4295-A833-549DAE4DF5ED}.Debug|x64.Build.0 = Debug|x64
		{6A88EF62-C4F2-4295-A833-549DAE4DF5ED}.Release|Win32.ActiveCfg = Release|Win32
		{6A88EF62-C4F2-4295-A833-549DAE4DF5ED}.Release|Win32.Build.0 = Release|Win32
		{6A88EF62-C4F2-4295-A833-549DAE4DF5ED}.Release|x64.ActiveCfg = Release|x64
		{6A88EF62-C4F2-4295-A833-549DAE4DF5ED}.Release|x64.Build.0 = Release|x64
		{B1745870-F3ED-4ACB-B813-0C4F47EF0793}.Debug|Win32.ActiveCfg = Debug|Win32
		{B1745870-F3ED-4ACB-B813-0C4F47EF0793}.Debug|Win32.Build.0 = Debug|Win32
		{B1745870-F3ED-4ACB-B813-0C4F47EF0793}.Debug|x64.ActiveCfg = Debug|x64
		{B1745870-F3ED-4ACB-B813-0C4F47EF0793}.Debug|x64.Build.0 = Debug|x64
		{B1745870-F3ED-4ACB-B813-0C4F47EF0793}.Release|Win32.ActiveCfg = Release|Win32
		{B1745870-F3ED-4ACB-B813-0C4F47EF0793}.Release|Win32.Build.0 = Release|Win32
		{B1745870-F3ED-4ACB-B813-0C4F47EF0793}.Release|x64.ActiveCfg = Release|x64
		{B1745870-F3ED-4ACB-B813-0C4F47EF0793}.Release|x64.Build.0 = Release|x64
		{AEB182ED-7F5C-4F5A-BCE1-9A38E98579BA}.Debug|Win32.ActiveCfg = Debug|Win32
		{AEB182ED-7F5C-4F5A-BCE1-9A38E98579BA}.Debug|Win32.Build.0 = Debug|Win32
		{AEB182ED-7F5C-4F5A-BCE1-9A38E98579BA}.Debug|x64.ActiveCfg = Debug|x64
		{AEB182ED-7F5C-4F5A-BCE1-9A38E98579BA}.Debug|x64.Build.0 = Debug|x64
		{AEB182ED-7F5C-4F5A-BCE1-9A38E98579BA}.Release|Win32.ActiveCfg = Release|Win32
		{AEB182ED-7F5C-4F5A-BCE1-9A38E98579BA}.Release|Win32.Build.0 = Release|Win32
		{AEB182ED-7F5C-4F5A-BCE1-9A38E98579BA}.Release|x64.ActiveCfg = Release|x64
		{AEB182ED-7F5C-4F5A-BCE1-9A38E98579BA}.Release|x64.Build.0 = Release|x64
		{64EFC0C2-C67B-41F6-851D-F11DAB27A60B}.Debug|Win32.ActiveCfg = Debug|Win32
		{64EFC0C2-C67B-41F6-851D-F11DAB27A60B}.Debug|Win32.Build.0 = Debug|Win32
		{64EFC0C2-C67B-41F6-851D-F11DAB27A60B}.Debug|x64.ActiveCfg = Debug|x64
		{64EFC0C2-C67B-41F6-851D-F11DAB27A60B}.Debug|x64.Build.0 = Debug|x64
		{64EFC0C2-C67B-41F6-851D-F11DAB27A60B}.Release|Win32.ActiveCfg = Release|Win32
		{64EFC0C2-C67B-41F6-851D-F11DAB27A60B}.Release|Win32.Build.0 = Release|Win32
		{64EFC0C2-C67B-41F6-851D-F11DAB27A60B}.Release|x64.ActiveCfg = Release|x64
		{64EFC0C2-C67B-41F6-851D-F11DAB27A60B}.Release|x64.Build.0 = Release|x64
		{57598B02-3295-4FE8-9322-94CE871CC84D}.Debug|Win32.ActiveCfg = Debug|Win32
		{57598B02-3295-4FE8-9322-94CE871CC84D}.Debug|Win32.Build.0 = Debug|Win32
		{57598B02-3295-4FE8-9322-94CE871CC84D}.Debug|x64.ActiveCfg = Debug|x64
		{57598B02-3295-4FE8-9322-94CE871CC84D}.Debug|x64.Build.0 = Debug|x64
		{57598B02-3295-4FE8-9322-94CE871CC84D}.Release|Win32.ActiveCfg = Release|Win32
		{57598B02-3295-4FE8-9322-94CE871CC84D}.Release|Win32.Build.0 = Release|Win32
		{57598B02-3295-4FE8-9322-94CE871CC84D}.Release|x64.ActiveCfg = Release|x64
		{57598B02-3295-4FE8-9322-94CE871CC84D}.Release|x64.Build.0 = Release|x64
		{E95263B5-A248-4163-95F3-E33CA679AEB3}.Debug|Win32.ActiveCfg = Debug|Win32
		{E95263B5-A248-4163-95F3-E33CA679AEB3}.Debug|Win32.Build.0 = Debug|Win32
		{E95263B5-A248-4163-95F3-E33CA679AEB3}.Debug|x64.ActiveCfg = Debug|x64
		{E95263B5-A248-4163-95F3-E33CA679AEB3}.Debug|x64.Build.0 = Debug|x64
		{E95263B5-A248-4163-95F3-E33CA679AEB3}.Release|Win32.ActiveCfg = Release|Win32
		{E95263B5-A248-4163-95F3-E33CA679AEB3}.Release|Win32.Build.0 = Release|Win32
		{E95263B5-A248-4163-95F3-E33CA679AEB3}.Release|x64.ActiveCfg = Release|x64
		{E95263B5-A248-4163-95F3-E33CA679AEB3}.Release|x64.Build.0 = Release|x64
		{EE54BC06-6B0F-4B91-9FC6-A5BB9ECBE577}.Debug|Win32.ActiveCfg = Debug|Win32
		{EE54BC06-6B0F-4B91-9FC6-A5BB9ECBE577}.Debug|Win32.Build.0 = Debug|Win32
		{EE54BC06-6B0F-4B91-9FC6-A5BB9ECBE577}.Debug|x64.ActiveCfg = Debug|x64
		{EE54BC06-6B0F-4B91-9FC6-A5BB9ECBE577}.Debug|x64.Build.0 = Debug|x64
		{EE54BC06-6B0F-4B91-9FC6-A5BB9ECBE577}.Release|Win32.ActiveCfg = Release|Win32
		{EE54BC06-6B0F-4B91-9FC6-A5BB9ECBE577}.Release|Win32.Build.0 = Release|Win32
		{EE54BC06-6B0F-4B91-9FC6-A5BB9ECBE577}.Release|x64.ActiveCfg = Release|x64
		{EE54BC06-6B0F-4B91-9FC6-A5BB9ECBE577}.Release|x64.Build.0 = Release|x64
		{4E190DD5-70DA-41EC-8D05-5EE8D74F3709}.Debug|Win32.ActiveCfg = Debug|Win32
		{4E190DD5-70DA-41EC-8D05-5EE8D74F3709}.Debug|Win32.Build.0 = Debug|Win32
		{4E190DD5-70DA-41EC-8D05-5EE8D74F3709}.Debug|x64.ActiveCfg = Debug|x64
		{4E190DD5-70DA-41EC-8D05-5EE8D74F3709}.Debug|x64.Build.0 = Debug|x64
		{4E190DD5-70DA-41EC-8D05-5EE8D74F3709}.Release|Win32.ActiveCfg = Release|Win32
		{4E190DD5-70DA-41EC-8D05-5EE8D74F3709}.Release|Win32.Build.0 = Release|Win32
		{4E190DD5-70DA-41EC-8D05-5EE8D74F3709}.Release|x64.ActiveCfg = Release|x64
		{4E190DD5-70DA-41EC-8D05-5EE8D74F3709}.Release|x64.Build.0 = Release|x64
		{53A73D5F-C7E2-449E-A222-F2D78C85D514}.Debug|Win32.ActiveCfg = Debug|Win32
		{53A73D5F-C7E2-449E-A222-F2D78C85D514}.Debug|Win32.Build.0 = Debug|Win32
		{53A73D5F-C7E2-449E-A222-F2D78C85D514}.Debug|x64.ActiveCfg = Debug|x64
		{53A73D5F-C7E2-449E-A222-F2D78C85D514}.Debug|x64.Build.0 = Debug|x64
		{53A73D5F-C7E2-449E-A222-F2D78C85D514}.Release|Win32.ActiveCfg = Release|Win32
		{53A73D5F-C7E2-449E-A222-F2D78C85D514}.Release|Win32.Build.0 = Release|Win32
		{53A73D5F-C7E2-449E-A222-F2D78C85D514}.Release|x64.ActiveCfg = Release|x64
		{53A73D5F-C7E2-449E-A222-F2D78C85D514}.Release|x64.Build.0 = Release|x64
		{DE47D07A-C81B-4772-86D4-13389F263923}.Debug|Win32.ActiveCfg = Debug|Win32
		{DE47D07A-C81B-4772-86D4-13389F263923}.Debug|Win32.Build.0 = Debug|Win32
		{DE47D07A-C81B-4772-86D4-13389F263923}.Debug|x64.ActiveCfg = Debug|x64
		{DE47D07A-C81B-4772-86D4-13389F263923}.Debug|x64.Build.0 = Debug|x64
		{DE47D07A-C81B-4772-86D4-13389F263923}.Release|Win32.ActiveCfg = Release|Win32
		{DE47D07A-C81B-4772-86D4-13389F263923}.Release|Win32.Build.0 = Release|Win32
		{DE47D07A-C81B-4772-86D4-13389F263923}.Release|x64.ActiveCfg = Release|x64
		{DE47D07A-C81B-4772-86D4-13389F263923}.Release|x64.Build.0 = Release|x64
		{F66A27F0-2943-4A16-ACC7-B450314B5163}.Debug|Win32.ActiveCfg = Debug|Win32
		{F66A27F0-2943-4A16-ACC7-B450314B5163}.Debug|Win32.Build.0 = Debug|Win32
		{F66A27F0-2943-4A16-ACC7-B450314B5163}.Debug|x64.ActiveCfg = Debug|x64
		{F66A27F0-2943-4A16-ACC7-B450314B5163}.Debug|x64.Build.0 = Debug|x64
		{F66A27F0-2943-4A16-ACC7-B450314B5163}.Release|Win32.ActiveCfg = Release|Win32
		{F66A27F0-2943-4A16-ACC7-B450314B5163}.Release|Win32.Build.0 = Release|Win32
		{F66A27F0-2943-4A16-ACC7-B450314B5163}.Release|x64.ActiveCfg = Release|x64
		{F66A27F0-2943-4A16-ACC7-B450314B5163}.Release|x64.Build.0 = Release|x64
		{C5CCF5DE-152E-40F3-AC6C-C5E54BB7C45F}.Debug|Win32.ActiveCfg = Debug|Win32
		{C5CCF5DE-152E-40F3-AC6C-C5E54BB7C45F}.Debug|Win32.Build.0 = Debug|Win32
		{C5CCF5DE-152E-40F3-AC6C-C5E54BB7C45F}.Debug|x64.ActiveCfg = Debug|x64
		{C5CCF5DE-152E-40F3-AC6C-C5E54BB7C45F}.Debug|x64.Build.0 = Debug|x64
		{C5CCF5DE-152E-40F3-AC6C-C5E54BB7C45F}.Release|Win32.ActiveCfg = Release|Win32
		{C5CCF5DE-152E-40F3-AC6C-C5E54BB7C45F}.Release|Win32.Build.0 = Release|Win32
		{C5CCF5DE-152E-40F3-AC6C-C5E54BB7C45F}.Release|x64.ActiveCfg = Release|x64
		{C5CCF5DE-152E-40F3-AC6C-C5E54BB7C45F}.Release|x64.Build.0 = Release|x64
		{1A2D2691-D9D4-4078-BBC4-A53DAF086D0C}.Debug|Win32.ActiveCfg = Debug|Win32
		{1A2D2691-D9D4-4078-BBC4-A53DAF086D0C}.Debug|Win32.Build.0 = Debug|Win32
		{1A2D2691-D9D4-4078-BBC4-A53DAF086D0C}.Debug|x64.ActiveCfg = Debug|x64
		{1A2D2691-D9D4-4078-BBC4-A53DAF086D0C}.Debug|x64.Build.0 = Debug|x64
		{1A2D2691-D9D4-4078-BBC4-A53DAF086D0C}.Release|Win32.ActiveCfg = Release|Win32
		{1A2D2691-D9D4-4078-BBC4-A53DAF086D0C}.Release|Win32.Build.0 = Release|Win32
		{1A2D2691-D9D4-4078-BBC4-A53DAF086D0C}.Release|x64.ActiveCfg = Release|x64
		{1A2D2691-D9D4-4078-BBC4-A53DAF086D0C}.Release|x64.Build.0 = Release|x64
		{F8A8749E-E539-4A3B-A21C-2C5C86AE33EA}.Debug|Win32.ActiveCfg = Debug|Win32
		{F8A8749E-E539-4A3B-A21C-2C5C86AE33EA}.Debug|Win32.Build.0 = Debug|Win32
		{F8A8749E-E539-4A3B-A21C-2C5C86AE33EA}.Debug|x64.ActiveCfg = Debug|x64
		{F8A8749E-E539-4A3B-A21C-2C5C86AE33EA}.Debug|x64.Build.0 = Debug|x64
		{F8A8749E-E539-4A3B-A21C-2C5C86AE33EA}.Release|Win32.ActiveCfg = Release|Win32
		{F8A8749E-E539-4A3B-A21C-2C5C86AE33EA}.Release|Win32.Build.0 = Release|Win32
		{F8A8749E-E539-4A3B-A21C-2C5C86AE33EA}.Release|x64.ActiveCfg = Release|x64
		{F8A8749E-E539-4A3B-A21C-2C5C86AE33EA}.Release|x64.Build.0 = Release|x64
		{BBE9028E-725C-45C6-97C9-BFC443F19DB6}.Debug|Win32.ActiveCfg = Debug|Win32
		{BBE9028E-725C-45C6-97C9-BFC443F19DB6}.Debug|Win32.Build.0 = Debug|Win32
		{BBE9028E-725C-45C6-97C9-BFC443F19DB6}.Debug|x64.ActiveCfg = Debug|x64
		{BBE9028E-725C-45C6-97C9-BFC443F19DB6}.Debug|x64.Build.0 = Debug|x64
		{BBE9028E-725C-45C6-97C9-BFC443F19DB6}.Release|Win32.ActiveCfg = Release|Win32
		{BBE9028E-725C-45C6-97C9-BFC443F19DB6}.Release|Win32.Build.0 = Release|Win32
		{BBE9028E-725C-45C6-97C9-BFC443F19DB6}.Release|x64.ActiveCfg = Release|x64
		{BBE9028E-725C-45C6-97C9-BFC443F19DB6}.Release|x64.Build.0 = Release|x64
		{AB386821-B630-49F5-95C3-677B9DCE1270}.Debug|Win32.ActiveCfg = Debug|Win32
		{AB386821-B630-49F5-95C3-677B9DCE1270}.Debug|Win32.Build.0 = Debug|Win32
		{AB386821-B630-49F5-95C3-677B9DCE1270}.Debug|x64.ActiveCfg = Debug|x64
		{AB386821-B630-49F5-95C3-677B9DCE1270}.Debug|x64.Build.0 = Debug|x64
		{AB386821-B630-49F5-95C3-677B9DCE1270}.Release|Win32.ActiveCfg = Release|Win32
		{AB386821-B630-49F5-95C3-677B9DCE1270}.Release|Win32.Build.0 = Release|Win32
		{AB386821-B630-49F5-95C3-677B9DCE1270}.Release|x64.ActiveCfg = Release|x64
		{AB386821-B630-49F5-95C3-677B9DCE1270}.Release|x64.Build.0 = Release|x64
		{0A5E80F3-485D-40C8-BE1E-9D7EE744DB8B}.Debug|Win32.ActiveCfg = Debug|Win32
		{0A5E80F3-485D-40C8-BE1E-9D7EE744DB8B}.Debug|Win32.Build.0 = Debug|Win32
		{0A5E80F3-485D-40C8-BE1E-9D7EE744DB8B}.Debug|x64.ActiveCfg = Debug|x64
		{0A5E80F3-485D-40C8-BE1E-9D7EE744DB8B}.Debug|x64.Build.0 = Debug|x64
		{0A5E80F3-485D-40C8-BE1E-9D7EE744DB8B}.Release|Win32.ActiveCfg = Release|Win32
		{0A5E80F3-485D-40C8-BE1E-9D7EE744DB8B}.Release|Win32.Build.0 = Release|Win32
		{0A5E80F3-485D-40C8-BE1E-9D7EE744DB8B}.Release|x64.ActiveCfg = Release|x64
		{0A5E80F3-485D-40C8-BE1E-9D7EE744DB8B}.Release|x64.Build.0 = Release|x64
		{3CB9B8C6-E6BF-4002-A61A-7A21FEADB531}.Debug|Win32.ActiveCfg = Debug|Win32
		{3CB9B8C6-E6BF-4002-A61A-7A21FEADB531}.Debug|Win32.Build.0 = Debug|Win32
		{3CB9B8C6-E6BF-4002-A61A-7A21FEADB531}.Debug|x64.ActiveCfg = Debug|x64
		{3CB9B8C6-E6BF-4002-A61A-7A21FEADB531}.Debug|x64.Build.0 = Debug|x64
		{3CB9B8C6-E6BF-4002-A61A-7A21FEADB531}.Release|Win32.ActiveCfg = Release|Win32
		{3CB9B8C6-E6BF-4002-A61A-7A21FEADB531}.Release|Win32.Build.0 = Release|Win32
		{3CB9B8C6-E6BF-4002-A61A-7A21FEADB531}.Release|x64.ActiveCfg = Release|x64
		{3CB9B8C6-E6BF-4002-A61A-7A21FEADB531}.Release|x64.Build.0 = Release|x64
		{3CB9B8C6-E6BF-4002-A61A-7A21FEADB532}.Debug|Win32.ActiveCfg = Debug|Win32
		{3CB9B8C6-E6BF-4002-A61A-7A21FEADB532}.Debug|Win32.Build.0 = Debug|Win32
		{3CB9B8C6-E6BF-4002-A61A-7A21FEADB532}.Debug|x64.ActiveCfg = Debug|x64
		{3CB9B8C6-E6BF-4002-A61A-7A21FEADB532}.Debug|x64.Build.0 = Debug|x64
		{3CB9B8C6-E6BF-4002-A61A-7A21FEADB532}.Release|Win32.ActiveCfg = Release|Win32
		{3CB9B8C6-E6BF-4002-A61A-7A21FEADB532}.Release|Win32.Build.0 = Release|Win32
		{3CB9B8C6-E6BF-4002-A61A-7A21FEADB532}.Release|x64.ActiveCfg = Release|x64
		{3CB9B8C6-E6BF-4002-A61A-7A21FEADB532}.Release|x64.Build.0 = Release|x64
		{F9FFAAE9-D669-451E-B9EF-18BC8AD37FAB}.Debug|Win32.ActiveCfg = Debug|Win32
		{F9FFAAE9-D669-451E-B9EF-18BC8AD37FAB}.Debug|Win32.Build.0 = Debug|Win32
		{F9FFAAE9-D669-451E-B9EF-18BC8AD37FAB}.Debug|x64.ActiveCfg = Debug|x64
		{F9FFAAE9-D669-451E-B9EF-18BC8AD37FAB}.Debug|x64.Build.0 = Debug|x64
		{F9FFAAE9-D669-451E-B9EF-18BC8AD37FAB}.Release|Win32.ActiveCfg = Release|Win32
		{F9FFAAE9-D669-451E-B9EF-18BC8AD37FAB}.Release|Win32.Build.0 = Release|Win32
		{F9FFAAE9-D669-451E-B9EF-18BC8AD37FAB}.Release|x64.ActiveCfg = Release|x64
		{F9FFAAE9-D669-451E-B9EF-18BC8AD37FAB}.Release|x64.Build.0 = Release|x64
		{C7A460E8-12A8-4FC7-9F59-C9C5CE17ED20}.Debug|Win32.ActiveCfg = Debug|Win32
		{C7A460E8-12A8-4FC7-9F59-C9C5CE17ED20}.Debug|Win32.Build.0 = Debug|Win32
		{C7A460E8-12A8-4FC7-9F59-C9C5CE17ED20}.Debug|x64.ActiveCfg = Debug|x64
		{C7A460E8-12A8-4FC7-9F59-C9C5CE17ED20}.Debug|x64.Build.0 = Debug|x64
		{C7A460E8-12A8-4FC7-9F59-C9C5CE17ED20}.Release|Win32.ActiveCfg = Release|Win32
		{C7A460E8-12A8-4FC7-9F59-C9C5CE17ED20}.Release|Win32.Build.0 = Release|Win32
		{C7A460E8-12A8-4FC7-9F59-C9C5CE17ED20}.Release|x64.ActiveCfg = Release|x64
		{C7A460E8-12A8-4FC7-9F59-C9C5CE17ED20}.Release|x64.Build.0 = Release|x64
		{B8671BF7-94E1-4615-A8C2-F5C78DB8C515}.Debug|Win32.ActiveCfg = Debug|Win32
		{B8671BF7-94E1-4615-A8C2-F5C78DB8C515}.Debug|Win32.Build.0 = Debug|Win32
		{B8671BF7-94E1-4615-A8C2-F5C78DB8C515}.Debug|x64.ActiveCfg = Debug|x64
		{B8671BF7-94E1-4615-A8C2-F5C78DB8C515}.Debug|x64.Build.0 = Debug|x64
		{B8671BF7-94E1-4615-A8C2-F5C78DB8C515}.Release|Win32.ActiveCfg = Release|Win32
		{B8671BF7-94E1-4615-A8C2-F5C78DB8C515}.Release|Win32.Build.0 = Release|Win32
		{B8671BF7-94E1-4615-A8C2-F5C78DB8C515}.Release|x64.ActiveCfg = Release|x64
		{B8671BF7-94E1-4615-A8C2-F5C78DB8C515}.Release|x64.Build.0 = Release|x64
		{B0A70A32-A8F0-4071-8044-FDA3C834A5C5}.Debug|Win32.ActiveCfg = Debug|Win32
		{B0A70A32-A8F0-4071-8044-FDA3C834A5C5}.Debug|Win32.Build.0 = Debug|Win32
		{B0A70A32-A8F0-4071-8044-FDA3C834A5C5}.Debug|x64.ActiveCfg = Debug|x64
		{B0A70A32-A8F0-4071-8044-FDA3C834A5C5}.Debug|x64.Build.0 = Debug|x64
		{B0A70A32-A8F0-4071-8044-FDA3C834A5C5}.Release|Win32.ActiveCfg = Release|Win32
		{B0A70A32-A8F0-4071-8044-FDA3C834A5C5}.Release|Win32.Build.0 = Release|Win32
		{B0A70A32-A8F0-4071-8044-FDA3C834A5C5}.Release|x64.ActiveCfg = Release|x64
		{B0A70A32-A8F0-4071-8044-FDA3C834A5C5}.Release|x64.Build.0 = Release|x64
		{7DC90EE4-E31C-4F12-8F1E-81F10E9099FB}.Debug|Win32.ActiveCfg = Debug|Win32
		{7DC90EE4-E31C-4F12-8F1E-81F10E9099FB}.Debug|Win32.Build.0 = Debug|Win32
		{7DC90EE4-E31C-4F12-8F1E-81F10E9099FB}.Debug|x64.ActiveCfg = Debug|x64
		{7DC90EE4-E31C-4F12-8F1E-81F10E9099FB}.Debug|x64.Build.0 = Debug|x64
		{7DC90EE4-E31C-4F12-8F1E-81F10E9099FB}.Release|Win32.ActiveCfg = Release|Win32
		{7DC90EE4-E31C-4F12-8F1E-81F10E9099FB}.Release|Win32.Build.0 = Release|Win32
		{7DC90EE4-E31C-4F12-8F1E-81F10E9099FB}.Release|x64.ActiveCfg = Release|x64
		{7DC90EE4-E31C-4F12-8F1E-81F10E9099FB}.Release|x64.Build.0 = Release|x64
		{E7410EB4-3355-4C83-8E05-D2877581CDA1}.Debug|Win32.ActiveCfg = Debug|Win32
		{E7410EB4-3355-4C83-8E05-D2877581CDA1}.Debug|Win32.Build.0 = Debug|Win32
		{E7410EB4-3355-4C83-8E05-D2877581CDA1}.Debug|x64.ActiveCfg = Debug|x64
		{E7410EB4-3355-4C83-8E05-D2877581CDA1}.Debug|x64.Build.0 = Debug|x64
		{E7410EB4-3355-4C83-8E05-D2877581CDA1}.Release|Win32.ActiveCfg = Release|Win32
		{E7410EB4-3355-4C83-8E05-D2877581CDA1}.Release|Win32.Build.0 = Release|Win32
		{E7410EB4-3355-4C83-8E05-D2877581CDA1}.Release|x64.ActiveCfg = Release|x64
		{E7410EB4-3355-4C83-8E05-D2877581CDA1}.Release|x64.Build.0 = Release|x64
		{0A4CE471-020A-42C6-91C0-DFEFA7E815E0}.Debug|Win32.ActiveCfg = Debug|Win32
		{0A4CE471-020A-42C6-91C0-DFEFA7E815E0}.Debug|Win32.Build.0 = Debug|Win32
		{0A4CE471-020A-42C6-91C0-DFEFA7E815E0}.Debug|x64.ActiveCfg = Debug|x64
		{0A4CE471-020A-42C6-91C0-DFEFA7E815E0}.Debug|x64.Build.0 = Debug|x64
		{0A4CE471-020A-42C6-91C0-DFEFA7E815E0}.Release|Win32.ActiveCfg = Release|Win32
		{0A4CE471-020A-42C6-91C0-DFEFA7E815E0}.Release|Win32.Build.0 = Release|Win32
		{0A4CE471-020A-42C6-91C0-DFEFA7E815E0}.Release|x64.ActiveCfg = Release|x64
		{0A4CE471-020A-42C6-91C0-DFEFA7E815E0}.Release|x64.Build.0 = Release|x64
		{7DC90EE4-E31C-4F12-8F1E-81F10E9099FC}.Debug|Win32.ActiveCfg = Debug|Win32
		{7DC90EE4-E31C-4F12-8F1E-81F10E9099FC}.Debug|Win32.Build.0 = Debug|Win32
		{7DC90EE4-E31C-4F12-8F1E-81F10E9099FC}.Debug|x64.ActiveCfg = Debug|x64
		{7DC90EE4-E31C-4F12-8F1E-81F10E9099FC}.Debug|x64.Build.0 = Debug|x64
		{7DC90EE4-E31C-4F12-8F1E-81F10E9099FC}.Release|Win32.ActiveCfg = Release|Win32
		{7DC90EE4-E31C-4F12-8F1E-81F10E9099FC}.Release|Win32.Build.0 = Release|Win32
		{7DC90EE4-E31C-4F12-8F1E-81F10E9099FC}.Release|x64.ActiveCfg = Release|x64
		{7DC90EE4-E31C-4F12-8F1E-81F10E9099FC}.Release|x64.Build.0 = Release|x64
		{9EA98E79-EB7D-4F6C-8105-AC7B231ABB10}.Debug|Win32.ActiveCfg = Debug|Win32
		{9EA98E79-EB7D-4F6C-8105-AC7B231ABB10}.Debug|Win32.Build.0 = Debug|Win32
		{9EA98E79-EB7D-4F6C-8105-AC7B231ABB10}.Debug|x64.ActiveCfg = Debug|x64
		{9EA98E79-EB7D-4F6C-8105-AC7B231ABB10}.Debug|x64.Build.0 = Debug|x64
		{9EA98E79-EB7D-4F6C-8105-AC7B231ABB10}.Release|Win32.ActiveCfg = Release|Win32
		{9EA98E79-EB7D-4F6C-8105-AC7B231ABB10}.Release|Win32.Build.0 = Release|Win32
		{9EA98E79-EB7D-4F6C-8105-AC7B231ABB10}.Release|x64.ActiveCfg = Release|x64
		{9EA98E79-EB7D-4F6C-8105-AC7B231ABB10}.Release|x64.Build.0 = Release|x64
		{5FA3AADC-3AD7-4B17-A581-D5E02DE17727}.Debug|Win32.ActiveCfg = Debug|Win32
		{5FA3AADC-3AD7-4B17-A581-D5E02DE17727}.Debug|Win32.Build.0 = Debug|Win32
		{5FA3AADC-3AD7-4B17-A581-D5E02DE17727}.Debug|x64.ActiveCfg = Debug|x64
		{5FA3AADC-3AD7-4B17-A581-D5E02DE17727}.Debug|x64.Build.0 = Debug|x64
		{5FA3AADC-3AD7-4B17-A581-D5E02DE17727}.Release|Win32.ActiveCfg = Release|Win32
		{5FA3AADC-3AD7-4B17-A581-D5E02DE17727}.Release|Win32.Build.0 = Release|Win32
		{5FA3AADC-3AD7-4B17-A581-D5E02DE17727}.Release|x64.ActiveCfg = Release|x64
		{5FA3AADC-3AD7-4B17-A581-D5E02DE17727}.Release|x64.Build.0 = Release|x64
		{9F722C62-78FD-4D8C-A7C7-2815B09F1943}.Debug|Win32.ActiveCfg = Debug|Win32
		{9F722C62-78FD-4D8C-A7C7-2815B09F1943}.Debug|Win32.Build.0 = Debug|Win32
		{9F722C62-78FD-4D8C-A7C7-2815B09F1943}.Debug|x64.ActiveCfg = Debug|x64
		{9F722C62-78FD-4D8C-A7C7-2815B09F1943}.Debug|x64.Build.0 = Debug|x64
		{9F722C62-78FD-4D8C-A7C7-2815B09F1943}.Release|Win32.ActiveCfg = Release|Win32
		{9F722C62-78FD-4D8C-A7C7-2815B09F1943}.Release|Win32.Build.0 = Release|Win32
		{9F722C62-78FD-4D8C-A7C7-2815B09F1943}.Release|x64.ActiveCfg = Release|x64
		{9F722C62-78FD-4D8C-A7C7-2815B09F1943}.Release|x64.Build.0 = Release|x64
		{CB89D905-C8BE-4027-B2D8-F96C245E9160}.Debug|Win32.ActiveCfg = Debug|Win32
		{CB89D905-C8BE-4027-B2D8-F96C245E9160}.Debug|Win32.Build.0 = Debug|Win32
		{CB89D905-C8BE-4027-B2D8-F96C245E9160}.Debug|x64.ActiveCfg = Debug|x64
		{CB89D905-C8BE-4027-B2D8-F96C245E9160}.Debug|x64.Build.0 = Debug|x64
		{CB89D905-C8BE-4027-B2D8-F96C245E9160}.Release|Win32.ActiveCfg = Release|Win32
		{CB89D905-C8BE-4027-B2D8-F96C245E9160}.Release|Win32.Build.0 = Release|Win32
		{CB89D905-C8BE-4027-B2D8-F96C245E9160}.Release|x64.ActiveCfg = Release|x64
		{CB89D905-C8BE-4027-B2D8-F96C245E9160}.Release|x64.Build.0 = Release|x64
		{3B172035-5EEC-45A3-8471-2C390B7ED683}.Debug|Win32.ActiveCfg = Debug|Win32
		{3B172035-5EEC-45A3-8471-2C390B7ED683}.Debug|Win32.Build.0 = Debug|Win32
		{3B172035-5EEC-45A3-8471-2C390B7ED683}.Debug|x64.ActiveCfg = Debug|x64
		{3B172035-5EEC-45A3-8471-2C390B7ED683}.Debug|x64.Build.0 = Debug|x64
		{3B172035-5EEC-45A3-8471-2C390B7ED683}.Release|Win32.ActiveCfg = Release|Win32
		{3B172035-5EEC-45A3-8471-2C390B7ED683}.Release|Win32.Build.0 = Release|Win32
		{3B172035-5EEC-45A3-8471-2C390B7ED683}.Release|x64.ActiveCfg = Release|x64
		{3B172035-5EEC-45A3-8471-2C390B7ED683}.Release|x64.Build.0 = Release|x64
		{B2988503-1921-4B9F-BBC1-5E5CF62F335E}.Debug|Win32.ActiveCfg = Debug|Win32
		{B2988503-1921-4B9F-BBC1-5E5CF62F335E}.Debug|Win32.Build.0 = Debug|Win32
		{B2988503-1921-4B9F-BBC1-5E5CF62F335E}.Debug|x64.ActiveCfg = Debug|x64
		{B2988503-1921-4B9F-BBC1-5E5CF62F335E}.Debug|x64.Build.0 = Debug|x64
		{B2988503-1921-4B9F-BBC1-5E5CF62F335E}.Release|Win32.ActiveCfg = Release|Win32
		{B2988503-1921-4B9F-BBC1-5E5CF62F335E}.Release|Win32.Build.0 = Release|Win32
		{B2988503-1921-4B9F-BBC1-5E5CF62F335E}.Release|x64.ActiveCfg = Release|x64
		{B2988503-1921-4B9F-BBC1-5E5CF62F335E}.Release|x64.Build.0 = Release|x64
		{BA263F92-D5A9-4F26-9606-5A1C1495FEA5}.Debug|Win32.ActiveCfg = Debug|Win32
		{BA263F92-D5A9-4F26-9606-5A1C1495FEA5}.Debug|Win32.Build.0 = Debug|Win32
		{BA263F92-D5A9-4F26-9606-5A1C1495FEA5}.Debug|x64.ActiveCfg = Debug|x64
		{BA263F92-D5A9-4F26-9606-5A1C1495FEA5}.Debug|x64.Build.0 = Debug|x64
		{BA263F92-D5A9-4F26-9606-5A1C1495FEA5}.Release|Win32.ActiveCfg = Release|Win32
		{BA263F92-D5A9-4F26-9606-5A1C1495FEA5}.Release|Win32.Build.0 = Release|Win32
		{BA263F92-D5A9-4F26-9606-5A1C1495FEA5}.Release|x64.ActiveCfg = Release|x64
		{BA263F92-D5A9-4F26-9606-5A1C1495FEA5}.Release|x64.Build.0 = Release|x64
		{E417A0C4-41F1-4F87-8C33-8526ECB1F8AF}.Debug|Win32.ActiveCfg = Debug|Win32
		{E417A0C4-41F1-4F87-8C33-8526ECB1F8AF}.Debug|Win32.Build.0 = Debug|Win32
		{E417A0C4-41F1-4F87-8C33-8526ECB1F8AF}.Debug|x64.ActiveCfg = Debug|x64
		{E417A0C4-41F1-4F87-8C33-8526ECB1F8AF}.Debug|x64.Build.0 = Debug|x64
		{E417A0C4-41F1-4F87-8C33-8526ECB1F8AF}.Release|Win32.ActiveCfg = Release|Win32
		{E417A0C4-41F1-4F87-8C33-8526ECB1F8AF}.Release|Win32.Build.0 = Release|Win32
		{E417A0C4-41F1-4F87-8C33-8526ECB1F8AF}.Release|x64.ActiveCfg = Release|x64
		{E417A0C4-41F1-4F87-8C33-8526ECB1F8AF}.Release|x64.Build.0 = Release|x64
		{BF5CE6BA-C84A-4448-B1B7-1B355AC77D12}.Debug|Win32.ActiveCfg = Debug|Win32
		{BF5CE6BA-C84A-4448-B1B7-1B355AC77D12}.Debug|Win32.Build.0 = Debug|Win32
		{BF5CE6BA-C84A-4448-B1B7-1B355AC77D12}.Debug|x64.ActiveCfg = Debug|x64
		{BF5CE6BA-C84A-4448-B1B7-1B355AC77D12}.Debug|x64.Build.0 = Debug|x64
		{BF5CE6BA-C84A-4448-B1B7-1B355AC77D12}.Release|Win32.ActiveCfg = Release|Win32
		{BF5CE6BA-C84A-4448-B1B7-1B355AC77D12}.Release|Win32.Build.0 = Release|Win32
		{BF5CE6BA-C84A-4448-B1B7-1B355AC77D12}.Release|x64.ActiveCfg = Release|x64
		{BF5CE6BA-C84A-4448-B1B7-1B355AC77D12}.Release|x64.Build.0 = Release|x64
		{67E35735-2115-45FF-9E93-EE67AF5C9C2C}.Debug|Win32.ActiveCfg = Debug|Win32
		{67E35735-2115-45FF-9E93-EE67AF5C9C2C}.Debug|Win32.Build.0 = Debug|Win32
		{67E35735-2115-45FF-9E93-EE67AF5C9C2C}.Debug|x64.ActiveCfg = Debug|x64
		{67E35735-2115-45FF-9E93-EE67AF5C9C2C}.Debug|x64.Build.0 = Debug|x64
		{67E35735-2115-45FF-9E93-EE67AF5C9C2C}.Release|Win32.ActiveCfg = Release|Win32
		{67E35735-2115-45FF-9E93-EE67AF5C9C2C}.Release|Win32.Build.0 = Release|Win32
		{67E35735-2115-45FF-9E93-EE67AF5C9C2C}.Release|x64.ActiveCfg = Release|x64
		{67E35735-2115-45FF-9E93-EE67AF5C9C2C}.Release|x64.Build.0 = Release|x64
		{1AC3C8D1-E309-4327-9E17-0E4CE0FC68CF}.Debug|Win32.ActiveCfg = Debug|Win32
		{1AC3C8D1-E309-4327-9E17-0E4CE0FC68CF}.Debug|Win32.Build.0 = Debug|Win32
		{1AC3C8D1-E309-4327-9E17-0E4CE0FC68CF}.Debug|x64.ActiveCfg = Debug|x64
		{1AC3C8D1-E309-4327-9E17-0E4CE0FC68CF}.Debug|x64.Build.0 = Debug|x64
		{1AC3C8D1-E309-4327-9E17-0E4CE0FC68CF}.Release|Win32.ActiveCfg = Release|Win32
		{1AC3C8D1-E309-4327-9E17-0E4CE0FC68CF}.Release|Win32.Build.0 = Release|Win32
		{1AC3C8D1-E309-4327-9E17-0E4CE0FC68CF}.Release|x64.ActiveCfg = Release|x64
		{1AC3C8D1-E309-4327-9E17-0E4CE0FC68CF}.Release|x64.Build.0 = Release|x64
		{DA863269-ED58-4910-AA6A-2572A3EE745D}.Debug|Win32.ActiveCfg = Debug|Win32
		{DA863269-ED58-4910-AA6A-2572A3EE745D}.Debug|Win32.Build.0 = Debug|Win32
		{DA863269-ED58-4910-AA6A-2572A3EE745D}.Debug|x64.ActiveCfg = Debug|x64
		{DA863269-ED58-4910-AA6A-2572A3EE745D}.Debug|x64.Build.0 = Debug|x64
		{DA863269-ED58-4910-AA6A-2572A3EE745D}.Release|Win32.ActiveCfg = Release|Win32
		{DA863269-ED58-4910-AA6A-2572A3EE745D}.Release|Win32.Build.0 = Release|Win32
		{DA863269-ED58-4910-AA6A-2572A3EE745D}.Release|x64.ActiveCfg = Release|x64
		{DA863269-ED58-4910-AA6A-2572A3EE745D}.Release|x64.Build.0 = Release|x64
		{4940613E-A11C-4259-95C8-8D23217EE60E}.Debug|Win32.ActiveCfg = Debug|Win32
		{4940613E-A11C-4259-95C8-8D23217EE60E}.Debug|Win32.Build.0 = Debug|Win32
		{4940613E-A11C-4259-95C8-8D23217EE60E}.Debug|x64.ActiveCfg = Debug|x64
		{4940613E-A11C-4259-95C8-8D23217EE60E}.Debug|x64.Build.0 = Debug|x64
		{4940613E-A11C-4259-95C8-8D23217EE60E}.Release|Win32.ActiveCfg = Release|Win32
		{4940613E-A11C-4259-95C8-8D23217EE60E}.Release|Win32.Build.0 = Release|Win32
		{4940613E-A11C-4259-95C8-8D23217EE60E}.Release|x64.ActiveCfg = Release|x64
		{4940613E-A11C-4259-95C8-8D23217EE60E}.Release|x64.Build.0 = Release|x64
		{41A5009F-4467-4D89-A171-5A919FEFE16E}.Debug|Win32.ActiveCfg = Debug|Win32
		{41A5009F-4467-4D89-A171-5A919FEFE16E}.Debug|Win32.Build.0 = Debug|Win32
		{41A5009F-4467-4D89-A171-5A919FEFE16E}.Debug|x64.ActiveCfg = Debug|x64
		{41A5009F-4467-4D89-A171-5A919FEFE16E}.Debug|x64.Build.0 = Debug|x64
		{41A5009F-4467-4D89-A171-5A919FEFE16E}.Release|Win32.ActiveCfg = Release|Win32
		{41A5009F-4467-4D89-A171-5A919FEFE16E}.Release|Win32.Build.0 = Release|Win32
		{41A5009F-4467-4D89-A171-5A919FEFE16E}.Release|x64.ActiveCfg = Release|x64
		{41A5009F-4467-4D89-A171-5A919FEFE16E}.Release|x64.Build.0 = Release|x64
		{C317231C-B984-4423-ACF2-C19DE8B6AA3F}.Debug|Win32.ActiveCfg = Debug|Win32
		{C317231C-B984-4423-ACF2-C19DE8B6AA3F}.Debug|Win32.Build.0 = Debug|Win32
		{C317231C-B984-4423-ACF2-C19DE8B6AA3F}.Debug|x64.ActiveCfg = Debug|x64
		{C317231C-B984-4423-ACF2-C19DE8B6AA3F}.Debug|x64.Build.0 = Debug|x64
		{C317231C-B984-4423-ACF2-C19DE8B6AA3F}.Release|Win32.ActiveCfg = Release|Win32
		{C317231C-B984-4423-ACF2-C19DE8B6AA3F}.Release|Win32.Build.0 = Release|Win32
		{C317231C-B984-4423-ACF2-C19DE8B6AA3F}.Release|x64.ActiveCfg = Release|x64
		{C317231C-B984-4423-ACF2-C19DE8B6AA3F}.Release|x64.Build.0 = Release|x64
		{F0FAC738-1BC6-46A5-A54A-8D7F2219302D}.Debug|Win32.ActiveCfg = Debug|Win32
		{F0FAC738-1BC6-46A5-A54A-8D7F2219302D}.Debug|Win32.Build.0 = Debug|Win32
		{F0FAC738-1BC6-46A5-A54A-8D7F2219302D}.Debug|x64.ActiveCfg = Debug|x64
		{F0FAC738-1BC6-46A5-A54A-8D7F2219302D}.Debug|x64.Build.0 = Debug|x64
		{F0FAC738-1BC6-46A5-A54A-8D7F2219302D}.Release|Win32.ActiveCfg = Release|Win32
		{F0FAC738-1BC6-46A5-A54A-8D7F2219302D}.Release|Win32.Build.0 = Release|Win32
		{F0FAC738-1BC6-46A5-A54A-8D7F2219302D}.Release|x64.ActiveCfg = Release|x64
		{F0FAC738-1BC6-46A5-A54A-8D7F2219302D}.Release|x64.Build.0 = Release|x64
		{8E5A517B-93AB-4EA8-BB53-AE6346756343}.Debug|Win32.ActiveCfg = Debug|Win32
		{8E5A517B-93AB-4EA8-BB53-AE6346756343}.Debug|Win32.Build.0 = Debug|Win32
		{8E5A517B-93AB-4EA8-BB53-AE6346756343}.Debug|x64.ActiveCfg = Debug|x64
		{8E5A517B-93AB-4EA8-BB53-AE6346756343}.Debug|x64.Build.0 = Debug|x64
		{8E5A517B-93AB-4EA8-BB53-AE6346756343}.Release|Win32.ActiveCfg = Release|Win32
		{8E5A517B-93AB-4EA8-BB53-AE6346756343}.Release|Win32.Build.0 = Release|Win32
		{8E5A517B-93AB-4EA8-BB53-AE6346756343}.Release|x64.ActiveCfg = Release|x64
		{8E5A517B-93AB-4EA8-BB53-AE6346756343}.Release|x64.Build.0 = Release|x64
		{BECC966D-AFC8-48F6-97B1-2FE92062D7B4}.Debug|Win32.ActiveCfg = Debug|Win32
		{BECC966D-AFC8-48F6-97B1-2FE92062D7B4}.Debug|Win32.Build.0 = Debug|Win32
		{BECC966D-AFC8-48F6-97B1-2FE92062D7B4}.Debug|x64.ActiveCfg = Debug|x64
		{BECC966D-AFC8-48F6-97B1-2FE92062D7B4}.Debug|x64.Build.0 = Debug|x64
		{BECC966D-AFC8-48F6-97B1-2FE92062D7B4}.Release|Win32.ActiveCfg = Release|Win32
		{BECC966D-AFC8-48F6-97B1-2FE92062D7B4}.Release|Win32.Build.0 = Release|Win32
		{BECC966D-AFC8-48F6-97B1-2FE92062D7B4}.Release|x64.ActiveCfg = Release|x64
		{BECC966D-AFC8-48F6-97B1-2FE92062D7B4}.Release|x64.Build.0 = Release|x64
		{23F22F68-D562-4E80-8267-9F1DD9398357}.Debug|Win32.ActiveCfg = Debug|Win32
		{23F22F68-D562-4E80-8267-9F1DD9398357}.Debug|Win32.Build.0 = Debug|Win32
		{23F22F68-D562-4E80-8267-9F1DD9398357}.Debug|x64.ActiveCfg = Debug|x64
		{23F22F68-D562-4E80-8267-9F1DD9398357}.Debug|x64.Build.0 = Debug|x64
		{23F22F68-D562-4E80-8267-9F1DD9398357}.Release|Win32.ActiveCfg = Release|Win32
		{23F22F68-D562-4E80-8267-9F1DD9398357}.Release|Win32.Build.0 = Release|Win32
		{23F22F68-D562-4E80-8267-9F1DD9398357}.Release|x64.ActiveCfg = Release|x64
		{23F22F68-D562-4E80-8267-9F1DD9398357}.Release|x64.Build.0 = Release|x64
		{169A4446-A035-4CF7-8377-3C517ADF0C50}.Debug|Win32.ActiveCfg = Debug|Win32
		{169A4446-A035-4CF7-8377-3C517ADF0C50}.Debug|Win32.Build.0 = Debug|Win32
		{169A4446-A035-4CF7-8377-3C517ADF0C50}.Debug|x64.ActiveCfg = Debug|x64
		{169A4446-A035-4CF7-8377-3C517ADF0C50}.Debug|x64.Build.0 = Debug|x64
		{169A4446-A035-4CF7-8377-3C517ADF0C50}.Release|Win32.ActiveCfg = Release|Win32
		{169A4446-A035-4CF7-8377-3C517ADF0C50}.Release|Win32.Build.0 = Release|Win32
		{169A4446-A035-4CF7-8377-3C517ADF0C50}.Release|x64.ActiveCfg = Release|x64
		{169A4446-A035-4CF7-8377-3C517ADF0C50}.Release|x64.Build.0 = Release|x64
		{956DD617-0939-4B25-B8D0-E10AA645064E}.Debug|Win32.ActiveCfg = Debug|Win32
		{956DD617-0939-4B25-B8D0-E10AA645064E}.Debug|Win32.Build.0 = Debug|Win32
		{956DD617-0939-4B25-B8D0-E10AA645064E}.Debug|x64.ActiveCfg = Debug|x64
		{956DD617-0939-4B25-B8D0-E10AA645064E}.Debug|x64.Build.0 = Debug|x64
		{956DD617-0939-4B25-B8D0-E10AA645064E}.Release|Win32.ActiveCfg = Release|Win32
		{956DD617-0939-4B25-B8D0-E10AA645064E}.Release|Win32.Build.0 = Release|Win32
		{956DD617-0939-4B25-B8D0-E10AA645064E}.Release|x64.ActiveCfg = Release|x64
		{956DD617-0939-4B25-B8D0-E10AA645064E}.Release|x64.Build.0 = Release|x64
		{1EA79FC6-F395-43DF-9E3C-2030CA05ED1D}.Debug|Win32.ActiveCfg = Debug|Win32
		{1EA79FC6-F395-43DF-9E3C-2030CA05ED1D}.Debug|Win32.Build.0 = Debug|Win32
		{1EA79FC6-F395-43DF-9E3C-2030CA05ED1D}.Debug|x64.ActiveCfg = Debug|x64
		{1EA79FC6-F395-43DF-9E3C-2030CA05ED1D}.Debug|x64.Build.0 = Debug|x64
		{1EA79FC6-F395-43DF-9E3C-2030CA05ED1D}.Release|Win32.ActiveCfg = Release|Win32
		{1EA79FC6-F395-43DF-9E3C-2030CA05ED1D}.Release|Win32.Build.0 = Release|Win32
		{1EA79FC6-F395-43DF-9E3C-2030CA05ED1D}.Release|x64.ActiveCfg = Release|x64
		{1EA79FC6-F395-43DF-9E3C-2030CA05ED1D}.Release|x64.Build.0 = Release|x64
		{87CAA25D-991E-45E1-BB69-337D45121F19}.Debug|Win32.ActiveCfg = Debug|Win32
		{87CAA25D-991E-45E1-BB69-337D45121F19}.Debug|Win32.Build.0 = Debug|Win32
		{87CAA25D-991E-45E1-BB69-337D45121F19}.Debug|x64.ActiveCfg = Debug|x64
		{87CAA25D-991E-45E1-BB69-337D45121F19}.Debug|x64.Build.0 = Debug|x64
		{87CAA25D-991E-45E1-BB69-337D45121F19}.Release|Win32.ActiveCfg = Release|Win32
		{87CAA25D-991E-45E1-BB69-337D45121F19}.Release|Win32.Build.0 = Release|Win32
		{87CAA25D-991E-45E1-BB69-337D45121F19}.Release|x64.ActiveCfg = Release|x64
		{87CAA25D-991E-45E1-BB69-337D45121F19}.Release|x64.Build.0 = Release|x64
		{DAA82F5C-1144-4DC0-A2E8-5253068565F1}.Debug|Win32.ActiveCfg = Debug|Win32
		{DAA82F5C-1144-4DC0-A2E8-5253068565F1}.Debug|Win32.Build.0 = Debug|Win32
		{DAA82F5C-1144-4DC0-A2E8-5253068565F1}.Debug|x64.ActiveCfg = Debug|x64
		{DAA82F5C-1144-4DC0-A2E8-5253068565F1}.Debug|x64.Build.0 = Debug|x64
		{DAA82F5C-1144-4DC0-A2E8-5253068565F1}.Release|Win32.ActiveCfg = Release|Win32
		{DAA82F5C-1144-4DC0-A2E8-5253068565F1}.Release|Win32.Build.0 = Release|Win32
		{DAA82F5C-1144-4DC0-A2E8-5253068565F1}.Release|x64.ActiveCfg = Release|x64
		{DAA82F5C-1144-4DC0-A2E8-5253068565F1}.Release|x64.Build.0 = Release|x64
		{49F5280F-147B-46D0-98BF-931F0646CF82}.Debug|Win32.ActiveCfg = Debug|Win32
		{49F5280F-147B-46D0-98BF-931F0646CF82}.Debug|Win32.Build.0 = Debug|Win32
		{49F5280F-147B-46D0-98BF-931F0646CF82}.Debug|x64.ActiveCfg = Debug|x64
		{49F5280F-147B-46D0-98BF-931F0646CF82}.Debug|x64.Build.0 = Debug|x64
		{49F5280F-147B-46D0-98BF-931F0646CF82}.Release|Win32.ActiveCfg = Release|Win32
		{49F5280F-147B-46D0-98BF-931F0646CF82}.Release|Win32.Build.0 = Release|Win32
		{49F5280F-147B-46D0-98BF-931F0646CF82}.Release|x64.ActiveCfg = Release|x64
		{49F5280F-147B-46D0-98BF-931F0646CF82}.Release|x64.Build.0 = Release|x64
		{F3E29541-3A0E-45EC-8BEC-E193F2401622}.Debug|Win32.ActiveCfg = Debug|Win32
		{F3E29541-3A0E-45EC-8BEC-E193F2401622}.Debug|Win32.Build.0 = Debug|Win32
		{F3E29541-3A0E-45EC-8BEC-E193F2401622}.Debug|x64.ActiveCfg = Debug|x64
		{F3E29541-3A0E-45EC-8BEC-E193F2401622}.Debug|x64.Build.0 = Debug|x64
		{F3E29541-3A0E-45EC-8BEC-E193F2401622}.Release|Win32.ActiveCfg = Release|Win32
		{F3E29541-3A0E-45EC-8BEC-E193F2401622}.Release|Win32.Build.0 = Release|Win32
		{F3E29541-3A0E-45EC-8BEC-E193F2401622}.Release|x64.ActiveCfg = Release|x64
		{F3E29541-3A0E-45EC-8BEC-E193F2401622}.Release|x64.Build.0 = Release|x64
		{A429ACFD-1E61-4EE4-8391-15DBA65B0EF0}.Debug|Win32.ActiveCfg = Debug|Win32
		{A429ACFD-1E61-4EE4-8391-15DBA65B0EF0}.Debug|Win32.Build.0 = Debug|Win32
		{A429ACFD-1E61-4EE4-8391-15DBA65B0EF0}.Debug|x64.ActiveCfg = Debug|x64
		{A429ACFD-1E61-4EE4-8391-15DBA65B0EF0}.Debug|x64.Build.0 = Debug|x64
		{A429ACFD-1E61-4EE4-8391-15DBA65B0EF0}.Release|Win32.ActiveCfg = Release|Win32
		{A429ACFD-1E61-4EE4-8391-15DBA65B0EF0}.Release|Win32.Build.0 = Release|Win32
		{A429ACFD-1E61-4EE4-8391-15DBA65B0EF0}.Release|x64.ActiveCfg = Release|x64
		{A429ACFD-1E61-4EE4-8391-15DBA65B0EF0}.Release|x64.Build.0 = Release|x64
		{7BEDC9BF-E345-4BD6-B063-C3564963036E}.Debug|Win32.ActiveCfg = Debug|Win32
		{7BEDC9BF-E345-4BD6-B063-C3564963036E}.Debug|Win32.Build.0 = Debug|Win32
		{7BEDC9BF-E345-4BD6-B063-C3564963036E}.Debug|x64.ActiveCfg = Debug|x64
		{7BEDC9BF-E345-4BD6-B063-C3564963036E}.Debug|x64.Build.0 = Debug|x64
		{7BEDC9BF-E345-4BD6-B063-C3564963036E}.Release|Win32.ActiveCfg = Release|Win32
		{7BEDC9BF-E345-4BD6-B063-C3564963036E}.Release|Win32.Build.0 = Release|Win32
		{7BEDC9BF-E345-4BD6-B063-C3564963036E}.Release|x64.ActiveCfg = Release|x64
		{7BEDC9BF-E345-4BD6-B063-C3564963036E}.Release|x64.Build.0 = Release|x64
		{AA515A35-366D-4EBF-A927-A017A841C48D}.Debug|Win32.ActiveCfg = Debug|Win32
		{AA515A35-366D-4EBF-A927-A017A841C48D}.Debug|Win32.Build.0 = Debug|Win32
		{AA515A35-366D-4EBF-A927-A017A841C48D}.Debug|x64.ActiveCfg = Debug|x64
		{AA515A35-366D-4EBF-A927-A017A841C48D}.Debug|x64.Build.0 = Debug|x64
		{AA515A35-366D-4EBF-A927-A017A841C48D}.Release|Win32.ActiveCfg = Release|Win32
		{AA515A35-366D-4EBF-A927-A017A841C48D}.Release|Win32.Build.0 = Release|Win32
		{AA515A35-366D-4EBF-A927-A017A841C48D}.Release|x64.ActiveCfg = Release|x64
		{AA515A35-366D-4EBF-A927-A017A841C48D}.Release|x64.Build.0 = Release|x64
		{2A650435-027D-4722-B6E8-CCE730E2E963}.Debug|Win32.ActiveCfg = Debug|Win32
		{2A650435-027D-4722-B6E8-CCE730E2E963}.Debug|Win32.Build.0 = Debug|Win32
		{2A650435-027D-4722-B6E8-CCE730E2E963}.Debug|x64.ActiveCfg = Debug|x64
		{2A650435-027D-4722-B6E8-CCE730E2E963}.Debug|x64.Build.0 = Debug|x64
		{2A650435-027D-4722-B6E8-CCE730E2E963}.Release|Win32.ActiveCfg = Release|Win32
		{2A650435-027D-4722-B6E8-CCE730E2E963}.Release|Win32.Build.0 = Release|Win32
		{2A650435-027D-4722-B6E8-CCE730E2E963}.Release|x64.ActiveCfg = Release|x64
		{2A650435-027D-4722-B6E8-CCE730E2E963}.Release|x64.Build.0 = Release|x64
		{4D92E883-1776-4012-A5C0-439104DE3441}.Debug|Win32.ActiveCfg = Debug|Win32
		{4D92E883-1776-4012-A5C0-439104DE3441}.Debug|Win32.Build.0 = Debug|Win32
		{4D92E883-1776-4012-A5C0-439104DE3441}.Debug|x64.ActiveCfg = Debug|x64
		{4D92E883-1776-4012-A5C0-439104DE3441}.Debug|x64.Build.0 = Debug|x64
		{4D92E883-1776-4012-A5C0-439104DE3441}.Release|Win32.ActiveCfg = Release|Win32
		{4D92E883-1776-4012-A5C0-439104DE3441}.Release|Win32.Build.0 = Release|Win32
		{4D92E883-1776-4012-A5C0-439104DE3441}.Release|x64.ActiveCfg = Release|x64
		{4D92E883-1776-4012-A5C0-439104DE3441}.Release|x64.Build.0 = Release|x64
		{AA18FD4D-7B01-4932-BA04-B0F54F001F66}.Debug|Win32.ActiveCfg = Debug|Win32
		{AA18FD4D-7B01-4932-BA04-B0F54F001F66}.Debug|Win32.Build.0 = Debug|Win32
		{AA18FD4D-7B01-4932-BA04-B0F54F001F66}.Debug|x64.ActiveCfg = Debug|x64
		{AA18FD4D-7B01-4932-BA04-B0F54F001F66}.Debug|x64.Build.0 = Debug|x64
		{AA18FD4D-7B01-4932-BA04-B0F54F001F66}.Release|Win32.ActiveCfg = Release|Win32
		{AA18FD4D-7B01-4932-BA04-B0F54F001F66}.Release|Win32.Build.0 = Release|Win32
		{AA18FD4D-7B01-4932-BA04-B0F54F001F66}.Release|x64.ActiveCfg = Release|x64
		{AA18FD4D-7B01-4932-BA04-B0F54F001F66}.Release|x64.Build.0 = Release|x64
		{A76CCCF5-D70B-4307-B84C-219289CEAA6D}.Debug|Win32.ActiveCfg = Debug|Win32
		{A76CCCF5-D70B-4307-B84C-219289CEAA6D}.Debug|Win32.Build.0 = Debug|Win32
		{A76CCCF5-D70B-4307-B84C-219289CEAA6D}.Debug|x64.ActiveCfg = Debug|x64
		{A76CCCF5-D70B-4307-B84C-219289CEAA6D}.Debug|x64.Build.0 = Debug|x64
		{A76CCCF5-D70B-4307-B84C-219289CEAA6D}.Release|Win32.ActiveCfg = Release|Win32
		{A76CCCF5-D70B-4307-B84C-219289CEAA6D}.Release|Win32.Build.0 = Release|Win32
		{A76CCCF5-D70B-4307-B84C-219289CEAA6D}.Release|x64.ActiveCfg = Release|x64
		{A76CCCF5-D70B-4307-B84C-219289CEAA6D}.Release|x64.Build.0 = Release|x64
		{418E47B0-3E78-4820-A101-CA9C4439F9AB}.Debug|Win32.ActiveCfg = Debug|Win32
		{418E47B0-3E78-4820-A101-CA9C4439F9AB}.Debug|Win32.Build.0 = Debug|Win32
		{418E47B0-3E78-4820-A101-CA9C4439F9AB}.Debug|x64.ActiveCfg = Debug|x64
		{418E47B0-3E78-4820-A101-CA9C4439F9AB}.Debug|x64.Build.0 = Debug|x64
		{418E47B0-3E78-4820-A101-CA9C4439F9AB}.Release|Win32.ActiveCfg = Release|Win32
		{418E47B0-3E78-4820-A101-CA9C4439F9AB}.Release|Win32.Build.0 = Release|Win32
		{418E47B0-3E78-4820-A101-CA9C4439F9AB}.Release|x64.ActiveCfg = Release|x64
		{418E47B0-3E78-4820-A101-CA9C4439F9AB}.Release|x64.Build.0 = Release|x64
		{2DEF303B-5FEF-4F5E-87C4-FB7895058F59}.Debug|Win32.ActiveCfg = Debug|Win32
		{2DEF303B-5FEF-4F5E-87C4-FB7895058F59}.Debug|Win32.Build.0 = Debug|Win32
		{2DEF303B-5FEF-4F5E-87C4-FB7895058F59}.Debug|x64.ActiveCfg = Debug|x64
		{2DEF303B-5FEF-4F5E-87C4-FB7895058F59}.Debug|x64.Build.0 = Debug|x64
		{2DEF303B-5FEF-4F5E-87C4-FB7895058F59}.Release|Win32.ActiveCfg = Release|Win32
		{2DEF303B-5FEF-4F5E-87C4-FB7895058F59}.Release|Win32.Build.0 = Release|Win32
		{2DEF303B-5FEF-4F5E-87C4-FB7895058F59}.Release|x64.ActiveCfg = Release|x64
		{2DEF303B-5FEF-4F5E-87C4-FB7895058F59}.Release|x64.Build.0 = Release|x64
		{D7F709ED-7483-49F0-8B17-ABB705606FEA}.Debug|Win32.ActiveCfg = Debug|Win32
		{D7F709ED-7483-49F0-8B17-ABB705606FEA}.Debug|Win32.Build.0 = Debug|Win32
		{D7F709ED-7483-49F0-8B17-ABB705606FEA}.Debug|x64.ActiveCfg = Debug|x64
		{D7F709ED-7483-49F0-8B17-ABB705606FEA}.Debug|x64.Build.0 = Debug|x64
		{D7F709ED-7483-49F0-8B17-ABB705606FEA}.Release|Win32.ActiveCfg = Release|Win32
		{D7F709ED-7483-49F0-8B17-ABB705606FEA}.Release|Win32.Build.0 = Release|Win32
		{D7F709ED-7483-49F0-8B17-ABB705606FEA}.Release|x64.ActiveCfg = Release|x64
		{D7F709ED-7483-49F0-8B17-ABB705606FEA}.Release|x64.Build.0 = Release|x64
		{297D9A45-B928-4470-91B5-0E07A20C2405}.Debug|Win32.ActiveCfg = Debug|Win32
		{297D9A45-B928-4470-91B5-0E07A20C2405}.Debug|Win32.Build.0 = Debug|Win32
		{297D9A45-B928-4470-91B5-0E07A20C2405}.Debug|x64.ActiveCfg = Debug|x64
		{297D9A45-B928-4470-91B5-0E07A20C2405}.Debug|x64.Build.0 = Debug|x64
		{297D9A45-B928-4470-91B5-0E07A20C2405}.Release|Win32.ActiveCfg = Release|Win32
		{297D9A45-B928-4470-91B5-0E07A20C2405}.Release|Win32.Build.0 = Release|Win32
		{297D9A45-B928-4470-91B5-0E07A20C2405}.Release|x64.ActiveCfg = Release|x64
		{297D9A45-B928-4470-91B5-0E07A20C2405}.Release|x64.Build.0 = Release|x64
		{36749C31-C8C6-4DD2-A11C-E41ED86927C7}.Debug|Win32.ActiveCfg = Debug|Win32
		{36749C31-C8C6-4DD2-A11C-E41ED86927C7}.Debug|Win32.Build.0 = Debug|Win32
		{36749C31-C8C6-4DD2-A11C-E41ED86927C7}.Debug|x64.ActiveCfg = Debug|x64
		{36749C31-C8C6-4DD2-A11C-E41ED86927C7}.Debug|x64.Build.0 = Debug|x64
		{36749C31-C8C6-4DD2-A11C-E41ED86927C7}.Release|Win32.ActiveCfg = Release|Win32
		{36749C31-C8C6-4DD2-A11C-E41ED86927C7}.Release|Win32.Build.0 = Release|Win32
		{36749C31-C8C6-4DD2-A11C-E41ED86927C7}.Release|x64.ActiveCfg = Release|x64
		{36749C31-C8C6-4DD2-A11C-E41ED86927C7}.Release|x64.Build.0 = Release|x64
		{406AE5C7-343D-4C88-B8F3-84E46255B830}.Debug|Win32.ActiveCfg = Debug|Win32
		{406AE5C7-343D-4C88-B8F3-84E46255B830}.Debug|Win32.Build.0 = Debug|Win32
		{406AE5C7-343D-4C88-B8F3-84E46255B830}.Debug|x64.ActiveCfg = Debug|x64
		{406AE5C7-343D-4C88-B8F3-84E46255B830}.Debug|x64.Build.0 = Debug|x64
		{406AE5C7-343D-4C88-B8F3-84E46255B830}.Release|Win32.ActiveCfg = Release|Win32
		{406AE5C7-343D-4C88-B8F3-84E46255B830}.Release|Win32.Build.0 = Release|Win32
		{406AE5C7-343D-4C88-B8F3-84E46255B830}.Release|x64.ActiveCfg = Release|x64
		{406AE5C7-343D-4C88-B8F3-84E46255B830}.Release|x64.Build.0 = Release|x64
		{96EF0643-89FD-47CD-B82E-9F7D1DAF35EC}.Debug|Win32.ActiveCfg = Debug|Win32
		{96EF0643-89FD-47CD-B82E-9F7D1DAF35EC}.Debug|Win32.Build.0 = Debug|Win32
		{96EF0643-89FD-47CD-B82E-9F7D1DAF35EC}.Debug|x64.ActiveCfg = Debug|x64
		{96EF0643-89FD-47CD-B82E-9F7D1DAF35EC}.Debug|x64.Build.0 = Debug|x64
		{96EF0643-89FD-47CD-B82E-9F7D1DAF35EC}.Release|Win32.ActiveCfg = Release|Win32
		{96EF0643-89FD-47CD-B82E-9F7D1DAF35EC}.Release|Win32.Build.0 = Release|Win32
		{96EF0643-89FD-47CD-B82E-9F7D1DAF35EC}.Release|x64.ActiveCfg = Release|x64
		{96EF0643-89FD-47CD-B82E-9F7D1DAF35EC}.Release|x64.Build.0 = Release|x64
		{80C83532-77BE-4606-9DFE-58073FC27CF9}.Debug|Win32.ActiveCfg = Debug|Win32
		{80C83532-77BE-4606-9DFE-58073FC27CF9}.Debug|Win32.Build.0 = Debug|Win32
		{80C83532-77BE-4606-9DFE-58073FC27CF9}.Debug|x64.ActiveCfg = Debug|Win32
		{80C83532-77BE-4606-9DFE-58073FC27CF9}.Release|Win32.ActiveCfg = Release|Win32
		{80C83532-77BE-4606-9DFE-58073FC27CF9}.Release|Win32.Build.0 = Release|Win32
		{80C83532-77BE-4606-9DFE-58073FC27CF9}.Release|x64.ActiveCfg = Release|Win32
		{13A91F2E-A17B-4ABA-B5B2-285807BD7832}.Debug|Win32.ActiveCfg = Debug|Win32
		{13A91F2E-A17B-4ABA-B5B2-285807BD7832}.Debug|Win32.Build.0 = Debug|Win32
		{13A91F2E-A17B-4ABA-B5B2-285807BD7832}.Debug|x64.ActiveCfg = Debug|x64
		{13A91F2E-A17B-4ABA-B5B2-285807BD7832}.Debug|x64.Build.0 = Debug|x64
		{13A91F2E-A17B-4ABA-B5B2-285807BD7832}.Release|Win32.ActiveCfg = Release|Win32
		{13A91F2E-A17B-4ABA-B5B2-285807BD7832}.Release|Win32.Build.0 = Release|Win32
		{13A91F2E-A17B-4ABA-B5B2-285807BD7832}.Release|x64.ActiveCfg = Release|x64
		{13A91F2E-A17B-4ABA-B5B2-285807BD7832}.Release|x64.Build.0 = Release|x64
		{076E6815-4B6B-4F1E-A36C-CD3DD26EA5AC}.Debug|Win32.ActiveCfg = Debug|Win32
		{076E6815-4B6B-4F1E-A36C-CD3DD26EA5AC}.Debug|Win32.Build.0 = Debug|Win32
		{076E6815-4B6B-4F1E-A36C-CD3DD26EA5AC}.Debug|x64.ActiveCfg = Debug|x64
		{076E6815-4B6B-4F1E-A36C-CD3DD26EA5AC}.Debug|x64.Build.0 = Debug|x64
		{076E6815-4B6B-4F1E-A36C-CD3DD26EA5AC}.Release|Win32.ActiveCfg = Release|Win32
		{076E6815-4B6B-4F1E-A36C-CD3DD26EA5AC}.Release|Win32.Build.0 = Release|Win32
		{076E6815-4B6B-4F1E-A36C-CD3DD26EA5AC}.Release|x64.ActiveCfg = Release|x64
		{076E6815-4B6B-4F1E-A36C-CD3DD26EA5AC}.Release|x64.Build.0 = Release|x64
		{DA651576-4E4F-448C-A0A3-9EDD15C81078}.Debug|Win32.ActiveCfg = Debug|Win32
		{DA651576-4E4F-448C-A0A3-9EDD15C81078}.Debug|Win32.Build.0 = Debug|Win32
		{DA651576-4E4F-448C-A0A3-9EDD15C81078}.Debug|x64.ActiveCfg = Debug|x64
		{DA651576-4E4F-448C-A0A3-9EDD15C81078}.Debug|x64.Build.0 = Debug|x64
		{DA651576-4E4F-448C-A0A3-9EDD15C81078}.Release|Win32.ActiveCfg = Release|Win32
		{DA651576-4E4F-448C-A0A3-9EDD15C81078}.Release|Win32.Build.0 = Release|Win32
		{DA651576-4E4F-448C-A0A3-9EDD15C81078}.Release|x64.ActiveCfg = Release|x64
		{DA651576-4E4F-448C-A0A3-9EDD15C81078}.Release|x64.Build.0 = Release|x64
		{375F95BD-EFBA-4AA3-8DA3-E79779A12896}.Debug|Win32.ActiveCfg = Debug|Win32
		{375F95BD-EFBA-4AA3-8DA3-E79779A12896}.Debug|Win32.Build.0 = Debug|Win32
		{375F95BD-EFBA-4AA3-8DA3-E79779A12896}.Debug|x64.ActiveCfg = Debug|x64
		{375F95BD-EFBA-4AA3-8DA3-E79779A12896}.Debug|x64.Build.0 = Debug|x64
		{375F95BD-EFBA-4AA3-8DA3-E79779A12896}.Release|Win32.ActiveCfg = Release|Win32
		{375F95BD-EFBA-4AA3-8DA3-E79779A12896}.Release|Win32.Build.0 = Release|Win32
		{375F95BD-EFBA-4AA3-8DA3-E79779A12896}.Release|x64.ActiveCfg = Release|x64
		{375F95BD-EFBA-4AA3-8DA3-E79779A12896}.Release|x64.Build.0 = Release|x64
		{FEEF505B-75AE-4E52-8177-51FFC4AB2ED2}.Debug|Win32.ActiveCfg = Debug|Win32
		{FEEF505B-75AE-4E52-8177-51FFC4AB2ED2}.Debug|Win32.Build.0 = Debug|Win32
		{FEEF505B-75AE-4E52-8177-51FFC4AB2ED2}.Debug|x64.ActiveCfg = Debug|x64
		{FEEF505B-75AE-4E52-8177-51FFC4AB2ED2}.Debug|x64.Build.0 = Debug|x64
		{FEEF505B-75AE-4E52-8177-51FFC4AB2ED2}.Release|Win32.ActiveCfg = Release|Win32
		{FEEF505B-75AE-4E52-8177-51FFC4AB2ED2}.Release|Win32.Build.0 = Release|Win32
		{FEEF505B-75AE-4E52-8177-51FFC4AB2ED2}.Release|x64.ActiveCfg = Release|x64
		{FEEF505B-75AE-4E52-8177-51FFC4AB2ED2}.Release|x64.Build.0 = Release|x64
		{7D0A15A1-7F6E-480D-9926-13BB6DAA0E10}.Debug|Win32.ActiveCfg = Debug|Win32
		{7D0A15A1-7F6E-480D-9926-13BB6DAA0E10}.Debug|Win32.Build.0 = Debug|Win32
		{7D0A15A1-7F6E-480D-9926-13BB6DAA0E10}.Debug|x64.ActiveCfg = Debug|x64
		{7D0A15A1-7F6E-480D-9926-13BB6DAA0E10}.Debug|x64.Build.0 = Debug|x64
		{7D0A15A1-7F6E-480D-9926-13BB6DAA0E10}.Release|Win32.ActiveCfg = Release|Win32
		{7D0A15A1-7F6E-480D-9926-13BB6DAA0E10}.Release|Win32.Build.0 = Release|Win32
		{7D0A15A1-7F6E-480D-9926-13BB6DAA0E10}.Release|x64.ActiveCfg = Release|x64
		{7D0A15A1-7F6E-480D-9926-13BB6DAA0E10}.Release|x64.Build.0 = Release|x64
		{500DE9BF-6FC1-4ACB-91A9-308BA1D37F37}.Debug|Win32.ActiveCfg = Debug|Win32
		{500DE9BF-6FC1-4ACB-91A9-308BA1D37F37}.Debug|Win32.Build.0 = Debug|Win32
		{500DE9BF-6FC1-4ACB-91A9-308BA1D37F37}.Debug|x64.ActiveCfg = Debug|x64
		{500DE9BF-6FC1-4ACB-91A9-308BA1D37F37}.Debug|x64.Build.0 = Debug|x64
		{500DE9BF-6FC1-4ACB-91A9-308BA1D37F37}.Release|Win32.ActiveCfg = Release|Win32
		{500DE9BF-6FC1-4ACB-91A9-308BA1D37F37}.Release|Win32.Build.0 = Release|Win32
		{500DE9BF-6FC1-4ACB-91A9-308BA1D37F37}.Release|x64.ActiveCfg = Release|x64
		{500DE9BF-6FC1-4ACB-91A9-308BA1D37F37}.Release|x64.Build.0 = Release|x64
		{7DE4A043-48B8-4D66-8D3F-8CF5C757EEB5}.Debug|Win32.ActiveCfg = Debug|Win32
		{7DE4A043-48B8-4D66-8D3F-8CF5C757EEB5}.Debug|Win32.Build.0 = Debug|Win32
		{7DE4A043-48B8-4D66-8D3F-8CF5C757EEB5}.Debug|x64.ActiveCfg = Debug|x64
		{7DE4A043-48B8-4D66-8D3F-8CF5C757EEB5}.Debug|x64.Build.0 = Debug|x64
		{7DE4A043-48B8-4D66-8D3F-8CF5C757EEB5}.Release|Win32.ActiveCfg = Release|Win32
		{7DE4A043-48B8-4D66-8D3F-8CF5C757EEB5}.Release|Win32.Build.0 = Release|Win32
		{7DE4A043-48B8-4D66-8D3F-8CF5C757EEB5}.Release|x64.ActiveCfg = Release|x64
		{7DE4A043-48B8-4D66-8D3F-8CF5C757EEB5}.Release|x64.Build.0 = Release|x64
		{12F5AF3E-A688-4852-A0ED-921D0E088AC4}.Debug|Win32.ActiveCfg = Debug|Win32
		{12F5AF3E-A688-4852-A0ED-921D0E088AC4}.Debug|Win32.Build.0 = Debug|Win32
		{12F5AF3E-A688-4852-A0ED-921D0E088AC4}.Debug|x64.ActiveCfg = Debug|x64
		{12F5AF3E-A688-4852-A0ED-921D0E088AC4}.Debug|x64.Build.0 = Debug|x64
		{12F5AF3E-A688-4852-A0ED-921D0E088AC4}.Release|Win32.ActiveCfg = Release|Win32
		{12F5AF3E-A688-4852-A0ED-921D0E088AC4}.Release|Win32.Build.0 = Release|Win32
		{12F5AF3E-A688-4852-A0ED-921D0E088AC4}.Release|x64.ActiveCfg = Release|x64
		{12F5AF3E-A688-4852-A0ED-921D0E088AC4}.Release|x64.Build.0 = Release|x64
		{912783D2-CF6F-4040-B564-4E2436EB0827}.Debug|Win32.ActiveCfg = Debug|Win32
		{912783D2-CF6F-4040-B564-4E2436EB0827}.Debug|Win32.Build.0 = Debug|Win32
		{912783D2-CF6F-4040-B564-4E2436EB0827}.Debug|x64.ActiveCfg = Debug|x64
		{912783D2-CF6F-4040-B564-4E2436EB0827}.Debug|x64.Build.0 = Debug|x64
		{912783D2-CF6F-4040-B564-4E2436EB0827}.Release|Win32.ActiveCfg = Release|Win32
		{912783D2-CF6F-4040-B564-4E2436EB0827}.Release|Win32.Build.0 = Release|Win32
		{912783D2-CF6F-4040-B564-4E2436EB0827}.Release|x64.ActiveCfg = Release|x64
		{912783D2-CF6F-4040-B564-4E2436EB0827}.Release|x64.Build.0 = Release|x64
		{C177FB94-66E8-424E-BDBE-A96C75D2672C}.Debug|Win32.ActiveCfg = Debug|Win32
		{C177FB94-66E8-424E-BDBE-A96C75D2672C}.Debug|Win32.Build.0 = Debug|Win32
		{C177FB94-66E8-424E-BDBE-A96C75D2672C}.Debug|x64.ActiveCfg = Debug|x64
		{C177FB94-66E8-424E-BDBE-A96C75D2672C}.Debug|x64.Build.0 = Debug|x64
		{C177FB94-66E8-424E-BDBE-A96C75D2672C}.Release|Win32.ActiveCfg = Release|Win32
		{C177FB94-66E8-424E-BDBE-A96C75D2672C}.Release|Win32.Build.0 = Release|Win32
		{C177FB94-66E8-424E-BDBE-A96C75D2672C}.Release|x64.ActiveCfg = Release|x64
		{C177FB94-66E8-424E-BDBE-A96C75D2672C}.Release|x64.Build.0 = Release|x64
		{F343CDCB-1DB5-4563-86DF-6AF1596090B2}.Debug|Win32.ActiveCfg = Debug|Win32
		{F343CDCB-1DB5-4563-86DF-6AF1596090B2}.Debug|Win32.Build.0 = Debug|Win32
		{F343CDCB-1DB5-4563-86DF-6AF1596090B2}.Debug|x64.ActiveCfg = Debug|x64
		{F343CDCB-1DB5-4563-86DF-6AF1596090B2}.Debug|x64.Build.0 = Debug|x64
		{F343CDCB-1DB5-4563-86DF-6AF1596090B2}.Release|Win32.ActiveCfg = Release|Win32
		{F343CDCB-1DB5-4563-86DF-6AF1596090B2}.Release|Win32.Build.0 = Release|Win32
		{F343CDCB-1DB5-4563-86DF-6AF1596090B2}.Release|x64.ActiveCfg = Release|x64
		{F343CDCB-1DB5-4563-86DF-6AF1596090B2}.Release|x64.Build.0 = Release|x64
		{90B762AB-B7BA-42D6-9819-C687AB3F59D0}.Debug|Win32.ActiveCfg = Debug|Win32
		{90B762AB-B7BA-42D6-9819-C687AB3F59D0}.Debug|Win32.Build.0 = Debug|Win32
		{90B762AB-B7BA-42D6-9819-C687AB3F59D0}.Debug|x64.ActiveCfg = Debug|x64
		{90B762AB-B7BA-42D6-9819-C687AB3F59D0}.Debug|x64.Build.0 = Debug|x64
		{90B762AB-B7BA-42D6-9819-C687AB3F59D0}.Release|Win32.ActiveCfg = Release|Win32
		{90B762AB-B7BA-42D6-9819-C687AB3F59D0}.Release|Win32.Build.0 = Release|Win32
		{90B762AB-B7BA-42D6-9819-C687AB3F59D0}.Release|x64.ActiveCfg = Release|x64
		{90B762AB-B7BA-42D6-9819-C687AB3F59D0}.Release|x64.Build.0 = Release|x64
		{68B9F17F-A292-4DAB-8EA9-B87473BB0436}.Debug|Win32.ActiveCfg = Debug|Win32
		{68B9F17F-A292-4DAB-8EA9-B87473BB0436}.Debug|Win32.Build.0 = Debug|Win32
		{68B9F17F-A292-4DAB-8EA9-B87473BB0436}.Debug|x64.ActiveCfg = Debug|Win32
		{68B9F17F-A292-4DAB-8EA9-B87473BB0436}.Release|Win32.ActiveCfg = Release|Win32
		{68B9F17F-A292-4DAB-8EA9-B87473BB0436}.Release|Win32.Build.0 = Release|Win32
		{68B9F17F-A292-4DAB-8EA9-B87473BB0436}.Release|x64.ActiveCfg = Release|Win32
		{B51F1406-AF43-4396-96C0-31176DDAA3FB}.Debug|Win32.ActiveCfg = Debug|Win32
		{B51F1406-AF43-4396-96C0-31176DDAA3FB}.Debug|Win32.Build.0 = Debug|Win32
		{B51F1406-AF43-4396-96C0-31176DDAA3FB}.Debug|x64.ActiveCfg = Debug|Win32
		{B51F1406-AF43-4396-96C0-31176DDAA3FB}.Release|Win32.ActiveCfg = Release|Win32
		{B51F1406-AF43-4396-96C0-31176DDAA3FB}.Release|Win32.Build.0 = Release|Win32
		{B51F1406-AF43-4396-96C0-31176DDAA3FB}.Release|x64.ActiveCfg = Release|Win32
	EndGlobalSection
	GlobalSection(SolutionProperties) = preSolution
		HideSolutionNode = FALSE
	EndGlobalSection
	GlobalSection(NestedProjects) = preSolution
		{B1745870-F3ED-4ACB-B813-0C4F47EF0793} = {71683564-472B-4216-BA74-0F34BC843D92}
		{AEB182ED-7F5C-4F5A-BCE1-9A38E98579BA} = {71683564-472B-4216-BA74-0F34BC843D92}
		{64EFC0C2-C67B-41F6-851D-F11DAB27A60B} = {71683564-472B-4216-BA74-0F34BC843D92}
		{6A88EF62-C4F2-4295-A833-549DAE4DF5ED} = {71683564-472B-4216-BA74-0F34BC843D92}
		{AB386821-B630-49F5-95C3-677B9DCE1270} = {71683564-472B-4216-BA74-0F34BC843D92}
		{0A5E80F3-485D-40C8-BE1E-9D7EE744DB8B} = {71683564-472B-4216-BA74-0F34BC843D92}
		{E7410EB4-3355-4C83-8E05-D2877581CDA1} = {71683564-472B-4216-BA74-0F34BC843D92}
		{1EA79FC6-F395-43DF-9E3C-2030CA05ED1D} = {71683564-472B-4216-BA74-0F34BC843D92}
		{87CAA25D-991E-45E1-BB69-337D45121F19} = {71683564-472B-4216-BA74-0F34BC843D92}
		{DAA82F5C-1144-4DC0-A2E8-5253068565F1} = {71683564-472B-4216-BA74-0F34BC843D92}
		{418E47B0-3E78-4820-A101-CA9C4439F9AB} = {71683564-472B-4216-BA74-0F34BC843D92}
		{406AE5C7-343D-4C88-B8F3-84E46255B830} = {71683564-472B-4216-BA74-0F34BC843D92}
		{451F583D-C2DB-4414-870C-7FA0189BE7DD} = {8BC9D64D-347C-41BE-A506-D21C8FB72D56}
		{57598B02-3295-4FE8-9322-94CE871CC84D} = {8BC9D64D-347C-41BE-A506-D21C8FB72D56}
		{80C83532-77BE-4606-9DFE-58073FC27CF9} = {8BC9D64D-347C-41BE-A506-D21C8FB72D56}
		{896A7CDA-423A-460A-83E2-6ED37DAE187C} = {8BC9D64D-347C-41BE-A506-D21C8FB72D56}
		{E95263B5-A248-4163-95F3-E33CA679AEB3} = {451F583D-C2DB-4414-870C-7FA0189BE7DD}
		{EE54BC06-6B0F-4B91-9FC6-A5BB9ECBE577} = {451F583D-C2DB-4414-870C-7FA0189BE7DD}
		{4E190DD5-70DA-41EC-8D05-5EE8D74F3709} = {451F583D-C2DB-4414-870C-7FA0189BE7DD}
		{53A73D5F-C7E2-449E-A222-F2D78C85D514} = {451F583D-C2DB-4414-870C-7FA0189BE7DD}
		{DE47D07A-C81B-4772-86D4-13389F263923} = {451F583D-C2DB-4414-870C-7FA0189BE7DD}
		{F66A27F0-2943-4A16-ACC7-B450314B5163} = {451F583D-C2DB-4414-870C-7FA0189BE7DD}
		{C5CCF5DE-152E-40F3-AC6C-C5E54BB7C45F} = {451F583D-C2DB-4414-870C-7FA0189BE7DD}
		{1A2D2691-D9D4-4078-BBC4-A53DAF086D0C} = {451F583D-C2DB-4414-870C-7FA0189BE7DD}
		{F8A8749E-E539-4A3B-A21C-2C5C86AE33EA} = {451F583D-C2DB-4414-870C-7FA0189BE7DD}
		{BBE9028E-725C-45C6-97C9-BFC443F19DB6} = {451F583D-C2DB-4414-870C-7FA0189BE7DD}
		{12F5AF3E-A688-4852-A0ED-921D0E088AC4} = {451F583D-C2DB-4414-870C-7FA0189BE7DD}
		{90B762AB-B7BA-42D6-9819-C687AB3F59D0} = {451F583D-C2DB-4414-870C-7FA0189BE7DD}
		{CB89D905-C8BE-4027-B2D8-F96C245E9160} = {B93920F5-65F4-4531-B87E-A5B357AF2476}
		{3B172035-5EEC-45A3-8471-2C390B7ED683} = {B93920F5-65F4-4531-B87E-A5B357AF2476}
		{E417A0C4-41F1-4F87-8C33-8526ECB1F8AF} = {B93920F5-65F4-4531-B87E-A5B357AF2476}
		{64482674-7B36-4A14-A612-247333174315} = {B93920F5-65F4-4531-B87E-A5B357AF2476}
		{5818CCA9-B585-44B8-B29E-98B1DC278A3C} = {B93920F5-65F4-4531-B87E-A5B357AF2476}
		{53997B2A-D94C-428C-816D-938C297A1866} = {B93920F5-65F4-4531-B87E-A5B357AF2476}
		{7DC90EE4-E31C-4F12-8F1E-81F10E9099FB} = {268BC97D-BFC6-4BD7-BF78-E6AC1D8BA37E}
		{0A4CE471-020A-42C6-91C0-DFEFA7E815E0} = {268BC97D-BFC6-4BD7-BF78-E6AC1D8BA37E}
		{7DC90EE4-E31C-4F12-8F1E-81F10E9099FC} = {268BC97D-BFC6-4BD7-BF78-E6AC1D8BA37E}
		{9EA98E79-EB7D-4F6C-8105-AC7B231ABB10} = {268BC97D-BFC6-4BD7-BF78-E6AC1D8BA37E}
		{5FA3AADC-3AD7-4B17-A581-D5E02DE17727} = {268BC97D-BFC6-4BD7-BF78-E6AC1D8BA37E}
		{9F722C62-78FD-4D8C-A7C7-2815B09F1943} = {268BC97D-BFC6-4BD7-BF78-E6AC1D8BA37E}
		{3CB9B8C6-E6BF-4002-A61A-7A21FEADB531} = {E431F5D5-AAD8-4315-928A-23F86969DB35}
		{3CB9B8C6-E6BF-4002-A61A-7A21FEADB532} = {E431F5D5-AAD8-4315-928A-23F86969DB35}
		{39BF23C9-D903-4C20-8E88-19533A745625} = {E431F5D5-AAD8-4315-928A-23F86969DB35}
		{69EC5B74-D466-422E-B8D1-1386B0421D54} = {E431F5D5-AAD8-4315-928A-23F86969DB35}
		{F0FAC738-1BC6-46A5-A54A-8D7F2219302D} = {E431F5D5-AAD8-4315-928A-23F86969DB35}
		{8E5A517B-93AB-4EA8-BB53-AE6346756343} = {E431F5D5-AAD8-4315-928A-23F86969DB35}
		{F9FFAAE9-D669-451E-B9EF-18BC8AD37FAB} = {39BF23C9-D903-4C20-8E88-19533A745625}
		{C7A460E8-12A8-4FC7-9F59-C9C5CE17ED20} = {39BF23C9-D903-4C20-8E88-19533A745625}
		{B8671BF7-94E1-4615-A8C2-F5C78DB8C515} = {39BF23C9-D903-4C20-8E88-19533A745625}
		{B0A70A32-A8F0-4071-8044-FDA3C834A5C5} = {39BF23C9-D903-4C20-8E88-19533A745625}
		{B2988503-1921-4B9F-BBC1-5E5CF62F335E} = {CE0DA89E-CF0C-452C-9C33-75A143355BDC}
		{BA263F92-D5A9-4F26-9606-5A1C1495FEA5} = {CE0DA89E-CF0C-452C-9C33-75A143355BDC}
		{C177FB94-66E8-424E-BDBE-A96C75D2672C} = {CE0DA89E-CF0C-452C-9C33-75A143355BDC}
		{BF5CE6BA-C84A-4448-B1B7-1B355AC77D12} = {64482674-7B36-4A14-A612-247333174315}
		{67E35735-2115-45FF-9E93-EE67AF5C9C2C} = {64482674-7B36-4A14-A612-247333174315}
		{1AC3C8D1-E309-4327-9E17-0E4CE0FC68CF} = {64482674-7B36-4A14-A612-247333174315}
		{DA863269-ED58-4910-AA6A-2572A3EE745D} = {64482674-7B36-4A14-A612-247333174315}
		{4940613E-A11C-4259-95C8-8D23217EE60E} = {64482674-7B36-4A14-A612-247333174315}
		{49F5280F-147B-46D0-98BF-931F0646CF82} = {64482674-7B36-4A14-A612-247333174315}
		{A76CCCF5-D70B-4307-B84C-219289CEAA6D} = {64482674-7B36-4A14-A612-247333174315}
		{36749C31-C8C6-4DD2-A11C-E41ED86927C7} = {64482674-7B36-4A14-A612-247333174315}
		{41A5009F-4467-4D89-A171-5A919FEFE16E} = {5818CCA9-B585-44B8-B29E-98B1DC278A3C}
		{C317231C-B984-4423-ACF2-C19DE8B6AA3F} = {5818CCA9-B585-44B8-B29E-98B1DC278A3C}
		{7D0A15A1-7F6E-480D-9926-13BB6DAA0E10} = {5818CCA9-B585-44B8-B29E-98B1DC278A3C}
		{912783D2-CF6F-4040-B564-4E2436EB0827} = {5818CCA9-B585-44B8-B29E-98B1DC278A3C}
		{BECC966D-AFC8-48F6-97B1-2FE92062D7B4} = {69EC5B74-D466-422E-B8D1-1386B0421D54}
		{23F22F68-D562-4E80-8267-9F1DD9398357} = {69EC5B74-D466-422E-B8D1-1386B0421D54}
		{169A4446-A035-4CF7-8377-3C517ADF0C50} = {69EC5B74-D466-422E-B8D1-1386B0421D54}
		{956DD617-0939-4B25-B8D0-E10AA645064E} = {69EC5B74-D466-422E-B8D1-1386B0421D54}
		{44417A1C-341A-4D06-8F86-1D8027A10FF3} = {2AD11F39-3F76-4269-A6E9-4B9A294F8F48}
		{F3E29541-3A0E-45EC-8BEC-E193F2401622} = {2AD11F39-3F76-4269-A6E9-4B9A294F8F48}
		{96EF0643-89FD-47CD-B82E-9F7D1DAF35EC} = {2AD11F39-3F76-4269-A6E9-4B9A294F8F48}
		{A429ACFD-1E61-4EE4-8391-15DBA65B0EF0} = {44417A1C-341A-4D06-8F86-1D8027A10FF3}
		{7BEDC9BF-E345-4BD6-B063-C3564963036E} = {44417A1C-341A-4D06-8F86-1D8027A10FF3}
		{AA515A35-366D-4EBF-A927-A017A841C48D} = {44417A1C-341A-4D06-8F86-1D8027A10FF3}
		{2A650435-027D-4722-B6E8-CCE730E2E963} = {44417A1C-341A-4D06-8F86-1D8027A10FF3}
		{4D92E883-1776-4012-A5C0-439104DE3441} = {44417A1C-341A-4D06-8F86-1D8027A10FF3}
		{AA18FD4D-7B01-4932-BA04-B0F54F001F66} = {44417A1C-341A-4D06-8F86-1D8027A10FF3}
		{297D9A45-B928-4470-91B5-0E07A20C2405} = {44417A1C-341A-4D06-8F86-1D8027A10FF3}
		{7DE4A043-48B8-4D66-8D3F-8CF5C757EEB5} = {44417A1C-341A-4D06-8F86-1D8027A10FF3}
		{2DEF303B-5FEF-4F5E-87C4-FB7895058F59} = {89B3A66E-5853-4B14-A5E3-9E4C6524BE65}
		{D7F709ED-7483-49F0-8B17-ABB705606FEA} = {89B3A66E-5853-4B14-A5E3-9E4C6524BE65}
		{13A91F2E-A17B-4ABA-B5B2-285807BD7832} = {53997B2A-D94C-428C-816D-938C297A1866}
		{076E6815-4B6B-4F1E-A36C-CD3DD26EA5AC} = {53997B2A-D94C-428C-816D-938C297A1866}
		{D73BB67D-032B-4FB7-AEB8-5795B246A072} = {53997B2A-D94C-428C-816D-938C297A1866}
		{FEEF505B-75AE-4E52-8177-51FFC4AB2ED2} = {53997B2A-D94C-428C-816D-938C297A1866}
		{500DE9BF-6FC1-4ACB-91A9-308BA1D37F37} = {53997B2A-D94C-428C-816D-938C297A1866}
		{F343CDCB-1DB5-4563-86DF-6AF1596090B2} = {53997B2A-D94C-428C-816D-938C297A1866}
		{B51F1406-AF43-4396-96C0-31176DDAA3FB} = {53997B2A-D94C-428C-816D-938C297A1866}
		{DA651576-4E4F-448C-A0A3-9EDD15C81078} = {D73BB67D-032B-4FB7-AEB8-5795B246A072}
		{375F95BD-EFBA-4AA3-8DA3-E79779A12896} = {D73BB67D-032B-4FB7-AEB8-5795B246A072}
		{68B9F17F-A292-4DAB-8EA9-B87473BB0436} = {896A7CDA-423A-460A-83E2-6ED37DAE187C}
	EndGlobalSection
EndGlobal
