<?xml version="1.0" encoding="utf-8"?>
<Project ToolsVersion="4.0" xmlns="http://schemas.microsoft.com/developer/msbuild/2003">
  <ItemGroup>
    <Filter Include="Source Files">
      <UniqueIdentifier>{4FC737F1-C7A5-4376-A066-2A32D752A2FF}</UniqueIdentifier>
      <Extensions>cpp;c;cc;cxx;def;odl;idl;hpj;bat;asm;asmx</Extensions>
    </Filter>
    <Filter Include="Header Files">
      <UniqueIdentifier>{93995380-89BD-4b04-88EB-625FBE52EBFB}</UniqueIdentifier>
      <Extensions>h;hpp;hxx;hm;inl;inc;xsd</Extensions>
    </Filter>
    <Filter Include="Resource Files">
      <UniqueIdentifier>{67DA6AB6-F800-4c08-8B7A-83BB121AAD01}</UniqueIdentifier>
      <Extensions>rc;ico;cur;bmp;dlg;rc2;rct;bin;rgs;gif;jpg;jpeg;jpe;resx;tiff;tif;png;wav</Extensions>
    </Filter>
    <Filter Include="Parser Files">
      <UniqueIdentifier>{b3844239-23a8-4b98-96cb-b57d66670eb5}</UniqueIdentifier>
    </Filter>
  </ItemGroup>
  <ItemGroup>
    <ClCompile Include="array.cpp">
      <Filter>Source Files</Filter>
    </ClCompile>
    <ClCompile Include="class.cpp">
      <Filter>Source Files</Filter>
    </ClCompile>
    <ClCompile Include="compiler.cpp">
      <Filter>Source Files</Filter>
    </ClCompile>
    <ClCompile Include="env.cpp">
      <Filter>Source Files</Filter>
    </ClCompile>
    <ClCompile Include="functions.cpp">
      <Filter>Source Files</Filter>
    </ClCompile>
    <ClCompile Include="geolocation.cpp">
      <Filter>Source Files</Filter>
    </ClCompile>
    <ClCompile Include="hashmap.cpp">
      <Filter>Source Files</Filter>
    </ClCompile>
    <ClCompile Include="inetaddr.cpp">
      <Filter>Source Files</Filter>
    </ClCompile>
    <ClCompile Include="instruction.cpp">
      <Filter>Source Files</Filter>
    </ClCompile>
    <ClCompile Include="iterator.cpp">
      <Filter>Source Files</Filter>
    </ClCompile>
    <ClCompile Include="lex.parser.cpp">
      <Filter>Source Files</Filter>
    </ClCompile>
    <ClCompile Include="lexer.cpp">
      <Filter>Source Files</Filter>
    </ClCompile>
    <ClCompile Include="library.cpp">
      <Filter>Source Files</Filter>
    </ClCompile>
    <ClCompile Include="main.cpp">
      <Filter>Source Files</Filter>
    </ClCompile>
    <ClCompile Include="network.cpp">
      <Filter>Source Files</Filter>
    </ClCompile>
    <ClCompile Include="parser.tab.cpp">
      <Filter>Source Files</Filter>
    </ClCompile>
    <ClCompile Include="program.cpp">
      <Filter>Source Files</Filter>
    </ClCompile>
    <ClCompile Include="selectors.cpp">
      <Filter>Source Files</Filter>
    </ClCompile>
    <ClCompile Include="stack.cpp">
      <Filter>Source Files</Filter>
    </ClCompile>
    <ClCompile Include="storage.cpp">
      <Filter>Source Files</Filter>
    </ClCompile>
    <ClCompile Include="table.cpp">
      <Filter>Source Files</Filter>
    </ClCompile>
    <ClCompile Include="value.cpp">
      <Filter>Source Files</Filter>
    </ClCompile>
    <ClCompile Include="variable.cpp">
      <Filter>Source Files</Filter>
    </ClCompile>
    <ClCompile Include="vm.cpp">
      <Filter>Source Files</Filter>
    </ClCompile>
  </ItemGroup>
  <ItemGroup>
    <ClInclude Include="libnxsl.h">
      <Filter>Header Files</Filter>
    </ClInclude>
    <ClInclude Include="..\..\include\netxms-regex.h">
      <Filter>Header Files</Filter>
    </ClInclude>
    <ClInclude Include="..\..\include\netxms-version.h">
      <Filter>Header Files</Filter>
    </ClInclude>
    <ClInclude Include="..\..\include\nms_common.h">
      <Filter>Header Files</Filter>
    </ClInclude>
    <ClInclude Include="..\..\include\nms_threads.h">
      <Filter>Header Files</Filter>
    </ClInclude>
    <ClInclude Include="..\..\include\nms_util.h">
      <Filter>Header Files</Filter>
    </ClInclude>
    <ClInclude Include="..\..\include\nxsl.h">
      <Filter>Header Files</Filter>
    </ClInclude>
    <ClInclude Include="..\..\include\nxsl_classes.h">
      <Filter>Header Files</Filter>
    </ClInclude>
    <ClInclude Include="..\..\include\unicode.h">
      <Filter>Header Files</Filter>
    </ClInclude>
  </ItemGroup>
  <ItemGroup>
    <FLEX Include="parser.l">
      <Filter>Parser Files</Filter>
    </FLEX>
  </ItemGroup>
  <ItemGroup>
    <BISON Include="parser.y">
      <Filter>Parser Files</Filter>
    </BISON>
  </ItemGroup>
</Project>