<?xml version="1.0" encoding="utf-8"?>
<Project ToolsVersion="4.0" xmlns="http://schemas.microsoft.com/developer/msbuild/2003">
  <ItemGroup>
    <Filter Include="Source Files">
      <UniqueIdentifier>{4FC737F1-C7A5-4376-A066-2A32D752A2FF}</UniqueIdentifier>
      <Extensions>cpp;c;cc;cxx;def;odl;idl;hpj;bat;asm;asmx</Extensions>
    </Filter>
    <Filter Include="Header Files">
      <UniqueIdentifier>{93995380-89BD-4b04-88EB-625FBE52EBFB}</UniqueIdentifier>
      <Extensions>h;hpp;hxx;hm;inl;inc;xsd</Extensions>
    </Filter>
    <Filter Include="Resource Files">
      <UniqueIdentifier>{67DA6AB6-F800-4c08-8B7A-83BB121AAD01}</UniqueIdentifier>
      <Extensions>rc;ico;cur;bmp;dlg;rc2;rct;bin;rgs;gif;jpg;jpeg;jpe;resx;tiff;tif;png;wav</Extensions>
    </Filter>
  </ItemGroup>
  <ItemGroup>
    <ClCompile Include="ChildView.cpp">
      <Filter>Source Files</Filter>
    </ClCompile>
    <ClCompile Include="ConfigFilePage.cpp">
      <Filter>Source Files</Filter>
    </ClCompile>
    <ClCompile Include="ConfigWizard.cpp">
      <Filter>Source Files</Filter>
    </ClCompile>
    <ClCompile Include="DBSelectPage.cpp">
      <Filter>Source Files</Filter>
    </ClCompile>
    <ClCompile Include="ExecBatch.cpp">
      <Filter>Source Files</Filter>
    </ClCompile>
    <ClCompile Include="FinishPage.cpp">
      <Filter>Source Files</Filter>
    </ClCompile>
    <ClCompile Include="IntroPage.cpp">
      <Filter>Source Files</Filter>
    </ClCompile>
    <ClCompile Include="LoggingPage.cpp">
      <Filter>Source Files</Filter>
    </ClCompile>
    <ClCompile Include="MainFrm.cpp">
      <Filter>Source Files</Filter>
    </ClCompile>
    <ClCompile Include="nxconfig.cpp">
      <Filter>Source Files</Filter>
    </ClCompile>
    <ClCompile Include="ODBCPage.cpp">
      <Filter>Source Files</Filter>
    </ClCompile>
    <ClCompile Include="PollCfgPage.cpp">
      <Filter>Source Files</Filter>
    </ClCompile>
    <ClCompile Include="ProcessingPage.cpp">
      <Filter>Source Files</Filter>
    </ClCompile>
    <ClCompile Include="SMTPPage.cpp">
      <Filter>Source Files</Filter>
    </ClCompile>
    <ClCompile Include="SrvDepsPage.cpp">
      <Filter>Source Files</Filter>
    </ClCompile>
    <ClCompile Include="StdAfx.cpp">
      <Filter>Source Files</Filter>
    </ClCompile>
    <ClCompile Include="SummaryPage.cpp">
      <Filter>Source Files</Filter>
    </ClCompile>
    <ClCompile Include="tools.cpp">
      <Filter>Source Files</Filter>
    </ClCompile>
    <ClCompile Include="WinSrvPage.cpp">
      <Filter>Source Files</Filter>
    </ClCompile>
    <ClCompile Include="WizardWorker.cpp">
      <Filter>Source Files</Filter>
    </ClCompile>
  </ItemGroup>
  <ItemGroup>
    <ClInclude Include="ChildView.h">
      <Filter>Header Files</Filter>
    </ClInclude>
    <ClInclude Include="ConfigFilePage.h">
      <Filter>Header Files</Filter>
    </ClInclude>
    <ClInclude Include="ConfigWizard.h">
      <Filter>Header Files</Filter>
    </ClInclude>
    <ClInclude Include="DBSelectPage.h">
      <Filter>Header Files</Filter>
    </ClInclude>
    <ClInclude Include="FinishPage.h">
      <Filter>Header Files</Filter>
    </ClInclude>
    <ClInclude Include="IntroPage.h">
      <Filter>Header Files</Filter>
    </ClInclude>
    <ClInclude Include="LoggingPage.h">
      <Filter>Header Files</Filter>
    </ClInclude>
    <ClInclude Include="MainFrm.h">
      <Filter>Header Files</Filter>
    </ClInclude>
    <ClInclude Include="nxconfig.h">
      <Filter>Header Files</Filter>
    </ClInclude>
    <ClInclude Include="ODBCPage.h">
      <Filter>Header Files</Filter>
    </ClInclude>
    <ClInclude Include="PollCfgPage.h">
      <Filter>Header Files</Filter>
    </ClInclude>
    <ClInclude Include="ProcessingPage.h">
      <Filter>Header Files</Filter>
    </ClInclude>
    <ClInclude Include="resource.h">
      <Filter>Header Files</Filter>
    </ClInclude>
    <ClInclude Include="SMTPPage.h">
      <Filter>Header Files</Filter>
    </ClInclude>
    <ClInclude Include="SrvDepsPage.h">
      <Filter>Header Files</Filter>
    </ClInclude>
    <ClInclude Include="StdAfx.h">
      <Filter>Header Files</Filter>
    </ClInclude>
    <ClInclude Include="SummaryPage.h">
      <Filter>Header Files</Filter>
    </ClInclude>
    <ClInclude Include="tools.h">
      <Filter>Header Files</Filter>
    </ClInclude>
    <ClInclude Include="WinSrvPage.h">
      <Filter>Header Files</Filter>
    </ClInclude>
  </ItemGroup>
  <ItemGroup>
    <ResourceCompile Include="nxconfig.rc">
      <Filter>Resource Files</Filter>
    </ResourceCompile>
  </ItemGroup>
</Project>