<?xml version="1.0" encoding="utf-8"?>
<Project ToolsVersion="4.0" xmlns="http://schemas.microsoft.com/developer/msbuild/2003">
  <ItemGroup>
    <Filter Include="Source Files">
      <UniqueIdentifier>{4FC737F1-C7A5-4376-A066-2A32D752A2FF}</UniqueIdentifier>
      <Extensions>cpp;c;cc;cxx;def;odl;idl;hpj;bat;asm;asmx</Extensions>
    </Filter>
    <Filter Include="Header Files">
      <UniqueIdentifier>{93995380-89BD-4b04-88EB-625FBE52EBFB}</UniqueIdentifier>
      <Extensions>h;hpp;hxx;hm;inl;inc;xsd</Extensions>
    </Filter>
    <Filter Include="Resource Files">
      <UniqueIdentifier>{67DA6AB6-F800-4c08-8B7A-83BB121AAD01}</UniqueIdentifier>
      <Extensions>rc;ico;cur;bmp;dlg;rc2;rct;bin;rgs;gif;jpg;jpeg;jpe;resx;tiff;tif;png;wav</Extensions>
    </Filter>
  </ItemGroup>
  <ItemGroup>
    <ClCompile Include="accesspoint.cpp">
      <Filter>Source Files</Filter>
    </ClCompile>
    <ClCompile Include="acl.cpp">
      <Filter>Source Files</Filter>
    </ClCompile>
    <ClCompile Include="actions.cpp">
      <Filter>Source Files</Filter>
    </ClCompile>
    <ClCompile Include="addrlist.cpp">
      <Filter>Source Files</Filter>
    </ClCompile>
    <ClCompile Include="admin.cpp">
      <Filter>Source Files</Filter>
    </ClCompile>
    <ClCompile Include="agent.cpp">
      <Filter>Source Files</Filter>
    </ClCompile>
    <ClCompile Include="agent_policy.cpp">
      <Filter>Source Files</Filter>
    </ClCompile>
    <ClCompile Include="alarm.cpp">
      <Filter>Source Files</Filter>
    </ClCompile>
    <ClCompile Include="alarm_category.cpp">
      <Filter>Source Files</Filter>
    </ClCompile>
    <ClCompile Include="ap_config.cpp">
      <Filter>Source Files</Filter>
    </ClCompile>
    <ClCompile Include="ap_jobs.cpp">
      <Filter>Source Files</Filter>
    </ClCompile>
    <ClCompile Include="ap_logparser.cpp">
      <Filter>Source Files</Filter>
    </ClCompile>
    <ClCompile Include="audit.cpp">
      <Filter>Source Files</Filter>
    </ClCompile>
    <ClCompile Include="beacon.cpp">
      <Filter>Source Files</Filter>
    </ClCompile>
    <ClCompile Include="bizservice.cpp">
      <Filter>Source Files</Filter>
    </ClCompile>
    <ClCompile Include="bizsvcroot.cpp">
      <Filter>Source Files</Filter>
    </ClCompile>
    <ClCompile Include="bridge.cpp">
      <Filter>Source Files</Filter>
    </ClCompile>
    <ClCompile Include="cas_validator.cpp">
      <Filter>Source Files</Filter>
    </ClCompile>
    <ClCompile Include="ccy.cpp">
      <Filter>Source Files</Filter>
    </ClCompile>
    <ClCompile Include="cdp.cpp">
      <Filter>Source Files</Filter>
    </ClCompile>
    <ClCompile Include="cert.cpp">
      <Filter>Source Files</Filter>
    </ClCompile>
    <ClCompile Include="chassis.cpp">
      <Filter>Source Files</Filter>
    </ClCompile>
    <ClCompile Include="client.cpp">
      <Filter>Source Files</Filter>
    </ClCompile>
    <ClCompile Include="cluster.cpp">
      <Filter>Source Files</Filter>
    </ClCompile>
    <ClCompile Include="columnfilter.cpp">
      <Filter>Source Files</Filter>
    </ClCompile>
    <ClCompile Include="components.cpp">
      <Filter>Source Files</Filter>
    </ClCompile>
    <ClCompile Include="condition.cpp">
      <Filter>Source Files</Filter>
    </ClCompile>
    <ClCompile Include="config.cpp">
      <Filter>Source Files</Filter>
    </ClCompile>
    <ClCompile Include="console.cpp">
      <Filter>Source Files</Filter>
    </ClCompile>
    <ClCompile Include="container.cpp">
      <Filter>Source Files</Filter>
    </ClCompile>
    <ClCompile Include="correlate.cpp">
      <Filter>Source Files</Filter>
    </ClCompile>
    <ClCompile Include="dashboard.cpp">
      <Filter>Source Files</Filter>
    </ClCompile>
    <ClCompile Include="datacoll.cpp">
      <Filter>Source Files</Filter>
    </ClCompile>
    <ClCompile Include="dbwrite.cpp">
      <Filter>Source Files</Filter>
    </ClCompile>
    <ClCompile Include="dc_nxsl.cpp">
      <Filter>Source Files</Filter>
    </ClCompile>
    <ClCompile Include="dcitem.cpp">
      <Filter>Source Files</Filter>
    </ClCompile>
    <ClCompile Include="dcithreshold.cpp">
      <Filter>Source Files</Filter>
    </ClCompile>
    <ClCompile Include="dcivalue.cpp">
      <Filter>Source Files</Filter>
    </ClCompile>
    <ClCompile Include="dcobject.cpp">
      <Filter>Source Files</Filter>
    </ClCompile>
    <ClCompile Include="dcst.cpp">
      <Filter>Source Files</Filter>
    </ClCompile>
    <ClCompile Include="dctable.cpp">
      <Filter>Source Files</Filter>
    </ClCompile>
    <ClCompile Include="dctarget.cpp">
      <Filter>Source Files</Filter>
    </ClCompile>
    <ClCompile Include="dctcolumn.cpp">
      <Filter>Source Files</Filter>
    </ClCompile>
    <ClCompile Include="dctthreshold.cpp">
      <Filter>Source Files</Filter>
    </ClCompile>
    <ClCompile Include="debug.cpp">
      <Filter>Source Files</Filter>
    </ClCompile>
    <ClCompile Include="devdb.cpp">
      <Filter>Source Files</Filter>
    </ClCompile>
    <ClCompile Include="dfile_info.cpp">
      <Filter>Source Files</Filter>
    </ClCompile>
    <ClCompile Include="download_job.cpp">
      <Filter>Source Files</Filter>
    </ClCompile>
    <ClCompile Include="ef.cpp">
      <Filter>Source Files</Filter>
    </ClCompile>
    <ClCompile Include="email.cpp">
      <Filter>Source Files</Filter>
    </ClCompile>
    <ClCompile Include="entirenet.cpp">
      <Filter>Source Files</Filter>
    </ClCompile>
    <ClCompile Include="epp.cpp">
      <Filter>Source Files</Filter>
    </ClCompile>
    <ClCompile Include="events.cpp">
      <Filter>Source Files</Filter>
    </ClCompile>
    <ClCompile Include="evproc.cpp">
      <Filter>Source Files</Filter>
    </ClCompile>
    <ClCompile Include="fdb.cpp">
      <Filter>Source Files</Filter>
    </ClCompile>
    <ClCompile Include="filemonitoring.cpp">
      <Filter>Source Files</Filter>
    </ClCompile>
    <ClCompile Include="graph.cpp">
      <Filter>Source Files</Filter>
    </ClCompile>
    <ClCompile Include="hdlink.cpp">
      <Filter>Source Files</Filter>
    </ClCompile>
    <ClCompile Include="hk.cpp">
      <Filter>Source Files</Filter>
    </ClCompile>
    <ClCompile Include="id.cpp">
      <Filter>Source Files</Filter>
    </ClCompile>
    <ClCompile Include="import.cpp">
      <Filter>Source Files</Filter>
    </ClCompile>
    <ClCompile Include="inaddr_index.cpp">
      <Filter>Source Files</Filter>
    </ClCompile>
    <ClCompile Include="index.cpp">
      <Filter>Source Files</Filter>
    </ClCompile>
    <ClCompile Include="interface.cpp">
      <Filter>Source Files</Filter>
    </ClCompile>
    <ClCompile Include="isc.cpp">
      <Filter>Source Files</Filter>
    </ClCompile>
    <ClCompile Include="job.cpp">
      <Filter>Source Files</Filter>
    </ClCompile>
    <ClCompile Include="jobmgr.cpp">
      <Filter>Source Files</Filter>
    </ClCompile>
    <ClCompile Include="jobqueue.cpp">
      <Filter>Source Files</Filter>
    </ClCompile>
    <ClCompile Include="layer2.cpp">
      <Filter>Source Files</Filter>
    </ClCompile>
    <ClCompile Include="ldap.cpp">
      <Filter>Source Files</Filter>
    </ClCompile>
    <ClCompile Include="lldp.cpp">
      <Filter>Source Files</Filter>
    </ClCompile>
    <ClCompile Include="lln.cpp">
      <Filter>Source Files</Filter>
    </ClCompile>
    <ClCompile Include="locks.cpp">
      <Filter>Source Files</Filter>
    </ClCompile>
    <ClCompile Include="logfilter.cpp">
      <Filter>Source Files</Filter>
    </ClCompile>
    <ClCompile Include="loghandle.cpp">
      <Filter>Source Files</Filter>
    </ClCompile>
    <ClCompile Include="logs.cpp">
      <Filter>Source Files</Filter>
    </ClCompile>
    <ClCompile Include="macdb.cpp">
      <Filter>Source Files</Filter>
    </ClCompile>
    <ClCompile Include="main.cpp">
      <Filter>Source Files</Filter>
    </ClCompile>
    <ClCompile Include="maint.cpp">
      <Filter>Source Files</Filter>
    </ClCompile>
    <ClCompile Include="market.cpp">
      <Filter>Source Files</Filter>
    </ClCompile>
    <ClCompile Include="mdconn.cpp">
      <Filter>Source Files</Filter>
    </ClCompile>
    <ClCompile Include="mdsession.cpp">
      <Filter>Source Files</Filter>
    </ClCompile>
    <ClCompile Include="mobile.cpp">
      <Filter>Source Files</Filter>
    </ClCompile>
    <ClCompile Include="modules.cpp">
      <Filter>Source Files</Filter>
    </ClCompile>
    <ClCompile Include="mt.cpp">
      <Filter>Source Files</Filter>
    </ClCompile>
    <ClCompile Include="ndd.cpp">
      <Filter>Source Files</Filter>
    </ClCompile>
    <ClCompile Include="ndp.cpp">
      <Filter>Source Files</Filter>
    </ClCompile>
    <ClCompile Include="netinfo.cpp">
      <Filter>Source Files</Filter>
    </ClCompile>
    <ClCompile Include="netmap.cpp">
      <Filter>Source Files</Filter>
    </ClCompile>
    <ClCompile Include="netmap_element.cpp">
      <Filter>Source Files</Filter>
    </ClCompile>
    <ClCompile Include="netmap_link.cpp">
      <Filter>Source Files</Filter>
    </ClCompile>
    <ClCompile Include="netmap_objlist.cpp">
      <Filter>Source Files</Filter>
    </ClCompile>
    <ClCompile Include="netobj.cpp">
      <Filter>Source Files</Filter>
    </ClCompile>
    <ClCompile Include="netsrv.cpp">
      <Filter>Source Files</Filter>
    </ClCompile>
    <ClCompile Include="node.cpp">
      <Filter>Source Files</Filter>
    </ClCompile>
    <ClCompile Include="nodelink.cpp">
      <Filter>Source Files</Filter>
    </ClCompile>
    <ClCompile Include="np.cpp">
      <Filter>Source Files</Filter>
    </ClCompile>
    <ClCompile Include="npe.cpp">
      <Filter>Source Files</Filter>
    </ClCompile>
    <ClCompile Include="nxsl_classes.cpp">
      <Filter>Source Files</Filter>
    </ClCompile>
    <ClCompile Include="nxslext.cpp">
      <Filter>Source Files</Filter>
    </ClCompile>
    <ClCompile Include="objects.cpp">
      <Filter>Source Files</Filter>
    </ClCompile>
    <ClCompile Include="objtools.cpp">
      <Filter>Source Files</Filter>
    </ClCompile>
    <ClCompile Include="package.cpp">
      <Filter>Source Files</Filter>
    </ClCompile>
    <ClCompile Include="pds.cpp">
      <Filter>Source Files</Filter>
    </ClCompile>
    <ClCompile Include="poll.cpp">
      <Filter>Source Files</Filter>
    </ClCompile>
    <ClCompile Include="ps.cpp">
      <Filter>Source Files</Filter>
    </ClCompile>
    <ClCompile Include="rack.cpp">
      <Filter>Source Files</Filter>
    </ClCompile>
    <ClCompile Include="radius.cpp">
      <Filter>Source Files</Filter>
    </ClCompile>
    <ClCompile Include="reporting.cpp">
      <Filter>Source Files</Filter>
    </ClCompile>
    <ClCompile Include="rootobj.cpp">
      <Filter>Source Files</Filter>
    </ClCompile>
    <ClCompile Include="schedule.cpp">
      <Filter>Source Files</Filter>
    </ClCompile>
    <ClCompile Include="script.cpp">
      <Filter>Source Files</Filter>
    </ClCompile>
    <ClCompile Include="session.cpp">
      <Filter>Source Files</Filter>
    </ClCompile>
    <ClCompile Include="slmcheck.cpp">
      <Filter>Source Files</Filter>
    </ClCompile>
    <ClCompile Include="smclp.cpp">
      <Filter>Source Files</Filter>
    </ClCompile>
    <ClCompile Include="sms.cpp">
      <Filter>Source Files</Filter>
    </ClCompile>
    <ClCompile Include="snmp.cpp">
      <Filter>Source Files</Filter>
    </ClCompile>
    <ClCompile Include="snmptrap.cpp">
      <Filter>Source Files</Filter>
    </ClCompile>
    <ClCompile Include="stp.cpp">
      <Filter>Source Files</Filter>
    </ClCompile>
    <ClCompile Include="subnet.cpp">
      <Filter>Source Files</Filter>
    </ClCompile>
    <ClCompile Include="summary_email.cpp">
      <Filter>Source Files</Filter>
    </ClCompile>
    <ClCompile Include="svccontainer.cpp">
      <Filter>Source Files</Filter>
    </ClCompile>
    <ClCompile Include="swpkg.cpp">
      <Filter>Source Files</Filter>
    </ClCompile>
    <ClCompile Include="syncer.cpp">
      <Filter>Source Files</Filter>
    </ClCompile>
    <ClCompile Include="syslogd.cpp">
      <Filter>Source Files</Filter>
    </ClCompile>
    <ClCompile Include="template.cpp">
      <Filter>Source Files</Filter>
    </ClCompile>
    <ClCompile Include="tools.cpp">
      <Filter>Source Files</Filter>
    </ClCompile>
    <ClCompile Include="tracert.cpp">
      <Filter>Source Files</Filter>
    </ClCompile>
    <ClCompile Include="tunnel.cpp">
      <Filter>Source Files</Filter>
    </ClCompile>
    <ClCompile Include="uniroot.cpp">
      <Filter>Source Files</Filter>
    </ClCompile>
    <ClCompile Include="upload_job.cpp">
      <Filter>Source Files</Filter>
    </ClCompile>
    <ClCompile Include="uptimecalc.cpp">
      <Filter>Source Files</Filter>
    </ClCompile>
    <ClCompile Include="userdb.cpp">
      <Filter>Source Files</Filter>
    </ClCompile>
    <ClCompile Include="userdb_objects.cpp">
      <Filter>Source Files</Filter>
    </ClCompile>
    <ClCompile Include="vpnconn.cpp">
      <Filter>Source Files</Filter>
    </ClCompile>
    <ClCompile Include="vrrp.cpp">
      <Filter>Source Files</Filter>
    </ClCompile>
    <ClCompile Include="watchdog.cpp">
      <Filter>Source Files</Filter>
    </ClCompile>
    <ClCompile Include="winperf.cpp">
      <Filter>Source Files</Filter>
    </ClCompile>
    <ClCompile Include="xmpp.cpp">
      <Filter>Source Files</Filter>
    </ClCompile>
    <ClCompile Include="zeromq.cpp">
      <Filter>Source Files</Filter>
    </ClCompile>
    <ClCompile Include="zone.cpp">
      <Filter>Source Files</Filter>
    </ClCompile>
  </ItemGroup>
  <ItemGroup>
    <ClInclude Include="..\..\..\include\dbdrv.h">
      <Filter>Header Files</Filter>
    </ClInclude>
    <ClInclude Include="..\include\hdlink.h">
      <Filter>Header Files</Filter>
    </ClInclude>
    <ClInclude Include="..\..\..\include\ieee8021x.h">
      <Filter>Header Files</Filter>
    </ClInclude>
    <ClInclude Include="..\include\local_admin.h">
      <Filter>Header Files</Filter>
    </ClInclude>
    <ClInclude Include="..\include\nddrv.h">
      <Filter>Header Files</Filter>
    </ClInclude>
    <ClInclude Include="..\..\..\include\netxms-regex.h">
      <Filter>Header Files</Filter>
    </ClInclude>
    <ClInclude Include="..\..\..\include\netxms-version.h">
      <Filter>Header Files</Filter>
    </ClInclude>
    <ClInclude Include="..\..\..\include\netxms_isc.h">
      <Filter>Header Files</Filter>
    </ClInclude>
    <ClInclude Include="..\..\..\include\netxms_maps.h">
      <Filter>Header Files</Filter>
    </ClInclude>
    <ClInclude Include="..\include\netxms_mt.h">
      <Filter>Header Files</Filter>
    </ClInclude>
    <ClInclude Include="..\..\..\include\netxmsdb.h">
      <Filter>Header Files</Filter>
    </ClInclude>
    <ClInclude Include="..\include\nms_actions.h">
      <Filter>Header Files</Filter>
    </ClInclude>
    <ClInclude Include="..\include\nms_alarm.h">
      <Filter>Header Files</Filter>
    </ClInclude>
    <ClInclude Include="..\..\..\include\nms_common.h">
      <Filter>Header Files</Filter>
    </ClInclude>
    <ClInclude Include="..\include\nms_core.h">
      <Filter>Header Files</Filter>
    </ClInclude>
    <ClInclude Include="..\..\..\include\nms_cscp.h">
      <Filter>Header Files</Filter>
    </ClInclude>
    <ClInclude Include="..\include\nms_dcoll.h">
      <Filter>Header Files</Filter>
    </ClInclude>
    <ClInclude Include="..\include\nms_events.h">
      <Filter>Header Files</Filter>
    </ClInclude>
    <ClInclude Include="..\include\nms_locks.h">
      <Filter>Header Files</Filter>
    </ClInclude>
    <ClInclude Include="..\include\nms_objects.h">
      <Filter>Header Files</Filter>
    </ClInclude>
    <ClInclude Include="..\include\nms_pkg.h">
      <Filter>Header Files</Filter>
    </ClInclude>
    <ClInclude Include="..\include\nms_script.h">
      <Filter>Header Files</Filter>
    </ClInclude>
    <ClInclude Include="..\..\..\include\nms_threads.h">
      <Filter>Header Files</Filter>
    </ClInclude>
    <ClInclude Include="..\include\nms_topo.h">
      <Filter>Header Files</Filter>
    </ClInclude>
    <ClInclude Include="..\include\nms_users.h">
      <Filter>Header Files</Filter>
    </ClInclude>
    <ClInclude Include="..\..\..\include\nms_util.h">
      <Filter>Header Files</Filter>
    </ClInclude>
    <ClInclude Include="..\..\..\include\nxcldefs.h">
      <Filter>Header Files</Filter>
    </ClInclude>
    <ClInclude Include="nxcore.h">
      <Filter>Header Files</Filter>
    </ClInclude>
    <ClInclude Include="..\include\nxcore_jobs.h">
      <Filter>Header Files</Filter>
    </ClInclude>
    <ClInclude Include="..\include\nxcore_logs.h">
      <Filter>Header Files</Filter>
    </ClInclude>
    <ClInclude Include="..\include\nxcore_situations.h">
      <Filter>Header Files</Filter>
    </ClInclude>
    <ClInclude Include="..\include\nxcore_smclp.h">
      <Filter>Header Files</Filter>
    </ClInclude>
    <ClInclude Include="..\include\nxcore_winperf.h">
      <Filter>Header Files</Filter>
    </ClInclude>
    <ClInclude Include="..\..\..\include\nxcpapi.h">
      <Filter>Header Files</Filter>
    </ClInclude>
    <ClInclude Include="..\..\..\include\nxevent.h">
      <Filter>Header Files</Filter>
    </ClInclude>
    <ClInclude Include="..\..\..\include\nxlog.h">
      <Filter>Header Files</Filter>
    </ClInclude>
    <ClInclude Include="..\include\nxmodule.h">
      <Filter>Header Files</Filter>
    </ClInclude>
    <ClInclude Include="..\..\..\include\nxqueue.h">
      <Filter>Header Files</Filter>
    </ClInclude>
    <ClInclude Include="..\..\..\include\nxsnmp.h">
      <Filter>Header Files</Filter>
    </ClInclude>
    <ClInclude Include="..\include\nxsrvapi.h">
      <Filter>Header Files</Filter>
    </ClInclude>
    <ClInclude Include="..\include\pdsdrv.h">
      <Filter>Header Files</Filter>
    </ClInclude>
    <ClInclude Include="radius.h">
      <Filter>Header Files</Filter>
    </ClInclude>
    <ClInclude Include="..\..\..\include\rwlock.h">
      <Filter>Header Files</Filter>
    </ClInclude>
    <ClInclude Include="..\include\server_timers.h">
      <Filter>Header Files</Filter>
    </ClInclude>
    <ClInclude Include="..\..\..\include\unicode.h">
      <Filter>Header Files</Filter>
    </ClInclude>
  </ItemGroup>
</Project>